// !$*UTF8*$!
{
	archiveVersion = 1;
	classes = {
	};
	objectVersion = 71;
	objects = {

/* Begin PBXBuildFile section */
		601EEFAE2B9D3E0E0073BA37 /* HDiaryConstants in Frameworks */ = {isa = PBXBuildFile; productRef = 601EEFAD2B9D3E0E0073BA37 /* HDiaryConstants */; };
		601EEFB02B9D3E1B0073BA37 /* HDiaryConstants in Frameworks */ = {isa = PBXBuildFile; productRef = 601EEFAF2B9D3E1B0073BA37 /* HDiaryConstants */; };
		601EEFB22B9D645E0073BA37 /* HDiaryIAP in Frameworks */ = {isa = PBXBuildFile; productRef = 601EEFB12B9D645E0073BA37 /* HDiaryIAP */; };
		604403962A638A240001960E /* (null) in Resources */ = {isa = PBXBuildFile; };
		6050DD622B24331700CE3230 /* HMedia in Frameworks */ = {isa = PBXBuildFile; productRef = 6050DD612B24331700CE3230 /* HMedia */; };
		6072D3A52A6161DB0020B7AF /* WidgetKit.framework in Frameworks */ = {isa = PBXBuildFile; fileRef = 6072D3A42A6161DB0020B7AF /* WidgetKit.framework */; };
		6072D3A72A6161DB0020B7AF /* SwiftUI.framework in Frameworks */ = {isa = PBXBuildFile; fileRef = 6072D3A62A6161DB0020B7AF /* SwiftUI.framework */; };
		6072D3B62A6161DC0020B7AF /* HDiaryWidgetExtension.appex in Embed Foundation Extensions */ = {isa = PBXBuildFile; fileRef = 6072D3A32A6161DB0020B7AF /* HDiaryWidgetExtension.appex */; settings = {ATTRIBUTES = (RemoveHeadersOnCopy, ); }; };
		6091A73E2BB3A1BD00D6223E /* PrivacyInfo.xcprivacy in Resources */ = {isa = PBXBuildFile; fileRef = 6091A73D2BB3A1BA00D6223E /* PrivacyInfo.xcprivacy */; };
		6091A73F2BB3A1BF00D6223E /* PrivacyInfo.xcprivacy in Resources */ = {isa = PBXBuildFile; fileRef = 6091A73D2BB3A1BA00D6223E /* PrivacyInfo.xcprivacy */; };
		60ABAAFC2A596F7E004F5B8E /* HLocalization in Frameworks */ = {isa = PBXBuildFile; productRef = 60ABAAFB2A596F7E004F5B8E /* HLocalization */; };
		60ABAB042A597846004F5B8E /* HFoundation in Frameworks */ = {isa = PBXBuildFile; productRef = 60ABAB032A597846004F5B8E /* HFoundation */; };
		60ABAB062A597CFF004F5B8E /* HUIComponent in Frameworks */ = {isa = PBXBuildFile; productRef = 60ABAB052A597CFF004F5B8E /* HUIComponent */; };
		60E099282D93D3C800493EF6 /* SFSafeSymbols in Frameworks */ = {isa = PBXBuildFile; productRef = 60E099272D93D3C800493EF6 /* SFSafeSymbols */; };
		60E380242A62666E00F32E2C /* HDiaryModel in Frameworks */ = {isa = PBXBuildFile; productRef = 60E380232A62666E00F32E2C /* HDiaryModel */; };
		60F100002E00000100000001 /* HDiarySearch in Frameworks */ = {isa = PBXBuildFile; productRef = 60F100012E00000100000001 /* HDiarySearch */; };
		60F100102E00000100000001 /* HDiaryAppFeature in Frameworks */ = {isa = PBXBuildFile; productRef = 60F100112E00000100000001 /* HDiaryAppFeature */; };
		60F100122E00000100000001 /* HDiaryWidgetFeature in Frameworks */ = {isa = PBXBuildFile; productRef = 60F100132E00000100000001 /* HDiaryWidgetFeature */; };
		60F100142E00000100000001 /* HDiaryWidgetIntents in Frameworks */ = {isa = PBXBuildFile; productRef = 60F100152E00000100000001 /* HDiaryWidgetIntents */; };
		60F100182E00000100000001 /* HDiaryWidgetIntents in Frameworks */ = {isa = PBXBuildFile; productRef = 60F100192E00000100000001 /* HDiaryWidgetIntents */; };
		A22C00000000000000000004 /* SnapshotTesting in Frameworks */ = {isa = PBXBuildFile; productRef = A22C00000000000000000029 /* SnapshotTesting */; };
		A22C00000000000000000005 /* HDiaryAppFeature in Frameworks */ = {isa = PBXBuildFile; productRef = A22C0000000000000000002A /* HDiaryAppFeature */; };
		A22C00000000000000000006 /* HDiaryModel in Frameworks */ = {isa = PBXBuildFile; productRef = A22C0000000000000000002B /* HDiaryModel */; };
/* End PBXBuildFile section */

/* Begin PBXContainerItemProxy section */
		6072D3B42A6161DC0020B7AF /* PBXContainerItemProxy */ = {
			isa = PBXContainerItemProxy;
			containerPortal = 60A4E1F42A3DDCE1000E68A0 /* Project object */;
			proxyType = 1;
			remoteGlobalIDString = 6072D3A22A6161DB0020B7AF;
			remoteInfo = HDiaryWidgetExtension;
		};
		60A4E21B2A3DDCE3000E68A0 /* PBXContainerItemProxy */ = {
			isa = PBXContainerItemProxy;
			containerPortal = 60A4E1F42A3DDCE1000E68A0 /* Project object */;
			proxyType = 1;
			remoteGlobalIDString = 60A4E1FB2A3DDCE1000E68A0;
			remoteInfo = HDiary;
		};
		A22C0000000000000000006E /* PBXContainerItemProxy */ = {
			isa = PBXContainerItemProxy;
			containerPortal = 60A4E1F42A3DDCE1000E68A0 /* Project object */;
			proxyType = 1;
			remoteGlobalIDString = A22C00000000000000000064;
			remoteInfo = HDiarySnapshotHost;
		};
/* End PBXContainerItemProxy section */

/* Begin PBXCopyFilesBuildPhase section */
		6072D3B72A6161DC0020B7AF /* Embed Foundation Extensions */ = {
			isa = PBXCopyFilesBuildPhase;
			buildActionMask = 2147483647;
			dstPath = "";
			dstSubfolderSpec = 13;
			files = (
				6072D3B62A6161DC0020B7AF /* HDiaryWidgetExtension.appex in Embed Foundation Extensions */,
			);
			name = "Embed Foundation Extensions";
			runOnlyForDeploymentPostprocessing = 0;
		};
/* End PBXCopyFilesBuildPhase section */

/* Begin PBXFileReference section */
		601133662A45759300837D72 /* HFoundation.framework */ = {isa = PBXFileReference; explicitFileType = wrapper.framework; path = HFoundation.framework; sourceTree = BUILT_PRODUCTS_DIR; };
		602093C32FFD241500675F04 /* HDiaryWidgetExtensionDebug.entitlements */ = {isa = PBXFileReference; lastKnownFileType = text.plist.entitlements; path = HDiaryWidgetExtensionDebug.entitlements; sourceTree = "<group>"; };
		604877CF2A6264C400EC2058 /* HDiaryLibrary */ = {isa = PBXFileReference; lastKnownFileType = wrapper; path = HDiaryLibrary; sourceTree = "<group>"; };
		6072D3A32A6161DB0020B7AF /* HDiaryWidgetExtension.appex */ = {isa = PBXFileReference; explicitFileType = "wrapper.app-extension"; includeInIndex = 0; path = HDiaryWidgetExtension.appex; sourceTree = BUILT_PRODUCTS_DIR; };
		6072D3A42A6161DB0020B7AF /* WidgetKit.framework */ = {isa = PBXFileReference; lastKnownFileType = wrapper.framework; name = WidgetKit.framework; path = System/Library/Frameworks/WidgetKit.framework; sourceTree = SDKROOT; };
		6072D3A62A6161DB0020B7AF /* SwiftUI.framework */ = {isa = PBXFileReference; lastKnownFileType = wrapper.framework; name = SwiftUI.framework; path = System/Library/Frameworks/SwiftUI.framework; sourceTree = SDKROOT; };
		6072D3BB2A6161E90020B7AF /* HDiaryWidgetExtension.entitlements */ = {isa = PBXFileReference; lastKnownFileType = text.plist.entitlements; path = HDiaryWidgetExtension.entitlements; sourceTree = "<group>"; };
		6091A73D2BB3A1BA00D6223E /* PrivacyInfo.xcprivacy */ = {isa = PBXFileReference; lastKnownFileType = text.xml; path = PrivacyInfo.xcprivacy; sourceTree = "<group>"; };
		60A4E1FC2A3DDCE1000E68A0 /* HDiary.app */ = {isa = PBXFileReference; explicitFileType = wrapper.application; includeInIndex = 0; path = HDiary.app; sourceTree = BUILT_PRODUCTS_DIR; };
		60A4E21A2A3DDCE3000E68A0 /* HDiaryUITests.xctest */ = {isa = PBXFileReference; explicitFileType = wrapper.cfbundle; includeInIndex = 0; path = HDiaryUITests.xctest; sourceTree = BUILT_PRODUCTS_DIR; };
		60A4E27B2A3DF197000E68A0 /* HUIComponent.framework */ = {isa = PBXFileReference; explicitFileType = wrapper.framework; path = HUIComponent.framework; sourceTree = BUILT_PRODUCTS_DIR; };
		60A4E27F2A3DF19E000E68A0 /* HLocalization.framework */ = {isa = PBXFileReference; explicitFileType = wrapper.framework; path = HLocalization.framework; sourceTree = BUILT_PRODUCTS_DIR; };
		A22C0000000000000000000E /* HDiarySnapshotTests.xctest */ = {isa = PBXFileReference; explicitFileType = wrapper.cfbundle; path = HDiarySnapshotTests.xctest; sourceTree = BUILT_PRODUCTS_DIR; };
		A22C00000000000000000066 /* HDiarySnapshotHost.app */ = {isa = PBXFileReference; explicitFileType = wrapper.application; path = HDiarySnapshotHost.app; sourceTree = BUILT_PRODUCTS_DIR; };
/* End PBXFileReference section */

/* Begin PBXFileSystemSynchronizedBuildFileExceptionSet section */
		60F3DD222CDDF1AF00C05BFB /* PBXFileSystemSynchronizedBuildFileExceptionSet */ = {
			isa = PBXFileSystemSynchronizedBuildFileExceptionSet;
			membershipExceptions = (
				"Configs/app-debug.xcconfig",
				"Configs/app-release.xcconfig",
				Configs/app.xcconfig,
				Configs/base.xcconfig,
				Configs/debug.xcconfig,
				Configs/release.xcconfig,
				"Configs/ui-tests-debug.xcconfig",
				"Configs/ui-tests-release.xcconfig",
				"Configs/ui-tests.xcconfig",
				"Configs/unit-tests-debug.xcconfig",
				"Configs/unit-tests-release.xcconfig",
				"Configs/unit-tests.xcconfig",
				"Configs/widget-debug.xcconfig",
				"Configs/widget-release.xcconfig",
				Configs/widget.xcconfig,
				Info.plist,
			);
			target = 60A4E1FB2A3DDCE1000E68A0 /* HDiary */;
		};
		60F3DD242CDDF1AF00C05BFB /* PBXFileSystemSynchronizedBuildFileExceptionSet */ = {
			isa = PBXFileSystemSynchronizedBuildFileExceptionSet;
			membershipExceptions = (
				Assets.xcassets,
				Intents.xcstrings,
			);
			target = 6072D3A22A6161DB0020B7AF /* HDiaryWidgetExtension */;
		};
		60F3DD412CDDF1CC00C05BFB /* PBXFileSystemSynchronizedBuildFileExceptionSet */ = {
			isa = PBXFileSystemSynchronizedBuildFileExceptionSet;
			membershipExceptions = (
				Info.plist,
			);
			target = 6072D3A22A6161DB0020B7AF /* HDiaryWidgetExtension */;
		};
		A22C00000000000000000078 /* PBXFileSystemSynchronizedBuildFileExceptionSet */ = {
			isa = PBXFileSystemSynchronizedBuildFileExceptionSet;
			membershipExceptions = (
				HDiarySnapshots.xctestplan,
				__Snapshots__,
				README.md,
			);
			target = A22C00000000000000000014 /* HDiarySnapshotTests */;
		};
		A22C00000000000000000079 /* PBXFileSystemSynchronizedBuildFileExceptionSet */ = {
			isa = PBXFileSystemSynchronizedBuildFileExceptionSet;
			membershipExceptions = (
				Localizable.xcstrings,
			);
			target = A22C00000000000000000014 /* HDiarySnapshotTests */;
		};
		A22C0000000000000000007A /* PBXFileSystemSynchronizedBuildFileExceptionSet */ = {
			isa = PBXFileSystemSynchronizedBuildFileExceptionSet;
			membershipExceptions = (
				Assets.xcassets,
				Localizable.xcstrings,
			);
			target = A22C00000000000000000064 /* HDiarySnapshotHost */;
		};
/* End PBXFileSystemSynchronizedBuildFileExceptionSet section */

/* Begin PBXFileSystemSynchronizedRootGroup section */
		60F3DCB92CDDF1AF00C05BFB /* HDiary */ = {isa = PBXFileSystemSynchronizedRootGroup; exceptions = (A22C0000000000000000007A /* PBXFileSystemSynchronizedBuildFileExceptionSet */, A22C00000000000000000079 /* PBXFileSystemSynchronizedBuildFileExceptionSet */, 60F3DD222CDDF1AF00C05BFB /* PBXFileSystemSynchronizedBuildFileExceptionSet */, 60F3DD242CDDF1AF00C05BFB /* PBXFileSystemSynchronizedBuildFileExceptionSet */, ); explicitFileTypes = {}; explicitFolders = (); path = HDiary; sourceTree = "<group>"; };
		60F3DD2A2CDDF1C800C05BFB /* HDiaryLibrary/UITests/HDiaryUITests */ = {isa = PBXFileSystemSynchronizedRootGroup; explicitFileTypes = {}; explicitFolders = (); path = HDiaryLibrary/UITests/HDiaryUITests; sourceTree = "<group>"; };
		60F3DD372CDDF1CC00C05BFB /* HDiaryWidget */ = {isa = PBXFileSystemSynchronizedRootGroup; exceptions = (60F3DD412CDDF1CC00C05BFB /* PBXFileSystemSynchronizedBuildFileExceptionSet */, ); explicitFileTypes = {}; explicitFolders = (); path = HDiaryWidget; sourceTree = "<group>"; };
		A22C00000000000000000075 /* HDiarySnapshotTests */ = {isa = PBXFileSystemSynchronizedRootGroup; exceptions = (A22C00000000000000000078 /* PBXFileSystemSynchronizedBuildFileExceptionSet */, ); explicitFileTypes = {}; explicitFolders = (__Snapshots__, ); path = HDiarySnapshotTests; sourceTree = "<group>"; };
		A22C00000000000000000076 /* HDiarySnapshotHost */ = {isa = PBXFileSystemSynchronizedRootGroup; explicitFileTypes = {}; explicitFolders = (); path = HDiarySnapshotHost; sourceTree = "<group>"; };
/* End PBXFileSystemSynchronizedRootGroup section */

/* Begin PBXFrameworksBuildPhase section */
		6072D3A02A6161DB0020B7AF /* Frameworks */ = {
			isa = PBXFrameworksBuildPhase;
			buildActionMask = 2147483647;
			files = (
				60F100122E00000100000001 /* HDiaryWidgetFeature in Frameworks */,
				60F100182E00000100000001 /* HDiaryWidgetIntents in Frameworks */,
				601EEFB02B9D3E1B0073BA37 /* HDiaryConstants in Frameworks */,
				6072D3A72A6161DB0020B7AF /* SwiftUI.framework in Frameworks */,
				6072D3A52A6161DB0020B7AF /* WidgetKit.framework in Frameworks */,
			);
			runOnlyForDeploymentPostprocessing = 0;
		};
		60A4E1F92A3DDCE1000E68A0 /* Frameworks */ = {
			isa = PBXFrameworksBuildPhase;
			buildActionMask = 2147483647;
			files = (
				60F100102E00000100000001 /* HDiaryAppFeature in Frameworks */,
				60F100142E00000100000001 /* HDiaryWidgetIntents in Frameworks */,
				601EEFB22B9D645E0073BA37 /* HDiaryIAP in Frameworks */,
				60F100002E00000100000001 /* HDiarySearch in Frameworks */,
				6050DD622B24331700CE3230 /* HMedia in Frameworks */,
				601EEFAE2B9D3E0E0073BA37 /* HDiaryConstants in Frameworks */,
				60ABAAFC2A596F7E004F5B8E /* HLocalization in Frameworks */,
				60E380242A62666E00F32E2C /* HDiaryModel in Frameworks */,
				60ABAB042A597846004F5B8E /* HFoundation in Frameworks */,
				60E099282D93D3C800493EF6 /* SFSafeSymbols in Frameworks */,
				60ABAB062A597CFF004F5B8E /* HUIComponent in Frameworks */,
			);
			runOnlyForDeploymentPostprocessing = 0;
		};
		60A4E2172A3DDCE3000E68A0 /* Frameworks */ = {
			isa = PBXFrameworksBuildPhase;
			buildActionMask = 2147483647;
			files = (
			);
			runOnlyForDeploymentPostprocessing = 0;
		};
		A22C00000000000000000017 /* Frameworks */ = {
			isa = PBXFrameworksBuildPhase;
			buildActionMask = 2147483647;
			files = (
				A22C00000000000000000004 /* SnapshotTesting in Frameworks */,
				A22C00000000000000000005 /* HDiaryAppFeature in Frameworks */,
				A22C00000000000000000006 /* HDiaryModel in Frameworks */,
			);
			runOnlyForDeploymentPostprocessing = 0;
		};
		A22C0000000000000000006A /* Frameworks */ = {
			isa = PBXFrameworksBuildPhase;
			buildActionMask = 2147483647;
			files = (
			);
			runOnlyForDeploymentPostprocessing = 0;
		};
/* End PBXFrameworksBuildPhase section */

/* Begin PBXGroup section */
		60A4E1F32A3DDCE1000E68A0 = {
			isa = PBXGroup;
			children = (
				A22C00000000000000000075 /* HDiarySnapshotTests */,
				A22C00000000000000000076 /* HDiarySnapshotHost */,
				602093C32FFD241500675F04 /* HDiaryWidgetExtensionDebug.entitlements */,
				6091A73D2BB3A1BA00D6223E /* PrivacyInfo.xcprivacy */,
				604877CF2A6264C400EC2058 /* HDiaryLibrary */,
				6072D3BB2A6161E90020B7AF /* HDiaryWidgetExtension.entitlements */,
				60F3DCB92CDDF1AF00C05BFB /* HDiary */,
				60F3DD2A2CDDF1C800C05BFB /* HDiaryLibrary/UITests/HDiaryUITests */,
				60F3DD372CDDF1CC00C05BFB /* HDiaryWidget */,
				60A4E1FD2A3DDCE1000E68A0 /* Products */,
				60A4E27A2A3DF197000E68A0 /* Frameworks */,
				60DD39E52CA930D3008C28AD /* Recovered References */,
			);
			sourceTree = "<group>";
		};
		60A4E1FD2A3DDCE1000E68A0 /* Products */ = {
			isa = PBXGroup;
			children = (
				A22C00000000000000000066 /* HDiarySnapshotHost.app */,
				A22C0000000000000000000E /* HDiarySnapshotTests.xctest */,
				60A4E1FC2A3DDCE1000E68A0 /* HDiary.app */,
				60A4E21A2A3DDCE3000E68A0 /* HDiaryUITests.xctest */,
				6072D3A32A6161DB0020B7AF /* HDiaryWidgetExtension.appex */,
			);
			name = Products;
			sourceTree = "<group>";
		};
		60A4E27A2A3DF197000E68A0 /* Frameworks */ = {
			isa = PBXGroup;
			children = (
				601133662A45759300837D72 /* HFoundation.framework */,
				60A4E27F2A3DF19E000E68A0 /* HLocalization.framework */,
				60A4E27B2A3DF197000E68A0 /* HUIComponent.framework */,
				6072D3A42A6161DB0020B7AF /* WidgetKit.framework */,
				6072D3A62A6161DB0020B7AF /* SwiftUI.framework */,
			);
			name = Frameworks;
			sourceTree = "<group>";
		};
		60DD39E52CA930D3008C28AD /* Recovered References */ = {
			isa = PBXGroup;
			children = (
			);
			name = "Recovered References";
			sourceTree = "<group>";
		};
/* End PBXGroup section */

/* Begin PBXNativeTarget section */
		6072D3A22A6161DB0020B7AF /* HDiaryWidgetExtension */ = {
			isa = PBXNativeTarget;
			buildConfigurationList = 6072D3BA2A6161DC0020B7AF /* Build configuration list for PBXNativeTarget "HDiaryWidgetExtension" */;
			buildPhases = (
				6072D39F2A6161DB0020B7AF /* Sources */,
				6072D3A02A6161DB0020B7AF /* Frameworks */,
				6072D3A12A6161DB0020B7AF /* Resources */,
			);
			buildRules = (
			);
			dependencies = (
			);
			fileSystemSynchronizedGroups = (
				60F3DD372CDDF1CC00C05BFB /* HDiaryWidget */,
			);
			name = HDiaryWidgetExtension;
			packageProductDependencies = (
				601EEFAF2B9D3E1B0073BA37 /* HDiaryConstants */,
				60F100132E00000100000001 /* HDiaryWidgetFeature */,
				60F100192E00000100000001 /* HDiaryWidgetIntents */,
			);
			productName = HDiaryWidgetExtension;
			productReference = 6072D3A32A6161DB0020B7AF /* HDiaryWidgetExtension.appex */;
			productType = "com.apple.product-type.app-extension";
		};
		60A4E1FB2A3DDCE1000E68A0 /* HDiary */ = {
			isa = PBXNativeTarget;
			buildConfigurationList = 60A4E2242A3DDCE3000E68A0 /* Build configuration list for PBXNativeTarget "HDiary" */;
			buildPhases = (
				60A4E1F82A3DDCE1000E68A0 /* Sources */,
				60A4E1F92A3DDCE1000E68A0 /* Frameworks */,
				60A4E1FA2A3DDCE1000E68A0 /* Resources */,
				6072D3B72A6161DC0020B7AF /* Embed Foundation Extensions */,
			);
			buildRules = (
			);
			dependencies = (
				6072D3B52A6161DC0020B7AF /* PBXTargetDependency */,
			);
			fileSystemSynchronizedGroups = (
				60F3DCB92CDDF1AF00C05BFB /* HDiary */,
			);
			name = HDiary;
			packageProductDependencies = (
				60ABAAFB2A596F7E004F5B8E /* HLocalization */,
				60ABAB032A597846004F5B8E /* HFoundation */,
				60ABAB052A597CFF004F5B8E /* HUIComponent */,
				60E380232A62666E00F32E2C /* HDiaryModel */,
				60F100012E00000100000001 /* HDiarySearch */,
				6050DD612B24331700CE3230 /* HMedia */,
				601EEFAD2B9D3E0E0073BA37 /* HDiaryConstants */,
				601EEFB12B9D645E0073BA37 /* HDiaryIAP */,
				60F100112E00000100000001 /* HDiaryAppFeature */,
				60F100152E00000100000001 /* HDiaryWidgetIntents */,
				60E099272D93D3C800493EF6 /* SFSafeSymbols */,
			);
			productName = HDiary;
			productReference = 60A4E1FC2A3DDCE1000E68A0 /* HDiary.app */;
			productType = "com.apple.product-type.application";
		};
		60A4E2192A3DDCE3000E68A0 /* HDiaryUITests */ = {
			isa = PBXNativeTarget;
			buildConfigurationList = 60A4E22A2A3DDCE3000E68A0 /* Build configuration list for PBXNativeTarget "HDiaryUITests" */;
			buildPhases = (
				60A4E2162A3DDCE3000E68A0 /* Sources */,
				60A4E2172A3DDCE3000E68A0 /* Frameworks */,
				60A4E2182A3DDCE3000E68A0 /* Resources */,
			);
			buildRules = (
			);
			dependencies = (
				60A4E21C2A3DDCE3000E68A0 /* PBXTargetDependency */,
			);
			fileSystemSynchronizedGroups = (
				60F3DD2A2CDDF1C800C05BFB /* HDiaryLibrary/UITests/HDiaryUITests */,
			);
			name = HDiaryUITests;
			productName = HDiaryUITests;
			productReference = 60A4E21A2A3DDCE3000E68A0 /* HDiaryUITests.xctest */;
			productType = "com.apple.product-type.bundle.ui-testing";
		};
		A22C00000000000000000014 /* HDiarySnapshotTests */ = {
			isa = PBXNativeTarget;
			buildConfigurationList = A22C00000000000000000021 /* Build configuration list for PBXNativeTarget "HDiarySnapshotTests" */;
			buildPhases = (
				A22C00000000000000000015 /* Sources */,
				A22C00000000000000000017 /* Frameworks */,
				A22C00000000000000000016 /* Resources */,
			);
			buildRules = (
			);
			dependencies = (
				A22C0000000000000000006F /* PBXTargetDependency */,
			);
			fileSystemSynchronizedGroups = (
				A22C00000000000000000075 /* HDiarySnapshotTests */,
			);
			name = HDiarySnapshotTests;
			packageProductDependencies = (
				A22C00000000000000000029 /* SnapshotTesting */,
				A22C0000000000000000002A /* HDiaryAppFeature */,
				A22C0000000000000000002B /* HDiaryModel */,
			);
			productName = HDiarySnapshotTests;
			productReference = A22C0000000000000000000E /* HDiarySnapshotTests.xctest */;
			productType = "com.apple.product-type.bundle.unit-test";
		};
		A22C00000000000000000064 /* HDiarySnapshotHost */ = {
			isa = PBXNativeTarget;
			buildConfigurationList = A22C0000000000000000006D /* Build configuration list for PBXNativeTarget "HDiarySnapshotHost" */;
			buildPhases = (
				A22C00000000000000000068 /* Sources */,
				A22C0000000000000000006A /* Frameworks */,
				A22C00000000000000000069 /* Resources */,
			);
			buildRules = (
			);
			dependencies = (
			);
			fileSystemSynchronizedGroups = (
				A22C00000000000000000076 /* HDiarySnapshotHost */,
			);
			name = HDiarySnapshotHost;
			productName = HDiarySnapshotHost;
			productReference = A22C00000000000000000066 /* HDiarySnapshotHost.app */;
			productType = "com.apple.product-type.application";
		};
/* End PBXNativeTarget section */

/* Begin PBXProject section */
		60A4E1F42A3DDCE1000E68A0 /* Project object */ = {
			isa = PBXProject;
			attributes = {
				BuildIndependentTargetsInParallel = 1;
				LastSwiftUpdateCheck = 1500;
				LastUpgradeCheck = 1610;
				TargetAttributes = {
					6072D3A22A6161DB0020B7AF = {
						CreatedOnToolsVersion = 15.0;
					};
					60A4E1FB2A3DDCE1000E68A0 = {
						CreatedOnToolsVersion = 15.0;
					};
					60A4E2192A3DDCE3000E68A0 = {
						CreatedOnToolsVersion = 15.0;
						TestTargetID = 60A4E1FB2A3DDCE1000E68A0;
					};
				};
			};
			buildConfigurationList = 60A4E1F72A3DDCE1000E68A0 /* Build configuration list for PBXProject "HDiary" */;
			compatibilityVersion = "Xcode 14.0";
			developmentRegion = en;
			hasScannedForEncodings = 0;
			knownRegions = (
				en,
				Base,
				"zh-Hans",
			);
			mainGroup = 60A4E1F32A3DDCE1000E68A0;
			packageReferences = (
				A22C00000000000000000028 /* XCRemoteSwiftPackageReference "swift-snapshot-testing" */,
				60E099262D93D3B800493EF6 /* XCRemoteSwiftPackageReference "SFSafeSymbols" */,
			);
			productRefGroup = 60A4E1FD2A3DDCE1000E68A0 /* Products */;
			projectDirPath = "";
			projectRoot = "";
			targets = (
				A22C00000000000000000064 /* HDiarySnapshotHost */,
				A22C00000000000000000014 /* HDiarySnapshotTests */,
				60A4E1FB2A3DDCE1000E68A0 /* HDiary */,
				60A4E2192A3DDCE3000E68A0 /* HDiaryUITests */,
				6072D3A22A6161DB0020B7AF /* HDiaryWidgetExtension */,
			);
		};
/* End PBXProject section */

/* Begin PBXResourcesBuildPhase section */
		6072D3A12A6161DB0020B7AF /* Resources */ = {
			isa = PBXResourcesBuildPhase;
			buildActionMask = 2147483647;
			files = (
				604403962A638A240001960E /* (null) in Resources */,
				6091A73F2BB3A1BF00D6223E /* PrivacyInfo.xcprivacy in Resources */,
			);
			runOnlyForDeploymentPostprocessing = 0;
		};
		60A4E1FA2A3DDCE1000E68A0 /* Resources */ = {
			isa = PBXResourcesBuildPhase;
			buildActionMask = 2147483647;
			files = (
				6091A73E2BB3A1BD00D6223E /* PrivacyInfo.xcprivacy in Resources */,
			);
			runOnlyForDeploymentPostprocessing = 0;
		};
		60A4E2182A3DDCE3000E68A0 /* Resources */ = {
			isa = PBXResourcesBuildPhase;
			buildActionMask = 2147483647;
			files = (
			);
			runOnlyForDeploymentPostprocessing = 0;
		};
		A22C00000000000000000016 /* Resources */ = {
			isa = PBXResourcesBuildPhase;
			buildActionMask = 2147483647;
			files = (
			);
			runOnlyForDeploymentPostprocessing = 0;
		};
		A22C00000000000000000069 /* Resources */ = {
			isa = PBXResourcesBuildPhase;
			buildActionMask = 2147483647;
			files = (
			);
			runOnlyForDeploymentPostprocessing = 0;
		};
/* End PBXResourcesBuildPhase section */

/* Begin PBXSourcesBuildPhase section */
		6072D39F2A6161DB0020B7AF /* Sources */ = {
			isa = PBXSourcesBuildPhase;
			buildActionMask = 2147483647;
			files = (
			);
			runOnlyForDeploymentPostprocessing = 0;
		};
		60A4E1F82A3DDCE1000E68A0 /* Sources */ = {
			isa = PBXSourcesBuildPhase;
			buildActionMask = 2147483647;
			files = (
			);
			runOnlyForDeploymentPostprocessing = 0;
		};
		60A4E2162A3DDCE3000E68A0 /* Sources */ = {
			isa = PBXSourcesBuildPhase;
			buildActionMask = 2147483647;
			files = (
			);
			runOnlyForDeploymentPostprocessing = 0;
		};
		A22C00000000000000000015 /* Sources */ = {
			isa = PBXSourcesBuildPhase;
			buildActionMask = 2147483647;
			files = (
			);
			runOnlyForDeploymentPostprocessing = 0;
		};
		A22C00000000000000000068 /* Sources */ = {
			isa = PBXSourcesBuildPhase;
			buildActionMask = 2147483647;
			files = (
			);
			runOnlyForDeploymentPostprocessing = 0;
		};
/* End PBXSourcesBuildPhase section */

/* Begin PBXTargetDependency section */
		6072D3B52A6161DC0020B7AF /* PBXTargetDependency */ = {
			isa = PBXTargetDependency;
			target = 6072D3A22A6161DB0020B7AF /* HDiaryWidgetExtension */;
			targetProxy = 6072D3B42A6161DC0020B7AF /* PBXContainerItemProxy */;
		};
		60A4E21C2A3DDCE3000E68A0 /* PBXTargetDependency */ = {
			isa = PBXTargetDependency;
			target = 60A4E1FB2A3DDCE1000E68A0 /* HDiary */;
			targetProxy = 60A4E21B2A3DDCE3000E68A0 /* PBXContainerItemProxy */;
		};
		A22C0000000000000000006F /* PBXTargetDependency */ = {
			isa = PBXTargetDependency;
			target = A22C00000000000000000064 /* HDiarySnapshotHost */;
			targetProxy = A22C0000000000000000006E /* PBXContainerItemProxy */;
		};
/* End PBXTargetDependency section */

/* Begin XCBuildConfiguration section */
		6072D3B82A6161DC0020B7AF /* Debug */ = {
			isa = XCBuildConfiguration;
			baseConfigurationReferenceAnchor = 60F3DCB92CDDF1AF00C05BFB /* HDiary */;
			baseConfigurationReferenceRelativePath = "Configs/widget-debug.xcconfig";
			buildSettings = {
				CODE_SIGN_ENTITLEMENTS = HDiaryWidgetExtensionDebug.entitlements;
			};
			name = Debug;
		};
		6072D3B92A6161DC0020B7AF /* Release */ = {
			isa = XCBuildConfiguration;
			baseConfigurationReferenceAnchor = 60F3DCB92CDDF1AF00C05BFB /* HDiary */;
			baseConfigurationReferenceRelativePath = "Configs/widget-release.xcconfig";
			buildSettings = {
			};
			name = Release;
		};
		60A4E2222A3DDCE3000E68A0 /* Debug */ = {
			isa = XCBuildConfiguration;
			baseConfigurationReferenceAnchor = 60F3DCB92CDDF1AF00C05BFB /* HDiary */;
			baseConfigurationReferenceRelativePath = Configs/debug.xcconfig;
			buildSettings = {
			};
			name = Debug;
		};
		60A4E2232A3DDCE3000E68A0 /* Release */ = {
			isa = XCBuildConfiguration;
			baseConfigurationReferenceAnchor = 60F3DCB92CDDF1AF00C05BFB /* HDiary */;
			baseConfigurationReferenceRelativePath = Configs/release.xcconfig;
			buildSettings = {
			};
			name = Release;
		};
		60A4E2252A3DDCE3000E68A0 /* Debug */ = {
			isa = XCBuildConfiguration;
			baseConfigurationReferenceAnchor = 60F3DCB92CDDF1AF00C05BFB /* HDiary */;
			baseConfigurationReferenceRelativePath = "Configs/app-debug.xcconfig";
			buildSettings = {
				INFOPLIST_KEY_ITSAppUsesNonExemptEncryption = NO;
				INFOPLIST_KEY_UISupportedInterfaceOrientations_iPad = "UIInterfaceOrientationPortrait UIInterfaceOrientationPortraitUpsideDown UIInterfaceOrientationLandscapeLeft UIInterfaceOrientationLandscapeRight";
				INFOPLIST_KEY_UISupportedInterfaceOrientations_iPhone = "UIInterfaceOrientationPortrait UIInterfaceOrientationLandscapeLeft UIInterfaceOrientationLandscapeRight";
			};
			name = Debug;
		};
		60A4E2262A3DDCE3000E68A0 /* Release */ = {
			isa = XCBuildConfiguration;
			baseConfigurationReferenceAnchor = 60F3DCB92CDDF1AF00C05BFB /* HDiary */;
			baseConfigurationReferenceRelativePath = "Configs/app-release.xcconfig";
			buildSettings = {
				INFOPLIST_KEY_ITSAppUsesNonExemptEncryption = NO;
				INFOPLIST_KEY_UISupportedInterfaceOrientations_iPad = "UIInterfaceOrientationPortrait UIInterfaceOrientationPortraitUpsideDown UIInterfaceOrientationLandscapeLeft UIInterfaceOrientationLandscapeRight";
				INFOPLIST_KEY_UISupportedInterfaceOrientations_iPhone = "UIInterfaceOrientationPortrait UIInterfaceOrientationLandscapeLeft UIInterfaceOrientationLandscapeRight";
			};
			name = Release;
		};
		60A4E22B2A3DDCE3000E68A0 /* Debug */ = {
			isa = XCBuildConfiguration;
			baseConfigurationReferenceAnchor = 60F3DCB92CDDF1AF00C05BFB /* HDiary */;
			baseConfigurationReferenceRelativePath = "Configs/ui-tests-debug.xcconfig";
			buildSettings = {
			};
			name = Debug;
		};
		60A4E22C2A3DDCE3000E68A0 /* Release */ = {
			isa = XCBuildConfiguration;
			baseConfigurationReferenceAnchor = 60F3DCB92CDDF1AF00C05BFB /* HDiary */;
			baseConfigurationReferenceRelativePath = "Configs/ui-tests-release.xcconfig";
			buildSettings = {
			};
			name = Release;
		};
		A22C0000000000000000001F /* Debug */ = {
			isa = XCBuildConfiguration;
			baseConfigurationReferenceAnchor = 60F3DCB92CDDF1AF00C05BFB /* HDiary */;
			baseConfigurationReferenceRelativePath = Configs/debug.xcconfig;
			buildSettings = {
				BUNDLE_LOADER = "$(TEST_HOST)";
				ENABLE_TESTABILITY = YES;
				GENERATE_INFOPLIST_FILE = YES;
				PRODUCT_BUNDLE_IDENTIFIER = com.tiger.suzhou.HDiarySnapshotTests;
				PRODUCT_NAME = "$(TARGET_NAME)";
				SDKROOT = iphoneos;
				SUPPORTED_PLATFORMS = "iphoneos iphonesimulator";
				SWIFT_EMIT_LOC_STRINGS = NO;
				TEST_HOST = "$(BUILT_PRODUCTS_DIR)/HDiarySnapshotHost.app/$(BUNDLE_EXECUTABLE_FOLDER_PATH)/HDiarySnapshotHost";
			};
			name = Debug;
		};
		A22C00000000000000000020 /* Release */ = {
			isa = XCBuildConfiguration;
			baseConfigurationReferenceAnchor = 60F3DCB92CDDF1AF00C05BFB /* HDiary */;
			baseConfigurationReferenceRelativePath = Configs/release.xcconfig;
			buildSettings = {
				BUNDLE_LOADER = "$(TEST_HOST)";
				ENABLE_TESTABILITY = YES;
				GENERATE_INFOPLIST_FILE = YES;
				PRODUCT_BUNDLE_IDENTIFIER = com.tiger.suzhou.HDiarySnapshotTests;
				PRODUCT_NAME = "$(TARGET_NAME)";
				SDKROOT = iphoneos;
				SUPPORTED_PLATFORMS = "iphoneos iphonesimulator";
				SWIFT_EMIT_LOC_STRINGS = NO;
				TEST_HOST = "$(BUILT_PRODUCTS_DIR)/HDiarySnapshotHost.app/$(BUNDLE_EXECUTABLE_FOLDER_PATH)/HDiarySnapshotHost";
			};
			name = Release;
		};
		A22C0000000000000000006B /* Debug */ = {
			isa = XCBuildConfiguration;
			baseConfigurationReferenceAnchor = 60F3DCB92CDDF1AF00C05BFB /* HDiary */;
			baseConfigurationReferenceRelativePath = Configs/debug.xcconfig;
			buildSettings = {
				ASSETCATALOG_COMPILER_GLOBAL_ACCENT_COLOR_NAME = AccentColor;
				GENERATE_INFOPLIST_FILE = YES;
				INFOPLIST_KEY_UIApplicationSceneManifest_Generation = YES;
				INFOPLIST_KEY_UILaunchScreen_Generation = YES;
				INFOPLIST_KEY_UIStatusBarHidden = YES;
				PRODUCT_BUNDLE_IDENTIFIER = com.tiger.suzhou.HDiarySnapshotHost;
				PRODUCT_NAME = "$(TARGET_NAME)";
				SDKROOT = iphoneos;
				SUPPORTED_PLATFORMS = "iphoneos iphonesimulator";
			};
			name = Debug;
		};
		A22C0000000000000000006C /* Release */ = {
			isa = XCBuildConfiguration;
			baseConfigurationReferenceAnchor = 60F3DCB92CDDF1AF00C05BFB /* HDiary */;
			baseConfigurationReferenceRelativePath = Configs/release.xcconfig;
			buildSettings = {
				ASSETCATALOG_COMPILER_GLOBAL_ACCENT_COLOR_NAME = AccentColor;
				GENERATE_INFOPLIST_FILE = YES;
				INFOPLIST_KEY_UIApplicationSceneManifest_Generation = YES;
				INFOPLIST_KEY_UILaunchScreen_Generation = YES;
				INFOPLIST_KEY_UIStatusBarHidden = YES;
				PRODUCT_BUNDLE_IDENTIFIER = com.tiger.suzhou.HDiarySnapshotHost;
				PRODUCT_NAME = "$(TARGET_NAME)";
				SDKROOT = iphoneos;
				SUPPORTED_PLATFORMS = "iphoneos iphonesimulator";
			};
			name = Release;
		};
/* End XCBuildConfiguration section */

/* Begin XCConfigurationList section */
		6072D3BA2A6161DC0020B7AF /* Build configuration list for PBXNativeTarget "HDiaryWidgetExtension" */ = {
			isa = XCConfigurationList;
			buildConfigurations = (
				6072D3B82A6161DC0020B7AF /* Debug */,
				6072D3B92A6161DC0020B7AF /* Release */,
			);
			defaultConfigurationIsVisible = 0;
			defaultConfigurationName = Release;
		};
		60A4E1F72A3DDCE1000E68A0 /* Build configuration list for PBXProject "HDiary" */ = {
			isa = XCConfigurationList;
			buildConfigurations = (
				60A4E2222A3DDCE3000E68A0 /* Debug */,
				60A4E2232A3DDCE3000E68A0 /* Release */,
			);
			defaultConfigurationIsVisible = 0;
			defaultConfigurationName = Release;
		};
		60A4E2242A3DDCE3000E68A0 /* Build configuration list for PBXNativeTarget "HDiary" */ = {
			isa = XCConfigurationList;
			buildConfigurations = (
				60A4E2252A3DDCE3000E68A0 /* Debug */,
				60A4E2262A3DDCE3000E68A0 /* Release */,
			);
			defaultConfigurationIsVisible = 0;
			defaultConfigurationName = Release;
		};
		60A4E22A2A3DDCE3000E68A0 /* Build configuration list for PBXNativeTarget "HDiaryUITests" */ = {
			isa = XCConfigurationList;
			buildConfigurations = (
				60A4E22B2A3DDCE3000E68A0 /* Debug */,
				60A4E22C2A3DDCE3000E68A0 /* Release */,
			);
			defaultConfigurationIsVisible = 0;
			defaultConfigurationName = Release;
		};
		A22C00000000000000000021 /* Build configuration list for PBXNativeTarget "HDiarySnapshotTests" */ = {
			isa = XCConfigurationList;
			buildConfigurations = (
				A22C0000000000000000001F /* Debug */,
				A22C00000000000000000020 /* Release */,
			);
			defaultConfigurationIsVisible = 0;
			defaultConfigurationName = Release;
		};
		A22C0000000000000000006D /* Build configuration list for PBXNativeTarget "HDiarySnapshotHost" */ = {
			isa = XCConfigurationList;
			buildConfigurations = (
				A22C0000000000000000006B /* Debug */,
				A22C0000000000000000006C /* Release */,
			);
			defaultConfigurationIsVisible = 0;
			defaultConfigurationName = Release;
		};
/* End XCConfigurationList section */

/* Begin XCRemoteSwiftPackageReference section */
		60E099262D93D3B800493EF6 /* XCRemoteSwiftPackageReference "SFSafeSymbols" */ = {
			isa = XCRemoteSwiftPackageReference;
			repositoryURL = "https://github.com/SFSafeSymbols/SFSafeSymbols";
			requirement = {
				kind = upToNextMajorVersion;
				minimumVersion = 6.2.0;
			};
		};
		A22C00000000000000000028 /* XCRemoteSwiftPackageReference "swift-snapshot-testing" */ = {
			isa = XCRemoteSwiftPackageReference;
			repositoryURL = "https://github.com/pointfreeco/swift-snapshot-testing";
			requirement = {
				kind = exactVersion;
				version = 1.19.6;
			};
		};
/* End XCRemoteSwiftPackageReference section */

/* Begin XCSwiftPackageProductDependency section */
		601EEFAD2B9D3E0E0073BA37 /* HDiaryConstants */ = {
			isa = XCSwiftPackageProductDependency;
			productName = HDiaryConstants;
		};
		601EEFAF2B9D3E1B0073BA37 /* HDiaryConstants */ = {
			isa = XCSwiftPackageProductDependency;
			productName = HDiaryConstants;
		};
		601EEFB12B9D645E0073BA37 /* HDiaryIAP */ = {
			isa = XCSwiftPackageProductDependency;
			productName = HDiaryIAP;
		};
		6050DD612B24331700CE3230 /* HMedia */ = {
			isa = XCSwiftPackageProductDependency;
			productName = HMedia;
		};
		60ABAAFB2A596F7E004F5B8E /* HLocalization */ = {
			isa = XCSwiftPackageProductDependency;
			productName = HLocalization;
		};
		60ABAB032A597846004F5B8E /* HFoundation */ = {
			isa = XCSwiftPackageProductDependency;
			productName = HFoundation;
		};
		60ABAB052A597CFF004F5B8E /* HUIComponent */ = {
			isa = XCSwiftPackageProductDependency;
			productName = HUIComponent;
		};
		60E099272D93D3C800493EF6 /* SFSafeSymbols */ = {
			isa = XCSwiftPackageProductDependency;
			package = 60E099262D93D3B800493EF6 /* XCRemoteSwiftPackageReference "SFSafeSymbols" */;
			productName = SFSafeSymbols;
		};
		60E380232A62666E00F32E2C /* HDiaryModel */ = {
			isa = XCSwiftPackageProductDependency;
			productName = HDiaryModel;
		};
		60F100012E00000100000001 /* HDiarySearch */ = {
			isa = XCSwiftPackageProductDependency;
			productName = HDiarySearch;
		};
		60F100112E00000100000001 /* HDiaryAppFeature */ = {
			isa = XCSwiftPackageProductDependency;
			productName = HDiaryAppFeature;
		};
		60F100132E00000100000001 /* HDiaryWidgetFeature */ = {
			isa = XCSwiftPackageProductDependency;
			productName = HDiaryWidgetFeature;
		};
		60F100152E00000100000001 /* HDiaryWidgetIntents */ = {
			isa = XCSwiftPackageProductDependency;
			productName = HDiaryWidgetIntents;
		};
		60F100192E00000100000001 /* HDiaryWidgetIntents */ = {
			isa = XCSwiftPackageProductDependency;
			productName = HDiaryWidgetIntents;
		};
		A22C00000000000000000029 /* SnapshotTesting */ = {
			isa = XCSwiftPackageProductDependency;
			package = A22C00000000000000000028 /* XCRemoteSwiftPackageReference "swift-snapshot-testing" */;
			productName = SnapshotTesting;
		};
		A22C0000000000000000002A /* HDiaryAppFeature */ = {
			isa = XCSwiftPackageProductDependency;
			productName = HDiaryAppFeature;
		};
		A22C0000000000000000002B /* HDiaryModel */ = {
			isa = XCSwiftPackageProductDependency;
			productName = HDiaryModel;
		};
/* End XCSwiftPackageProductDependency section */
	};
	rootObject = 60A4E1F42A3DDCE1000E68A0 /* Project object */;
}
