// !$*UTF8*$!
{
	archiveVersion = 1;
	classes = {
	};
	objectVersion = 70;
	objects = {

/* Begin PBXBuildFile section */
		261F0E6A27D245E300F84A39 /* Libai.xcdatamodeld in Sources */ = {isa = PBXBuildFile; fileRef = 261F0E6827D245E300F84A39 /* Libai.xcdatamodeld */; };
		265E650B27BBD46F00061280 /* CloudKit.framework in Frameworks */ = {isa = PBXBuildFile; fileRef = 265E650A27BBD46F00061280 /* CloudKit.framework */; };
		269B8080281FBFBF00324409 /* WidgetKit.framework in Frameworks */ = {isa = PBXBuildFile; fileRef = 269B807F281FBFBF00324409 /* WidgetKit.framework */; };
		269B8082281FBFBF00324409 /* SwiftUI.framework in Frameworks */ = {isa = PBXBuildFile; fileRef = 269B8081281FBFBF00324409 /* SwiftUI.framework */; };
		269B808E281FBFC100324409 /* PoemWidgetExtension.appex in Embed Foundation Extensions */ = {isa = PBXBuildFile; fileRef = 269B807E281FBFBF00324409 /* PoemWidgetExtension.appex */; settings = {ATTRIBUTES = (RemoveHeadersOnCopy, ); }; };
		26EDC87E27B169740074D19B /* AlertToast in Frameworks */ = {isa = PBXBuildFile; productRef = 26EDC87D27B169740074D19B /* AlertToast */; };
		604E3C5B2CA64DD400A72437 /* HLocation in Frameworks */ = {isa = PBXBuildFile; productRef = 604E3C5A2CA64DD400A72437 /* HLocation */; };
		60AAD2F72B9030D80066AA2C /* LibaiAppConstants in Frameworks */ = {isa = PBXBuildFile; productRef = 60AAD2F62B9030D80066AA2C /* LibaiAppConstants */; };
		60AAD2F92B9030DD0066AA2C /* LibaiModel in Frameworks */ = {isa = PBXBuildFile; productRef = 60AAD2F82B9030DD0066AA2C /* LibaiModel */; };
		60AAD2FB2B9030E50066AA2C /* LibaiAppConstants in Frameworks */ = {isa = PBXBuildFile; productRef = 60AAD2FA2B9030E50066AA2C /* LibaiAppConstants */; };
		60AAD2FD2B9030EA0066AA2C /* LibaiModel in Frameworks */ = {isa = PBXBuildFile; productRef = 60AAD2FC2B9030EA0066AA2C /* LibaiModel */; };
		60ABAAF82A596F4A004F5B8E /* HLocalization in Frameworks */ = {isa = PBXBuildFile; productRef = 60ABAAF72A596F4A004F5B8E /* HLocalization */; };
		60ABAB002A59781F004F5B8E /* HFoundation in Frameworks */ = {isa = PBXBuildFile; productRef = 60ABAAFF2A59781F004F5B8E /* HFoundation */; };
		60ABAB082A597D11004F5B8E /* HUIComponent in Frameworks */ = {isa = PBXBuildFile; productRef = 60ABAB072A597D11004F5B8E /* HUIComponent */; };
		60C7FE9C2B9356DA00D84978 /* Libai.xcdatamodeld in Sources */ = {isa = PBXBuildFile; fileRef = 261F0E6827D245E300F84A39 /* Libai.xcdatamodeld */; };
/* End PBXBuildFile section */

/* Begin PBXContainerItemProxy section */
		264F831F2786E6C400B3079A /* PBXContainerItemProxy */ = {
			isa = PBXContainerItemProxy;
			containerPortal = 2674B0D327769C7B0073D10C /* Project object */;
			proxyType = 1;
			remoteGlobalIDString = 2674B0DE27769C7E0073D10C;
			remoteInfo = "Libai (iOS)";
		};
		269B808C281FBFC100324409 /* PBXContainerItemProxy */ = {
			isa = PBXContainerItemProxy;
			containerPortal = 2674B0D327769C7B0073D10C /* Project object */;
			proxyType = 1;
			remoteGlobalIDString = 269B807D281FBFBF00324409;
			remoteInfo = PoemWidgetExtension;
		};
/* End PBXContainerItemProxy section */

/* Begin PBXCopyFilesBuildPhase section */
		269B808F281FBFC100324409 /* Embed Foundation Extensions */ = {
			isa = PBXCopyFilesBuildPhase;
			buildActionMask = 2147483647;
			dstPath = "";
			dstSubfolderSpec = 13;
			files = (
				269B808E281FBFC100324409 /* PoemWidgetExtension.appex in Embed Foundation Extensions */,
			);
			name = "Embed Foundation Extensions";
			runOnlyForDeploymentPostprocessing = 0;
		};
/* End PBXCopyFilesBuildPhase section */

/* Begin PBXFileReference section */
		261F0E6927D245E300F84A39 /* Libai.xcdatamodel */ = {isa = PBXFileReference; lastKnownFileType = wrapper.xcdatamodel; path = Libai.xcdatamodel; sourceTree = "<group>"; };
		264F831B2786E6C400B3079A /* LibaiTests.xctest */ = {isa = PBXFileReference; explicitFileType = wrapper.cfbundle; includeInIndex = 0; path = LibaiTests.xctest; sourceTree = BUILT_PRODUCTS_DIR; };
		265E650827BBD46B00061280 /* Libai (iOS).entitlements */ = {isa = PBXFileReference; lastKnownFileType = text.plist.entitlements; path = "Libai (iOS).entitlements"; sourceTree = "<group>"; };
		265E650A27BBD46F00061280 /* CloudKit.framework */ = {isa = PBXFileReference; lastKnownFileType = wrapper.framework; name = CloudKit.framework; path = Platforms/iPhoneOS.platform/Developer/SDKs/iPhoneOS15.2.sdk/System/Library/Frameworks/CloudKit.framework; sourceTree = DEVELOPER_DIR; };
		2674B0DF27769C7E0073D10C /* Libai.app */ = {isa = PBXFileReference; explicitFileType = wrapper.application; includeInIndex = 0; path = Libai.app; sourceTree = BUILT_PRODUCTS_DIR; };
		269B807E281FBFBF00324409 /* PoemWidgetExtension.appex */ = {isa = PBXFileReference; explicitFileType = "wrapper.app-extension"; includeInIndex = 0; path = PoemWidgetExtension.appex; sourceTree = BUILT_PRODUCTS_DIR; };
		269B807F281FBFBF00324409 /* WidgetKit.framework */ = {isa = PBXFileReference; lastKnownFileType = wrapper.framework; name = WidgetKit.framework; path = System/Library/Frameworks/WidgetKit.framework; sourceTree = SDKROOT; };
		269B8081281FBFBF00324409 /* SwiftUI.framework */ = {isa = PBXFileReference; lastKnownFileType = wrapper.framework; name = SwiftUI.framework; path = System/Library/Frameworks/SwiftUI.framework; sourceTree = SDKROOT; };
		269B8093281FBFE400324409 /* PoemWidgetExtension.entitlements */ = {isa = PBXFileReference; lastKnownFileType = text.plist.entitlements; path = PoemWidgetExtension.entitlements; sourceTree = "<group>"; };
		26C1A50C27812BCD00C7E21E /* Libai--iOS--Info.plist */ = {isa = PBXFileReference; lastKnownFileType = text.plist; path = "Libai--iOS--Info.plist"; sourceTree = "<group>"; };
		6018D37129F6C24700B1228E /* HUIComponent.framework */ = {isa = PBXFileReference; explicitFileType = wrapper.framework; path = HUIComponent.framework; sourceTree = BUILT_PRODUCTS_DIR; };
		60AAD2F52B902C850066AA2C /* LibaiLibrary */ = {isa = PBXFileReference; lastKnownFileType = wrapper; path = LibaiLibrary; sourceTree = "<group>"; };
		60AAD2FE2B9047A70066AA2C /* Libai-unit.xctestplan */ = {isa = PBXFileReference; lastKnownFileType = text; path = "Libai-unit.xctestplan"; sourceTree = "<group>"; };
		60ABAACC2A595C3F004F5B8E /* HFoundation.framework */ = {isa = PBXFileReference; explicitFileType = wrapper.framework; path = HFoundation.framework; sourceTree = BUILT_PRODUCTS_DIR; };
		60ABAACF2A595C59004F5B8E /* HLocalization.framework */ = {isa = PBXFileReference; explicitFileType = wrapper.framework; path = HLocalization.framework; sourceTree = BUILT_PRODUCTS_DIR; };
		60E22CA32B99F11200FD3F10 /* Config.xcconfig */ = {isa = PBXFileReference; lastKnownFileType = text.xcconfig; path = Config.xcconfig; sourceTree = "<group>"; };
/* End PBXFileReference section */

/* Begin PBXFileSystemSynchronizedBuildFileExceptionSet section */
		60F3E1302CDDF32E00C05BFB /* PBXFileSystemSynchronizedBuildFileExceptionSet */ = {
			isa = PBXFileSystemSynchronizedBuildFileExceptionSet;
			platformFiltersByRelativePath = {
				Collection/LifeCompare/View/Graph/LifeSpanChartView.swift = (
					ios,
				);
				Collection/Tags/View/CollectionView/TagCell.swift = (
					ios,
				);
				Collection/Tags/View/CollectionView/TagCollectionView.swift = (
					ios,
				);
				Collection/Tags/View/CollectionView/TagLayout.swift = (
					ios,
				);
				Common/CommonView/Component/ActivityViewController/ActivityViewController.swift = (
					ios,
				);
				Common/CommonView/Component/IndexView/UIIndexView.swift = (
					ios,
				);
				Common/CommonView/Component/SheetPresentation/SheetPresentationForSwiftUI.swift = (
					ios,
				);
				Common/CommonView/Component/WaterFlowButtonView/WaterFlowButtonView.swift = (
					ios,
				);
				Common/CommonView/Component/WaterFlowButtonView/WaterFlowButtonViewStore.swift = (
					ios,
				);
				Setttings/DebugView/HFlowLayoutDemo.swift = (
					ios,
				);
				Setttings/DebugView/LifeSpanChartsView.swift = (
					ios,
				);
				Setttings/DebugView/QRCodeGenViewDebug.swift = (
					ios,
				);
				Setttings/DebugView/WaterFlowButtonViewDebug.swift = (
					ios,
				);
				Setttings/Theme/Model/Theme.swift = (
					ios,
				);
				Test/AttrString/AttrStringDemo.swift = (
					ios,
				);
				"Util/UIDevice+model.swift" = (
					ios,
				);
				"Util/UIKit/UIImage+util.swift" = (
					ios,
				);
				"Util/UIKit/UIView+util.swift" = (
					ios,
				);
			};
			target = 2674B0DE27769C7E0073D10C /* Libai */;
		};
		60F3E1312CDDF32E00C05BFB /* PBXFileSystemSynchronizedBuildFileExceptionSet */ = {
			isa = PBXFileSystemSynchronizedBuildFileExceptionSet;
			membershipExceptions = (
				Assets.xcassets,
				Common/BasicType/Annal.swift,
				Common/BasicType/CDPoem.swift,
				Common/BasicType/Empire.swift,
				Common/BasicType/Era.swift,
				Common/BasicType/Location.swift,
				Common/BasicType/Poem.swift,
				Common/BasicType/Tag.swift,
				Common/Constants/Color/CommonColor.swift,
				Common/Model/Persist/CoreData/HCoreDataStack.swift,
				Common/Model/Persist/UploadDB/JSONDataDefines.swift,
				Util/Assert.swift,
				Util/CoreData/Managed.swift,
				"Util/CoreData/NSManagedObjectContext+Extensions.swift",
				Util/log.swift,
				"Util/NSPredicate+Extensions.swift",
				"Util/String+util.swift",
			);
			target = 269B807D281FBFBF00324409 /* PoemWidgetExtension */;
		};
		60F3E1692CDDF35300C05BFB /* PBXFileSystemSynchronizedBuildFileExceptionSet */ = {
			isa = PBXFileSystemSynchronizedBuildFileExceptionSet;
			membershipExceptions = (
				Constant.swift,
				PoemWidget.intentdefinition,
			);
			target = 2674B0DE27769C7E0073D10C /* Libai */;
		};
		60F3E16A2CDDF35300C05BFB /* PBXFileSystemSynchronizedBuildFileExceptionSet */ = {
			isa = PBXFileSystemSynchronizedBuildFileExceptionSet;
			membershipExceptions = (
				Info.plist,
			);
			target = 269B807D281FBFBF00324409 /* PoemWidgetExtension */;
		};
/* End PBXFileSystemSynchronizedBuildFileExceptionSet section */

/* Begin PBXFileSystemSynchronizedRootGroup section */
		60F3E0632CDDF32E00C05BFB /* Shared */ = {isa = PBXFileSystemSynchronizedRootGroup; exceptions = (60F3E1302CDDF32E00C05BFB /* PBXFileSystemSynchronizedBuildFileExceptionSet */, 60F3E1312CDDF32E00C05BFB /* PBXFileSystemSynchronizedBuildFileExceptionSet */, ); explicitFileTypes = {}; explicitFolders = (); path = Shared; sourceTree = "<group>"; };
		60F3E14C2CDDF33600C05BFB /* LibaiTests */ = {isa = PBXFileSystemSynchronizedRootGroup; explicitFileTypes = {}; explicitFolders = (); path = LibaiTests; sourceTree = "<group>"; };
		60F3E1612CDDF35300C05BFB /* PoemWidget */ = {isa = PBXFileSystemSynchronizedRootGroup; exceptions = (60F3E1692CDDF35300C05BFB /* PBXFileSystemSynchronizedBuildFileExceptionSet */, 60F3E16A2CDDF35300C05BFB /* PBXFileSystemSynchronizedBuildFileExceptionSet */, ); explicitFileTypes = {}; explicitFolders = (); path = PoemWidget; sourceTree = "<group>"; };
/* End PBXFileSystemSynchronizedRootGroup section */

/* Begin PBXFrameworksBuildPhase section */
		264F83182786E6C400B3079A /* Frameworks */ = {
			isa = PBXFrameworksBuildPhase;
			buildActionMask = 2147483647;
			files = (
			);
			runOnlyForDeploymentPostprocessing = 0;
		};
		2674B0DC27769C7E0073D10C /* Frameworks */ = {
			isa = PBXFrameworksBuildPhase;
			buildActionMask = 2147483647;
			files = (
				60ABAAF82A596F4A004F5B8E /* HLocalization in Frameworks */,
				26EDC87E27B169740074D19B /* AlertToast in Frameworks */,
				604E3C5B2CA64DD400A72437 /* HLocation in Frameworks */,
				60ABAB082A597D11004F5B8E /* HUIComponent in Frameworks */,
				265E650B27BBD46F00061280 /* CloudKit.framework in Frameworks */,
				60AAD2F72B9030D80066AA2C /* LibaiAppConstants in Frameworks */,
				60AAD2F92B9030DD0066AA2C /* LibaiModel in Frameworks */,
				60ABAB002A59781F004F5B8E /* HFoundation in Frameworks */,
			);
			runOnlyForDeploymentPostprocessing = 0;
		};
		269B807B281FBFBF00324409 /* Frameworks */ = {
			isa = PBXFrameworksBuildPhase;
			buildActionMask = 2147483647;
			files = (
				60AAD2FD2B9030EA0066AA2C /* LibaiModel in Frameworks */,
				269B8082281FBFBF00324409 /* SwiftUI.framework in Frameworks */,
				60AAD2FB2B9030E50066AA2C /* LibaiAppConstants in Frameworks */,
				269B8080281FBFBF00324409 /* WidgetKit.framework in Frameworks */,
			);
			runOnlyForDeploymentPostprocessing = 0;
		};
/* End PBXFrameworksBuildPhase section */

/* Begin PBXGroup section */
		265E650927BBD46F00061280 /* Frameworks */ = {
			isa = PBXGroup;
			children = (
				60ABAACF2A595C59004F5B8E /* HLocalization.framework */,
				60ABAACC2A595C3F004F5B8E /* HFoundation.framework */,
				6018D37129F6C24700B1228E /* HUIComponent.framework */,
				265E650A27BBD46F00061280 /* CloudKit.framework */,
				269B807F281FBFBF00324409 /* WidgetKit.framework */,
				269B8081281FBFBF00324409 /* SwiftUI.framework */,
			);
			name = Frameworks;
			sourceTree = "<group>";
		};
		2674B0D227769C7B0073D10C = {
			isa = PBXGroup;
			children = (
				60E22CA32B99F11200FD3F10 /* Config.xcconfig */,
				60AAD2FE2B9047A70066AA2C /* Libai-unit.xctestplan */,
				60AAD2F52B902C850066AA2C /* LibaiLibrary */,
				269B8093281FBFE400324409 /* PoemWidgetExtension.entitlements */,
				261F0E6827D245E300F84A39 /* Libai.xcdatamodeld */,
				265E650827BBD46B00061280 /* Libai (iOS).entitlements */,
				26C1A50C27812BCD00C7E21E /* Libai--iOS--Info.plist */,
				60F3E0632CDDF32E00C05BFB /* Shared */,
				60F3E14C2CDDF33600C05BFB /* LibaiTests */,
				60F3E1612CDDF35300C05BFB /* PoemWidget */,
				2674B0E027769C7E0073D10C /* Products */,
				265E650927BBD46F00061280 /* Frameworks */,
			);
			sourceTree = "<group>";
		};
		2674B0E027769C7E0073D10C /* Products */ = {
			isa = PBXGroup;
			children = (
				2674B0DF27769C7E0073D10C /* Libai.app */,
				264F831B2786E6C400B3079A /* LibaiTests.xctest */,
				269B807E281FBFBF00324409 /* PoemWidgetExtension.appex */,
			);
			name = Products;
			sourceTree = "<group>";
		};
/* End PBXGroup section */

/* Begin PBXNativeTarget section */
		264F831A2786E6C400B3079A /* LibaiTests */ = {
			isa = PBXNativeTarget;
			buildConfigurationList = 264F83212786E6C400B3079A /* Build configuration list for PBXNativeTarget "LibaiTests" */;
			buildPhases = (
				264F83172786E6C400B3079A /* Sources */,
				264F83182786E6C400B3079A /* Frameworks */,
				264F83192786E6C400B3079A /* Resources */,
			);
			buildRules = (
			);
			dependencies = (
				264F83202786E6C400B3079A /* PBXTargetDependency */,
			);
			fileSystemSynchronizedGroups = (
				60F3E14C2CDDF33600C05BFB /* LibaiTests */,
			);
			name = LibaiTests;
			productName = LibaiTests;
			productReference = 264F831B2786E6C400B3079A /* LibaiTests.xctest */;
			productType = "com.apple.product-type.bundle.unit-test";
		};
		2674B0DE27769C7E0073D10C /* Libai */ = {
			isa = PBXNativeTarget;
			buildConfigurationList = 2674B10827769C7E0073D10C /* Build configuration list for PBXNativeTarget "Libai" */;
			buildPhases = (
				2674B0DB27769C7E0073D10C /* Sources */,
				2674B0DC27769C7E0073D10C /* Frameworks */,
				2674B0DD27769C7E0073D10C /* Resources */,
				269B808F281FBFC100324409 /* Embed Foundation Extensions */,
			);
			buildRules = (
			);
			dependencies = (
				269B808D281FBFC100324409 /* PBXTargetDependency */,
			);
			fileSystemSynchronizedGroups = (
				60F3E0632CDDF32E00C05BFB /* Shared */,
			);
			name = Libai;
			packageProductDependencies = (
				26EDC87D27B169740074D19B /* AlertToast */,
				60ABAAF72A596F4A004F5B8E /* HLocalization */,
				60ABAAFF2A59781F004F5B8E /* HFoundation */,
				60ABAB072A597D11004F5B8E /* HUIComponent */,
				60AAD2F62B9030D80066AA2C /* LibaiAppConstants */,
				60AAD2F82B9030DD0066AA2C /* LibaiModel */,
				604E3C5A2CA64DD400A72437 /* HLocation */,
			);
			productName = "Libai (iOS)";
			productReference = 2674B0DF27769C7E0073D10C /* Libai.app */;
			productType = "com.apple.product-type.application";
		};
		269B807D281FBFBF00324409 /* PoemWidgetExtension */ = {
			isa = PBXNativeTarget;
			buildConfigurationList = 269B8092281FBFC100324409 /* Build configuration list for PBXNativeTarget "PoemWidgetExtension" */;
			buildPhases = (
				269B807A281FBFBF00324409 /* Sources */,
				269B807B281FBFBF00324409 /* Frameworks */,
				269B807C281FBFBF00324409 /* Resources */,
			);
			buildRules = (
			);
			dependencies = (
			);
			fileSystemSynchronizedGroups = (
				60F3E1612CDDF35300C05BFB /* PoemWidget */,
			);
			name = PoemWidgetExtension;
			packageProductDependencies = (
				60AAD2FA2B9030E50066AA2C /* LibaiAppConstants */,
				60AAD2FC2B9030EA0066AA2C /* LibaiModel */,
			);
			productName = PoemWidgetExtension;
			productReference = 269B807E281FBFBF00324409 /* PoemWidgetExtension.appex */;
			productType = "com.apple.product-type.app-extension";
		};
/* End PBXNativeTarget section */

/* Begin PBXProject section */
		2674B0D327769C7B0073D10C /* Project object */ = {
			isa = PBXProject;
			attributes = {
				BuildIndependentTargetsInParallel = 1;
				LastSwiftUpdateCheck = 1330;
				LastUpgradeCheck = 1500;
				TargetAttributes = {
					264F831A2786E6C400B3079A = {
						CreatedOnToolsVersion = 13.2.1;
						TestTargetID = 2674B0DE27769C7E0073D10C;
					};
					2674B0DE27769C7E0073D10C = {
						CreatedOnToolsVersion = 13.1;
					};
					269B807D281FBFBF00324409 = {
						CreatedOnToolsVersion = 13.3.1;
					};
				};
			};
			buildConfigurationList = 2674B0D627769C7B0073D10C /* Build configuration list for PBXProject "Libai" */;
			compatibilityVersion = "Xcode 13.0";
			developmentRegion = en;
			hasScannedForEncodings = 0;
			knownRegions = (
				en,
				Base,
				"zh-Hans",
			);
			mainGroup = 2674B0D227769C7B0073D10C;
			packageReferences = (
				26EDC87C27B169740074D19B /* XCRemoteSwiftPackageReference "AlertToast" */,
			);
			productRefGroup = 2674B0E027769C7E0073D10C /* Products */;
			projectDirPath = "";
			projectRoot = "";
			targets = (
				2674B0DE27769C7E0073D10C /* Libai */,
				264F831A2786E6C400B3079A /* LibaiTests */,
				269B807D281FBFBF00324409 /* PoemWidgetExtension */,
			);
		};
/* End PBXProject section */

/* Begin PBXResourcesBuildPhase section */
		264F83192786E6C400B3079A /* Resources */ = {
			isa = PBXResourcesBuildPhase;
			buildActionMask = 2147483647;
			files = (
			);
			runOnlyForDeploymentPostprocessing = 0;
		};
		2674B0DD27769C7E0073D10C /* Resources */ = {
			isa = PBXResourcesBuildPhase;
			buildActionMask = 2147483647;
			files = (
			);
			runOnlyForDeploymentPostprocessing = 0;
		};
		269B807C281FBFBF00324409 /* Resources */ = {
			isa = PBXResourcesBuildPhase;
			buildActionMask = 2147483647;
			files = (
			);
			runOnlyForDeploymentPostprocessing = 0;
		};
/* End PBXResourcesBuildPhase section */

/* Begin PBXSourcesBuildPhase section */
		264F83172786E6C400B3079A /* Sources */ = {
			isa = PBXSourcesBuildPhase;
			buildActionMask = 2147483647;
			files = (
			);
			runOnlyForDeploymentPostprocessing = 0;
		};
		2674B0DB27769C7E0073D10C /* Sources */ = {
			isa = PBXSourcesBuildPhase;
			buildActionMask = 2147483647;
			files = (
				261F0E6A27D245E300F84A39 /* Libai.xcdatamodeld in Sources */,
			);
			runOnlyForDeploymentPostprocessing = 0;
		};
		269B807A281FBFBF00324409 /* Sources */ = {
			isa = PBXSourcesBuildPhase;
			buildActionMask = 2147483647;
			files = (
				60C7FE9C2B9356DA00D84978 /* Libai.xcdatamodeld in Sources */,
			);
			runOnlyForDeploymentPostprocessing = 0;
		};
/* End PBXSourcesBuildPhase section */

/* Begin PBXTargetDependency section */
		264F83202786E6C400B3079A /* PBXTargetDependency */ = {
			isa = PBXTargetDependency;
			target = 2674B0DE27769C7E0073D10C /* Libai */;
			targetProxy = 264F831F2786E6C400B3079A /* PBXContainerItemProxy */;
		};
		269B808D281FBFC100324409 /* PBXTargetDependency */ = {
			isa = PBXTargetDependency;
			target = 269B807D281FBFBF00324409 /* PoemWidgetExtension */;
			targetProxy = 269B808C281FBFC100324409 /* PBXContainerItemProxy */;
		};
/* End PBXTargetDependency section */

/* Begin XCBuildConfiguration section */
		264F83222786E6C400B3079A /* Debug */ = {
			isa = XCBuildConfiguration;
			buildSettings = {
				BUNDLE_LOADER = "$(TEST_HOST)";
				CODE_SIGN_STYLE = Automatic;
				CURRENT_PROJECT_VERSION = 1;
				DEVELOPMENT_TEAM = F29WG8477A;
				GCC_TREAT_WARNINGS_AS_ERRORS = YES;
				GENERATE_INFOPLIST_FILE = YES;
				IPHONEOS_DEPLOYMENT_TARGET = 17.0;
				MARKETING_VERSION = 1.0;
				PRODUCT_BUNDLE_IDENTIFIER = com.tiger.suzhou.LibaiTests;
				PRODUCT_NAME = "$(TARGET_NAME)";
				SDKROOT = iphoneos;
				SUPPORTED_PLATFORMS = "iphoneos iphonesimulator macosx";
				SUPPORTS_MACCATALYST = NO;
				SUPPORTS_MAC_DESIGNED_FOR_IPHONE_IPAD = NO;
				SWIFT_EMIT_LOC_STRINGS = NO;
				SWIFT_TREAT_WARNINGS_AS_ERRORS = YES;
				SWIFT_VERSION = 5.0;
				TARGETED_DEVICE_FAMILY = "1,2";
				TEST_HOST = "$(BUILT_PRODUCTS_DIR)/Libai.app/Libai";
			};
			name = Debug;
		};
		264F83232786E6C400B3079A /* Release */ = {
			isa = XCBuildConfiguration;
			buildSettings = {
				BUNDLE_LOADER = "$(TEST_HOST)";
				CODE_SIGN_STYLE = Automatic;
				CURRENT_PROJECT_VERSION = 1;
				DEVELOPMENT_TEAM = F29WG8477A;
				GCC_TREAT_WARNINGS_AS_ERRORS = YES;
				GENERATE_INFOPLIST_FILE = YES;
				IPHONEOS_DEPLOYMENT_TARGET = 17.0;
				MARKETING_VERSION = 1.0;
				PRODUCT_BUNDLE_IDENTIFIER = com.tiger.suzhou.LibaiTests;
				PRODUCT_NAME = "$(TARGET_NAME)";
				SDKROOT = iphoneos;
				SUPPORTED_PLATFORMS = "iphoneos iphonesimulator macosx";
				SUPPORTS_MACCATALYST = NO;
				SUPPORTS_MAC_DESIGNED_FOR_IPHONE_IPAD = NO;
				SWIFT_EMIT_LOC_STRINGS = NO;
				SWIFT_TREAT_WARNINGS_AS_ERRORS = YES;
				SWIFT_VERSION = 5.0;
				TARGETED_DEVICE_FAMILY = "1,2";
				TEST_HOST = "$(BUILT_PRODUCTS_DIR)/Libai.app/Libai";
				VALIDATE_PRODUCT = YES;
			};
			name = Release;
		};
		2674B10627769C7E0073D10C /* Debug */ = {
			isa = XCBuildConfiguration;
			baseConfigurationReference = 60E22CA32B99F11200FD3F10 /* Config.xcconfig */;
			buildSettings = {
				ALWAYS_SEARCH_USER_PATHS = NO;
				ASSETCATALOG_COMPILER_GENERATE_SWIFT_ASSET_SYMBOL_EXTENSIONS = YES;
				CLANG_ANALYZER_NONNULL = YES;
				CLANG_ANALYZER_NUMBER_OBJECT_CONVERSION = YES_AGGRESSIVE;
				CLANG_CXX_LANGUAGE_STANDARD = "gnu++17";
				CLANG_CXX_LIBRARY = "libc++";
				CLANG_ENABLE_MODULES = YES;
				CLANG_ENABLE_OBJC_ARC = YES;
				CLANG_ENABLE_OBJC_WEAK = YES;
				CLANG_WARN_BLOCK_CAPTURE_AUTORELEASING = YES;
				CLANG_WARN_BOOL_CONVERSION = YES;
				CLANG_WARN_COMMA = YES;
				CLANG_WARN_CONSTANT_CONVERSION = YES;
				CLANG_WARN_DEPRECATED_OBJC_IMPLEMENTATIONS = YES;
				CLANG_WARN_DIRECT_OBJC_ISA_USAGE = YES_ERROR;
				CLANG_WARN_DOCUMENTATION_COMMENTS = YES;
				CLANG_WARN_EMPTY_BODY = YES;
				CLANG_WARN_ENUM_CONVERSION = YES;
				CLANG_WARN_INFINITE_RECURSION = YES;
				CLANG_WARN_INT_CONVERSION = YES;
				CLANG_WARN_NON_LITERAL_NULL_CONVERSION = YES;
				CLANG_WARN_OBJC_IMPLICIT_RETAIN_SELF = YES;
				CLANG_WARN_OBJC_LITERAL_CONVERSION = YES;
				CLANG_WARN_OBJC_ROOT_CLASS = YES_ERROR;
				CLANG_WARN_QUOTED_INCLUDE_IN_FRAMEWORK_HEADER = YES;
				CLANG_WARN_RANGE_LOOP_ANALYSIS = YES;
				CLANG_WARN_STRICT_PROTOTYPES = YES;
				CLANG_WARN_SUSPICIOUS_MOVE = YES;
				CLANG_WARN_UNGUARDED_AVAILABILITY = YES_AGGRESSIVE;
				CLANG_WARN_UNREACHABLE_CODE = YES;
				CLANG_WARN__DUPLICATE_METHOD_MATCH = YES;
				COPY_PHASE_STRIP = NO;
				DEAD_CODE_STRIPPING = YES;
				DEBUG_INFORMATION_FORMAT = dwarf;
				ENABLE_STRICT_OBJC_MSGSEND = YES;
				ENABLE_TESTABILITY = YES;
				ENABLE_USER_SCRIPT_SANDBOXING = YES;
				GCC_C_LANGUAGE_STANDARD = gnu11;
				GCC_DYNAMIC_NO_PIC = NO;
				GCC_NO_COMMON_BLOCKS = YES;
				GCC_OPTIMIZATION_LEVEL = 0;
				GCC_PREPROCESSOR_DEFINITIONS = (
					"DEBUG=1",
					"$(inherited)",
				);
				GCC_WARN_64_TO_32_BIT_CONVERSION = YES;
				GCC_WARN_ABOUT_RETURN_TYPE = YES_ERROR;
				GCC_WARN_UNDECLARED_SELECTOR = YES;
				GCC_WARN_UNINITIALIZED_AUTOS = YES_AGGRESSIVE;
				GCC_WARN_UNUSED_FUNCTION = YES;
				GCC_WARN_UNUSED_VARIABLE = YES;
				MTL_ENABLE_DEBUG_INFO = INCLUDE_SOURCE;
				MTL_FAST_MATH = YES;
				ONLY_ACTIVE_ARCH = YES;
				SWIFT_ACTIVE_COMPILATION_CONDITIONS = DEBUG;
				SWIFT_OPTIMIZATION_LEVEL = "-Onone";
			};
			name = Debug;
		};
		2674B10727769C7E0073D10C /* Release */ = {
			isa = XCBuildConfiguration;
			baseConfigurationReference = 60E22CA32B99F11200FD3F10 /* Config.xcconfig */;
			buildSettings = {
				ALWAYS_SEARCH_USER_PATHS = NO;
				ASSETCATALOG_COMPILER_GENERATE_SWIFT_ASSET_SYMBOL_EXTENSIONS = YES;
				CLANG_ANALYZER_NONNULL = YES;
				CLANG_ANALYZER_NUMBER_OBJECT_CONVERSION = YES_AGGRESSIVE;
				CLANG_CXX_LANGUAGE_STANDARD = "gnu++17";
				CLANG_CXX_LIBRARY = "libc++";
				CLANG_ENABLE_MODULES = YES;
				CLANG_ENABLE_OBJC_ARC = YES;
				CLANG_ENABLE_OBJC_WEAK = YES;
				CLANG_WARN_BLOCK_CAPTURE_AUTORELEASING = YES;
				CLANG_WARN_BOOL_CONVERSION = YES;
				CLANG_WARN_COMMA = YES;
				CLANG_WARN_CONSTANT_CONVERSION = YES;
				CLANG_WARN_DEPRECATED_OBJC_IMPLEMENTATIONS = YES;
				CLANG_WARN_DIRECT_OBJC_ISA_USAGE = YES_ERROR;
				CLANG_WARN_DOCUMENTATION_COMMENTS = YES;
				CLANG_WARN_EMPTY_BODY = YES;
				CLANG_WARN_ENUM_CONVERSION = YES;
				CLANG_WARN_INFINITE_RECURSION = YES;
				CLANG_WARN_INT_CONVERSION = YES;
				CLANG_WARN_NON_LITERAL_NULL_CONVERSION = YES;
				CLANG_WARN_OBJC_IMPLICIT_RETAIN_SELF = YES;
				CLANG_WARN_OBJC_LITERAL_CONVERSION = YES;
				CLANG_WARN_OBJC_ROOT_CLASS = YES_ERROR;
				CLANG_WARN_QUOTED_INCLUDE_IN_FRAMEWORK_HEADER = YES;
				CLANG_WARN_RANGE_LOOP_ANALYSIS = YES;
				CLANG_WARN_STRICT_PROTOTYPES = YES;
				CLANG_WARN_SUSPICIOUS_MOVE = YES;
				CLANG_WARN_UNGUARDED_AVAILABILITY = YES_AGGRESSIVE;
				CLANG_WARN_UNREACHABLE_CODE = YES;
				CLANG_WARN__DUPLICATE_METHOD_MATCH = YES;
				COPY_PHASE_STRIP = NO;
				DEAD_CODE_STRIPPING = YES;
				DEBUG_INFORMATION_FORMAT = "dwarf-with-dsym";
				ENABLE_NS_ASSERTIONS = NO;
				ENABLE_STRICT_OBJC_MSGSEND = YES;
				ENABLE_USER_SCRIPT_SANDBOXING = YES;
				GCC_C_LANGUAGE_STANDARD = gnu11;
				GCC_NO_COMMON_BLOCKS = YES;
				GCC_WARN_64_TO_32_BIT_CONVERSION = YES;
				GCC_WARN_ABOUT_RETURN_TYPE = YES_ERROR;
				GCC_WARN_UNDECLARED_SELECTOR = YES;
				GCC_WARN_UNINITIALIZED_AUTOS = YES_AGGRESSIVE;
				GCC_WARN_UNUSED_FUNCTION = YES;
				GCC_WARN_UNUSED_VARIABLE = YES;
				MTL_ENABLE_DEBUG_INFO = NO;
				MTL_FAST_MATH = YES;
				SWIFT_COMPILATION_MODE = wholemodule;
				SWIFT_OPTIMIZATION_LEVEL = "-O";
			};
			name = Release;
		};
		2674B10927769C7E0073D10C /* Debug */ = {
			isa = XCBuildConfiguration;
			buildSettings = {
				ARCHS = "$(ARCHS_STANDARD)";
				ASSETCATALOG_COMPILER_APPICON_NAME = AppIcon;
				ASSETCATALOG_COMPILER_GLOBAL_ACCENT_COLOR_NAME = AccentColor;
				CODE_SIGN_ENTITLEMENTS = "Libai (iOS).entitlements";
				CODE_SIGN_STYLE = Automatic;
				CURRENT_PROJECT_VERSION = 1;
				DEVELOPMENT_TEAM = F29WG8477A;
				ENABLE_PREVIEWS = YES;
				GCC_TREAT_WARNINGS_AS_ERRORS = NO;
				GENERATE_INFOPLIST_FILE = YES;
				INFOPLIST_FILE = "Libai--iOS--Info.plist";
				INFOPLIST_KEY_CFBundleDisplayName = "李白Debug";
				INFOPLIST_KEY_LSApplicationCategoryType = "public.app-category.education";
				INFOPLIST_KEY_NSPhotoLibraryAddUsageDescription = "保存内容到相册";
				INFOPLIST_KEY_UIApplicationSceneManifest_Generation = YES;
				INFOPLIST_KEY_UIApplicationSupportsIndirectInputEvents = YES;
				INFOPLIST_KEY_UILaunchScreen_Generation = YES;
				INFOPLIST_KEY_UISupportedInterfaceOrientations_iPad = "UIInterfaceOrientationPortrait UIInterfaceOrientationPortraitUpsideDown UIInterfaceOrientationLandscapeLeft UIInterfaceOrientationLandscapeRight";
				INFOPLIST_KEY_UISupportedInterfaceOrientations_iPhone = "UIInterfaceOrientationPortrait UIInterfaceOrientationLandscapeLeft UIInterfaceOrientationLandscapeRight";
				IPHONEOS_DEPLOYMENT_TARGET = 17.0;
				LD_RUNPATH_SEARCH_PATHS = (
					"$(inherited)",
					"@executable_path/Frameworks",
				);
				MARKETING_VERSION = "$(MARKETING_VERSION)";
				ONLY_ACTIVE_ARCH = YES;
				PRODUCT_BUNDLE_IDENTIFIER = com.tigerhuahuahu.suzhou.libai;
				PRODUCT_NAME = Libai;
				SDKROOT = iphoneos;
				SUPPORTED_PLATFORMS = "iphoneos iphonesimulator macosx";
				SUPPORTS_MACCATALYST = NO;
				SUPPORTS_MAC_DESIGNED_FOR_IPHONE_IPAD = NO;
				SWIFT_EMIT_LOC_STRINGS = YES;
				SWIFT_TREAT_WARNINGS_AS_ERRORS = YES;
				SWIFT_VERSION = 5.0;
				TARGETED_DEVICE_FAMILY = "1,2";
			};
			name = Debug;
		};
		2674B10A27769C7E0073D10C /* Release */ = {
			isa = XCBuildConfiguration;
			buildSettings = {
				ARCHS = "$(ARCHS_STANDARD)";
				ASSETCATALOG_COMPILER_APPICON_NAME = AppIcon;
				ASSETCATALOG_COMPILER_GLOBAL_ACCENT_COLOR_NAME = AccentColor;
				CODE_SIGN_ENTITLEMENTS = "Libai (iOS).entitlements";
				CODE_SIGN_STYLE = Automatic;
				CURRENT_PROJECT_VERSION = 1;
				DEVELOPMENT_TEAM = F29WG8477A;
				ENABLE_PREVIEWS = YES;
				GCC_TREAT_WARNINGS_AS_ERRORS = NO;
				GENERATE_INFOPLIST_FILE = YES;
				INFOPLIST_FILE = "Libai--iOS--Info.plist";
				INFOPLIST_KEY_CFBundleDisplayName = "李白Debug";
				INFOPLIST_KEY_LSApplicationCategoryType = "public.app-category.education";
				INFOPLIST_KEY_NSPhotoLibraryAddUsageDescription = "保存内容到相册";
				INFOPLIST_KEY_UIApplicationSceneManifest_Generation = YES;
				INFOPLIST_KEY_UIApplicationSupportsIndirectInputEvents = YES;
				INFOPLIST_KEY_UILaunchScreen_Generation = YES;
				INFOPLIST_KEY_UISupportedInterfaceOrientations_iPad = "UIInterfaceOrientationPortrait UIInterfaceOrientationPortraitUpsideDown UIInterfaceOrientationLandscapeLeft UIInterfaceOrientationLandscapeRight";
				INFOPLIST_KEY_UISupportedInterfaceOrientations_iPhone = "UIInterfaceOrientationPortrait UIInterfaceOrientationLandscapeLeft UIInterfaceOrientationLandscapeRight";
				IPHONEOS_DEPLOYMENT_TARGET = 17.0;
				LD_RUNPATH_SEARCH_PATHS = (
					"$(inherited)",
					"@executable_path/Frameworks",
				);
				MARKETING_VERSION = "$(MARKETING_VERSION)";
				ONLY_ACTIVE_ARCH = YES;
				PRODUCT_BUNDLE_IDENTIFIER = com.tigerhuahuahu.suzhou.libai;
				PRODUCT_NAME = Libai;
				SDKROOT = iphoneos;
				SUPPORTED_PLATFORMS = "iphoneos iphonesimulator macosx";
				SUPPORTS_MACCATALYST = NO;
				SUPPORTS_MAC_DESIGNED_FOR_IPHONE_IPAD = NO;
				SWIFT_EMIT_LOC_STRINGS = YES;
				SWIFT_TREAT_WARNINGS_AS_ERRORS = YES;
				SWIFT_VERSION = 5.0;
				TARGETED_DEVICE_FAMILY = "1,2";
				VALIDATE_PRODUCT = YES;
			};
			name = Release;
		};
		269B8090281FBFC100324409 /* Debug */ = {
			isa = XCBuildConfiguration;
			buildSettings = {
				ASSETCATALOG_COMPILER_GLOBAL_ACCENT_COLOR_NAME = AccentColor;
				ASSETCATALOG_COMPILER_WIDGET_BACKGROUND_COLOR_NAME = WidgetBackground;
				CODE_SIGN_ENTITLEMENTS = PoemWidgetExtension.entitlements;
				CODE_SIGN_STYLE = Automatic;
				CURRENT_PROJECT_VERSION = 1;
				DEVELOPMENT_TEAM = F29WG8477A;
				GCC_TREAT_WARNINGS_AS_ERRORS = YES;
				GENERATE_INFOPLIST_FILE = YES;
				INFOPLIST_FILE = PoemWidget/Info.plist;
				INFOPLIST_KEY_CFBundleDisplayName = PoemWidget;
				INFOPLIST_KEY_NSHumanReadableCopyright = "";
				IPHONEOS_DEPLOYMENT_TARGET = 17.0;
				LD_RUNPATH_SEARCH_PATHS = (
					"$(inherited)",
					"@executable_path/Frameworks",
					"@executable_path/../../Frameworks",
				);
				MARKETING_VERSION = "$(MARKETING_VERSION)";
				PRODUCT_BUNDLE_IDENTIFIER = com.tigerhuahuahu.suzhou.libai.PoemWidget;
				PRODUCT_NAME = "$(TARGET_NAME)";
				SDKROOT = iphoneos;
				SKIP_INSTALL = YES;
				SWIFT_EMIT_LOC_STRINGS = YES;
				SWIFT_TREAT_WARNINGS_AS_ERRORS = YES;
				SWIFT_VERSION = 5.0;
				TARGETED_DEVICE_FAMILY = "1,2";
			};
			name = Debug;
		};
		269B8091281FBFC100324409 /* Release */ = {
			isa = XCBuildConfiguration;
			buildSettings = {
				ASSETCATALOG_COMPILER_GLOBAL_ACCENT_COLOR_NAME = AccentColor;
				ASSETCATALOG_COMPILER_WIDGET_BACKGROUND_COLOR_NAME = WidgetBackground;
				CODE_SIGN_ENTITLEMENTS = PoemWidgetExtension.entitlements;
				CODE_SIGN_STYLE = Automatic;
				CURRENT_PROJECT_VERSION = 1;
				DEVELOPMENT_TEAM = F29WG8477A;
				GCC_TREAT_WARNINGS_AS_ERRORS = YES;
				GENERATE_INFOPLIST_FILE = YES;
				INFOPLIST_FILE = PoemWidget/Info.plist;
				INFOPLIST_KEY_CFBundleDisplayName = PoemWidget;
				INFOPLIST_KEY_NSHumanReadableCopyright = "";
				IPHONEOS_DEPLOYMENT_TARGET = 17.0;
				LD_RUNPATH_SEARCH_PATHS = (
					"$(inherited)",
					"@executable_path/Frameworks",
					"@executable_path/../../Frameworks",
				);
				MARKETING_VERSION = "$(MARKETING_VERSION)";
				PRODUCT_BUNDLE_IDENTIFIER = com.tigerhuahuahu.suzhou.libai.PoemWidget;
				PRODUCT_NAME = "$(TARGET_NAME)";
				SDKROOT = iphoneos;
				SKIP_INSTALL = YES;
				SWIFT_EMIT_LOC_STRINGS = YES;
				SWIFT_TREAT_WARNINGS_AS_ERRORS = YES;
				SWIFT_VERSION = 5.0;
				TARGETED_DEVICE_FAMILY = "1,2";
				VALIDATE_PRODUCT = YES;
			};
			name = Release;
		};
/* End XCBuildConfiguration section */

/* Begin XCConfigurationList section */
		264F83212786E6C400B3079A /* Build configuration list for PBXNativeTarget "LibaiTests" */ = {
			isa = XCConfigurationList;
			buildConfigurations = (
				264F83222786E6C400B3079A /* Debug */,
				264F83232786E6C400B3079A /* Release */,
			);
			defaultConfigurationIsVisible = 0;
			defaultConfigurationName = Release;
		};
		2674B0D627769C7B0073D10C /* Build configuration list for PBXProject "Libai" */ = {
			isa = XCConfigurationList;
			buildConfigurations = (
				2674B10627769C7E0073D10C /* Debug */,
				2674B10727769C7E0073D10C /* Release */,
			);
			defaultConfigurationIsVisible = 0;
			defaultConfigurationName = Release;
		};
		2674B10827769C7E0073D10C /* Build configuration list for PBXNativeTarget "Libai" */ = {
			isa = XCConfigurationList;
			buildConfigurations = (
				2674B10927769C7E0073D10C /* Debug */,
				2674B10A27769C7E0073D10C /* Release */,
			);
			defaultConfigurationIsVisible = 0;
			defaultConfigurationName = Release;
		};
		269B8092281FBFC100324409 /* Build configuration list for PBXNativeTarget "PoemWidgetExtension" */ = {
			isa = XCConfigurationList;
			buildConfigurations = (
				269B8090281FBFC100324409 /* Debug */,
				269B8091281FBFC100324409 /* Release */,
			);
			defaultConfigurationIsVisible = 0;
			defaultConfigurationName = Release;
		};
/* End XCConfigurationList section */

/* Begin XCRemoteSwiftPackageReference section */
		26EDC87C27B169740074D19B /* XCRemoteSwiftPackageReference "AlertToast" */ = {
			isa = XCRemoteSwiftPackageReference;
			repositoryURL = "https://github.com/elai950/AlertToast";
			requirement = {
				kind = upToNextMajorVersion;
				minimumVersion = 1.0.0;
			};
		};
/* End XCRemoteSwiftPackageReference section */

/* Begin XCSwiftPackageProductDependency section */
		26EDC87D27B169740074D19B /* AlertToast */ = {
			isa = XCSwiftPackageProductDependency;
			package = 26EDC87C27B169740074D19B /* XCRemoteSwiftPackageReference "AlertToast" */;
			productName = AlertToast;
		};
		604E3C5A2CA64DD400A72437 /* HLocation */ = {
			isa = XCSwiftPackageProductDependency;
			productName = HLocation;
		};
		60AAD2F62B9030D80066AA2C /* LibaiAppConstants */ = {
			isa = XCSwiftPackageProductDependency;
			productName = LibaiAppConstants;
		};
		60AAD2F82B9030DD0066AA2C /* LibaiModel */ = {
			isa = XCSwiftPackageProductDependency;
			productName = LibaiModel;
		};
		60AAD2FA2B9030E50066AA2C /* LibaiAppConstants */ = {
			isa = XCSwiftPackageProductDependency;
			productName = LibaiAppConstants;
		};
		60AAD2FC2B9030EA0066AA2C /* LibaiModel */ = {
			isa = XCSwiftPackageProductDependency;
			productName = LibaiModel;
		};
		60ABAAF72A596F4A004F5B8E /* HLocalization */ = {
			isa = XCSwiftPackageProductDependency;
			productName = HLocalization;
		};
		60ABAAFF2A59781F004F5B8E /* HFoundation */ = {
			isa = XCSwiftPackageProductDependency;
			productName = HFoundation;
		};
		60ABAB072A597D11004F5B8E /* HUIComponent */ = {
			isa = XCSwiftPackageProductDependency;
			productName = HUIComponent;
		};
/* End XCSwiftPackageProductDependency section */

/* Begin XCVersionGroup section */
		261F0E6827D245E300F84A39 /* Libai.xcdatamodeld */ = {
			isa = XCVersionGroup;
			children = (
				261F0E6927D245E300F84A39 /* Libai.xcdatamodel */,
			);
			currentVersion = 261F0E6927D245E300F84A39 /* Libai.xcdatamodel */;
			path = Libai.xcdatamodeld;
			sourceTree = "<group>";
			versionGroupType = wrapper.xcdatamodel;
		};
/* End XCVersionGroup section */
	};
	rootObject = 2674B0D327769C7B0073D10C /* Project object */;
}
