// !$*UTF8*$!
{
	archiveVersion = 1;
	classes = {
	};
	objectVersion = 71;
	objects = {

/* Begin PBXBuildFile section */
		602AEDB32BCA73DD00D5B617 /* ClipboardInspector.xcprivacy in Resources */ = {isa = PBXBuildFile; fileRef = 602AEDB22BCA73DD00D5B617 /* ClipboardInspector.xcprivacy */; };
		6047128029C4AE6200630FB6 /* Localizable.strings in Resources */ = {isa = PBXBuildFile; fileRef = 6047128229C4AE6200630FB6 /* Localizable.strings */; };
		605EDAD429D9502D0083E171 /* (null) in Sources */ = {isa = PBXBuildFile; };
		605EDAD629D9503F0083E171 /* (null) in Sources */ = {isa = PBXBuildFile; };
		60A88EAB29DC657F002071EA /* InfoPlist.strings in Resources */ = {isa = PBXBuildFile; fileRef = 60A88EAD29DC657F002071EA /* InfoPlist.strings */; };
		60ABAAFA2A596F65004F5B8E /* HLocalization in Frameworks */ = {isa = PBXBuildFile; productRef = 60ABAAF92A596F65004F5B8E /* HLocalization */; };
		60ABAB022A597836004F5B8E /* HFoundation in Frameworks */ = {isa = PBXBuildFile; productRef = 60ABAB012A597836004F5B8E /* HFoundation */; };
		60ABAB0A2A597D20004F5B8E /* HUIComponent in Frameworks */ = {isa = PBXBuildFile; productRef = 60ABAB092A597D20004F5B8E /* HUIComponent */; };
/* End PBXBuildFile section */

/* Begin PBXContainerItemProxy section */
		6076BD4D29C2F9860048A100 /* PBXContainerItemProxy */ = {
			isa = PBXContainerItemProxy;
			containerPortal = 6076BD3329C2F9850048A100 /* Project object */;
			proxyType = 1;
			remoteGlobalIDString = 6076BD3A29C2F9850048A100;
			remoteInfo = ClipboardInspector;
		};
		6076BD5729C2F9860048A100 /* PBXContainerItemProxy */ = {
			isa = PBXContainerItemProxy;
			containerPortal = 6076BD3329C2F9850048A100 /* Project object */;
			proxyType = 1;
			remoteGlobalIDString = 6076BD3A29C2F9850048A100;
			remoteInfo = ClipboardInspector;
		};
/* End PBXContainerItemProxy section */

/* Begin PBXCopyFilesBuildPhase section */
		605628CC2A5AA91A00026D45 /* Embed ExtensionKit Extensions */ = {
			isa = PBXCopyFilesBuildPhase;
			buildActionMask = 2147483647;
			dstPath = "$(EXTENSIONS_FOLDER_PATH)";
			dstSubfolderSpec = 16;
			files = (
			);
			name = "Embed ExtensionKit Extensions";
			runOnlyForDeploymentPostprocessing = 0;
		};
/* End PBXCopyFilesBuildPhase section */

/* Begin PBXFileReference section */
		602AEDB22BCA73DD00D5B617 /* ClipboardInspector.xcprivacy */ = {isa = PBXFileReference; lastKnownFileType = text.xml; path = ClipboardInspector.xcprivacy; sourceTree = "<group>"; };
		60319CBC29C6AC7700F160A5 /* HUIComponent.framework */ = {isa = PBXFileReference; explicitFileType = wrapper.framework; path = HUIComponent.framework; sourceTree = BUILT_PRODUCTS_DIR; };
		6047128129C4AE6200630FB6 /* zh-Hans */ = {isa = PBXFileReference; lastKnownFileType = text.plist.strings; name = "zh-Hans"; path = "zh-Hans.lproj/Localizable.strings"; sourceTree = "<group>"; };
		6047128329C4AE8C00630FB6 /* en */ = {isa = PBXFileReference; lastKnownFileType = text.plist.strings; name = en; path = en.lproj/Localizable.strings; sourceTree = "<group>"; };
		6076BD3B29C2F9850048A100 /* HClipboard.app */ = {isa = PBXFileReference; explicitFileType = wrapper.application; includeInIndex = 0; path = HClipboard.app; sourceTree = BUILT_PRODUCTS_DIR; };
		6076BD4C29C2F9860048A100 /* ClipboardInspectorTests.xctest */ = {isa = PBXFileReference; explicitFileType = wrapper.cfbundle; includeInIndex = 0; path = ClipboardInspectorTests.xctest; sourceTree = BUILT_PRODUCTS_DIR; };
		6076BD5629C2F9860048A100 /* ClipboardInspectorUITests.xctest */ = {isa = PBXFileReference; explicitFileType = wrapper.cfbundle; includeInIndex = 0; path = ClipboardInspectorUITests.xctest; sourceTree = BUILT_PRODUCTS_DIR; };
		6084A5DD29C70F4600D19B6A /* HLocalization.framework */ = {isa = PBXFileReference; explicitFileType = wrapper.framework; path = HLocalization.framework; sourceTree = BUILT_PRODUCTS_DIR; };
		60A88EAC29DC657F002071EA /* zh-Hans */ = {isa = PBXFileReference; lastKnownFileType = text.plist.strings; name = "zh-Hans"; path = "zh-Hans.lproj/InfoPlist.strings"; sourceTree = "<group>"; };
		60A88EAE29DC6583002071EA /* en */ = {isa = PBXFileReference; lastKnownFileType = text.plist.strings; name = en; path = en.lproj/InfoPlist.strings; sourceTree = "<group>"; };
		60AA15C029CFCC7300308F75 /* HFoundation.framework */ = {isa = PBXFileReference; explicitFileType = wrapper.framework; path = HFoundation.framework; sourceTree = BUILT_PRODUCTS_DIR; };
/* End PBXFileReference section */

/* Begin PBXFileSystemSynchronizedBuildFileExceptionSet section */
		60F3E1E52CDDF37300C05BFB /* PBXFileSystemSynchronizedBuildFileExceptionSet */ = {
			isa = PBXFileSystemSynchronizedBuildFileExceptionSet;
			membershipExceptions = (
				Info.plist,
			);
			target = 6076BD3A29C2F9850048A100 /* ClipboardInspector */;
		};
/* End PBXFileSystemSynchronizedBuildFileExceptionSet section */

/* Begin PBXFileSystemSynchronizedRootGroup section */
		60F3E1B12CDDF37200C05BFB /* ClipboardInspector */ = {isa = PBXFileSystemSynchronizedRootGroup; exceptions = (60F3E1E52CDDF37300C05BFB /* PBXFileSystemSynchronizedBuildFileExceptionSet */, ); explicitFileTypes = {}; explicitFolders = (); path = ClipboardInspector; sourceTree = "<group>"; };
		60F3E1DE2CDDF37200C05BFB /* ClipboardInspectorTests */ = {isa = PBXFileSystemSynchronizedRootGroup; explicitFileTypes = {}; explicitFolders = (); path = ClipboardInspectorTests; sourceTree = "<group>"; };
		60F3E1E22CDDF37200C05BFB /* ClipboardInspectorUITests */ = {isa = PBXFileSystemSynchronizedRootGroup; explicitFileTypes = {}; explicitFolders = (); path = ClipboardInspectorUITests; sourceTree = "<group>"; };
		60F3E1E92CDDF37400C05BFB /* config */ = {isa = PBXFileSystemSynchronizedRootGroup; explicitFileTypes = {}; explicitFolders = (); path = config; sourceTree = "<group>"; };
/* End PBXFileSystemSynchronizedRootGroup section */

/* Begin PBXFrameworksBuildPhase section */
		6076BD3829C2F9850048A100 /* Frameworks */ = {
			isa = PBXFrameworksBuildPhase;
			buildActionMask = 2147483647;
			files = (
				60ABAAFA2A596F65004F5B8E /* HLocalization in Frameworks */,
				60ABAB022A597836004F5B8E /* HFoundation in Frameworks */,
				60ABAB0A2A597D20004F5B8E /* HUIComponent in Frameworks */,
			);
			runOnlyForDeploymentPostprocessing = 0;
		};
		6076BD4929C2F9860048A100 /* Frameworks */ = {
			isa = PBXFrameworksBuildPhase;
			buildActionMask = 2147483647;
			files = (
			);
			runOnlyForDeploymentPostprocessing = 0;
		};
		6076BD5329C2F9860048A100 /* Frameworks */ = {
			isa = PBXFrameworksBuildPhase;
			buildActionMask = 2147483647;
			files = (
			);
			runOnlyForDeploymentPostprocessing = 0;
		};
/* End PBXFrameworksBuildPhase section */

/* Begin PBXGroup section */
		60319CBB29C6AC7700F160A5 /* Frameworks */ = {
			isa = PBXGroup;
			children = (
				60AA15C029CFCC7300308F75 /* HFoundation.framework */,
				6084A5DD29C70F4600D19B6A /* HLocalization.framework */,
				60319CBC29C6AC7700F160A5 /* HUIComponent.framework */,
			);
			name = Frameworks;
			sourceTree = "<group>";
		};
		6076BD3229C2F9850048A100 = {
			isa = PBXGroup;
			children = (
				602AEDB22BCA73DD00D5B617 /* ClipboardInspector.xcprivacy */,
				60F3E1E92CDDF37400C05BFB /* config */,
				60A88EAD29DC657F002071EA /* InfoPlist.strings */,
				6047128229C4AE6200630FB6 /* Localizable.strings */,
				60F3E1B12CDDF37200C05BFB /* ClipboardInspector */,
				60F3E1DE2CDDF37200C05BFB /* ClipboardInspectorTests */,
				60F3E1E22CDDF37200C05BFB /* ClipboardInspectorUITests */,
				6076BD3C29C2F9850048A100 /* Products */,
				60319CBB29C6AC7700F160A5 /* Frameworks */,
			);
			sourceTree = "<group>";
		};
		6076BD3C29C2F9850048A100 /* Products */ = {
			isa = PBXGroup;
			children = (
				6076BD3B29C2F9850048A100 /* HClipboard.app */,
				6076BD4C29C2F9860048A100 /* ClipboardInspectorTests.xctest */,
				6076BD5629C2F9860048A100 /* ClipboardInspectorUITests.xctest */,
			);
			name = Products;
			sourceTree = "<group>";
		};
/* End PBXGroup section */

/* Begin PBXNativeTarget section */
		6076BD3A29C2F9850048A100 /* ClipboardInspector */ = {
			isa = PBXNativeTarget;
			buildConfigurationList = 6076BD6029C2F9860048A100 /* Build configuration list for PBXNativeTarget "ClipboardInspector" */;
			buildPhases = (
				6076BD3729C2F9850048A100 /* Sources */,
				6076BD3829C2F9850048A100 /* Frameworks */,
				6076BD3929C2F9850048A100 /* Resources */,
				605628CC2A5AA91A00026D45 /* Embed ExtensionKit Extensions */,
			);
			buildRules = (
			);
			dependencies = (
			);
			fileSystemSynchronizedGroups = (
				60F3E1B12CDDF37200C05BFB /* ClipboardInspector */,
			);
			name = ClipboardInspector;
			packageProductDependencies = (
				60ABAAF92A596F65004F5B8E /* HLocalization */,
				60ABAB012A597836004F5B8E /* HFoundation */,
				60ABAB092A597D20004F5B8E /* HUIComponent */,
			);
			productName = ClipboardInspector;
			productReference = 6076BD3B29C2F9850048A100 /* HClipboard.app */;
			productType = "com.apple.product-type.application";
		};
		6076BD4B29C2F9860048A100 /* ClipboardInspectorTests */ = {
			isa = PBXNativeTarget;
			buildConfigurationList = 6076BD6329C2F9860048A100 /* Build configuration list for PBXNativeTarget "ClipboardInspectorTests" */;
			buildPhases = (
				6076BD4829C2F9860048A100 /* Sources */,
				6076BD4929C2F9860048A100 /* Frameworks */,
				6076BD4A29C2F9860048A100 /* Resources */,
			);
			buildRules = (
			);
			dependencies = (
				6076BD4E29C2F9860048A100 /* PBXTargetDependency */,
			);
			fileSystemSynchronizedGroups = (
				60F3E1DE2CDDF37200C05BFB /* ClipboardInspectorTests */,
			);
			name = ClipboardInspectorTests;
			productName = ClipboardInspectorTests;
			productReference = 6076BD4C29C2F9860048A100 /* ClipboardInspectorTests.xctest */;
			productType = "com.apple.product-type.bundle.unit-test";
		};
		6076BD5529C2F9860048A100 /* ClipboardInspectorUITests */ = {
			isa = PBXNativeTarget;
			buildConfigurationList = 6076BD6629C2F9860048A100 /* Build configuration list for PBXNativeTarget "ClipboardInspectorUITests" */;
			buildPhases = (
				6076BD5229C2F9860048A100 /* Sources */,
				6076BD5329C2F9860048A100 /* Frameworks */,
				6076BD5429C2F9860048A100 /* Resources */,
			);
			buildRules = (
			);
			dependencies = (
				6076BD5829C2F9860048A100 /* PBXTargetDependency */,
			);
			fileSystemSynchronizedGroups = (
				60F3E1E22CDDF37200C05BFB /* ClipboardInspectorUITests */,
			);
			name = ClipboardInspectorUITests;
			productName = ClipboardInspectorUITests;
			productReference = 6076BD5629C2F9860048A100 /* ClipboardInspectorUITests.xctest */;
			productType = "com.apple.product-type.bundle.ui-testing";
		};
/* End PBXNativeTarget section */

/* Begin PBXProject section */
		6076BD3329C2F9850048A100 /* Project object */ = {
			isa = PBXProject;
			attributes = {
				BuildIndependentTargetsInParallel = 1;
				LastSwiftUpdateCheck = 1430;
				LastUpgradeCheck = 1500;
				TargetAttributes = {
					6076BD3A29C2F9850048A100 = {
						CreatedOnToolsVersion = 14.2;
					};
					6076BD4B29C2F9860048A100 = {
						CreatedOnToolsVersion = 14.2;
						TestTargetID = 6076BD3A29C2F9850048A100;
					};
					6076BD5529C2F9860048A100 = {
						CreatedOnToolsVersion = 14.2;
						TestTargetID = 6076BD3A29C2F9850048A100;
					};
				};
			};
			buildConfigurationList = 6076BD3629C2F9850048A100 /* Build configuration list for PBXProject "ClipboardInspector" */;
			compatibilityVersion = "Xcode 14.0";
			developmentRegion = en;
			hasScannedForEncodings = 0;
			knownRegions = (
				en,
				"zh-Hans",
				Base,
			);
			mainGroup = 6076BD3229C2F9850048A100;
			productRefGroup = 6076BD3C29C2F9850048A100 /* Products */;
			projectDirPath = "";
			projectRoot = "";
			targets = (
				6076BD3A29C2F9850048A100 /* ClipboardInspector */,
				6076BD4B29C2F9860048A100 /* ClipboardInspectorTests */,
				6076BD5529C2F9860048A100 /* ClipboardInspectorUITests */,
			);
		};
/* End PBXProject section */

/* Begin PBXResourcesBuildPhase section */
		6076BD3929C2F9850048A100 /* Resources */ = {
			isa = PBXResourcesBuildPhase;
			buildActionMask = 2147483647;
			files = (
				602AEDB32BCA73DD00D5B617 /* ClipboardInspector.xcprivacy in Resources */,
				60A88EAB29DC657F002071EA /* InfoPlist.strings in Resources */,
				6047128029C4AE6200630FB6 /* Localizable.strings in Resources */,
			);
			runOnlyForDeploymentPostprocessing = 0;
		};
		6076BD4A29C2F9860048A100 /* Resources */ = {
			isa = PBXResourcesBuildPhase;
			buildActionMask = 2147483647;
			files = (
			);
			runOnlyForDeploymentPostprocessing = 0;
		};
		6076BD5429C2F9860048A100 /* Resources */ = {
			isa = PBXResourcesBuildPhase;
			buildActionMask = 2147483647;
			files = (
			);
			runOnlyForDeploymentPostprocessing = 0;
		};
/* End PBXResourcesBuildPhase section */

/* Begin PBXSourcesBuildPhase section */
		6076BD3729C2F9850048A100 /* Sources */ = {
			isa = PBXSourcesBuildPhase;
			buildActionMask = 2147483647;
			files = (
				605EDAD429D9502D0083E171 /* (null) in Sources */,
				605EDAD629D9503F0083E171 /* (null) in Sources */,
			);
			runOnlyForDeploymentPostprocessing = 0;
		};
		6076BD4829C2F9860048A100 /* Sources */ = {
			isa = PBXSourcesBuildPhase;
			buildActionMask = 2147483647;
			files = (
			);
			runOnlyForDeploymentPostprocessing = 0;
		};
		6076BD5229C2F9860048A100 /* Sources */ = {
			isa = PBXSourcesBuildPhase;
			buildActionMask = 2147483647;
			files = (
			);
			runOnlyForDeploymentPostprocessing = 0;
		};
/* End PBXSourcesBuildPhase section */

/* Begin PBXTargetDependency section */
		6076BD4E29C2F9860048A100 /* PBXTargetDependency */ = {
			isa = PBXTargetDependency;
			target = 6076BD3A29C2F9850048A100 /* ClipboardInspector */;
			targetProxy = 6076BD4D29C2F9860048A100 /* PBXContainerItemProxy */;
		};
		6076BD5829C2F9860048A100 /* PBXTargetDependency */ = {
			isa = PBXTargetDependency;
			target = 6076BD3A29C2F9850048A100 /* ClipboardInspector */;
			targetProxy = 6076BD5729C2F9860048A100 /* PBXContainerItemProxy */;
		};
/* End PBXTargetDependency section */

/* Begin PBXVariantGroup section */
		6047128229C4AE6200630FB6 /* Localizable.strings */ = {
			isa = PBXVariantGroup;
			children = (
				6047128129C4AE6200630FB6 /* zh-Hans */,
				6047128329C4AE8C00630FB6 /* en */,
			);
			name = Localizable.strings;
			sourceTree = "<group>";
		};
		60A88EAD29DC657F002071EA /* InfoPlist.strings */ = {
			isa = PBXVariantGroup;
			children = (
				60A88EAC29DC657F002071EA /* zh-Hans */,
				60A88EAE29DC6583002071EA /* en */,
			);
			name = InfoPlist.strings;
			sourceTree = "<group>";
		};
/* End PBXVariantGroup section */

/* Begin XCBuildConfiguration section */
		6076BD5E29C2F9860048A100 /* Debug */ = {
			isa = XCBuildConfiguration;
			buildSettings = {
				ALWAYS_SEARCH_USER_PATHS = NO;
				ASSETCATALOG_COMPILER_GENERATE_SWIFT_ASSET_SYMBOL_EXTENSIONS = YES;
				CLANG_ANALYZER_LOCALIZABILITY_NONLOCALIZED = YES;
				CLANG_ANALYZER_NONNULL = YES;
				CLANG_ANALYZER_NUMBER_OBJECT_CONVERSION = YES_AGGRESSIVE;
				CLANG_CXX_LANGUAGE_STANDARD = "gnu++20";
				CLANG_ENABLE_MODULES = YES;
				CLANG_ENABLE_OBJC_ARC = YES;
				CLANG_ENABLE_OBJC_WEAK = YES;
				CLANG_WARN_BLOCK_CAPTURE_AUTORELEASING = YES;
				CLANG_WARN_BOOL_CONVERSION = YES;
				CLANG_WARN_COMMA = YES;
				CLANG_WARN_CONSTANT_CONVERSION = YES;
				CLANG_WARN_DEPRECATED_OBJC_IMPLEMENTATIONS = YES;
				CLANG_WARN_DIRECT_OBJC_ISA_USAGE = YES_ERROR;
				CLANG_WARN_DOCUMENTATION_COMMENTS = YES;
				CLANG_WARN_EMPTY_BODY = YES;
				CLANG_WARN_ENUM_CONVERSION = YES;
				CLANG_WARN_INFINITE_RECURSION = YES;
				CLANG_WARN_INT_CONVERSION = YES;
				CLANG_WARN_NON_LITERAL_NULL_CONVERSION = YES;
				CLANG_WARN_OBJC_IMPLICIT_RETAIN_SELF = YES;
				CLANG_WARN_OBJC_LITERAL_CONVERSION = YES;
				CLANG_WARN_OBJC_ROOT_CLASS = YES_ERROR;
				CLANG_WARN_QUOTED_INCLUDE_IN_FRAMEWORK_HEADER = YES;
				CLANG_WARN_RANGE_LOOP_ANALYSIS = YES;
				CLANG_WARN_STRICT_PROTOTYPES = YES;
				CLANG_WARN_SUSPICIOUS_MOVE = YES;
				CLANG_WARN_UNGUARDED_AVAILABILITY = YES_AGGRESSIVE;
				CLANG_WARN_UNREACHABLE_CODE = YES;
				CLANG_WARN__DUPLICATE_METHOD_MATCH = YES;
				COPY_PHASE_STRIP = NO;
				DEAD_CODE_STRIPPING = YES;
				DEBUG_INFORMATION_FORMAT = dwarf;
				ENABLE_STRICT_OBJC_MSGSEND = YES;
				ENABLE_TESTABILITY = YES;
				ENABLE_USER_SCRIPT_SANDBOXING = YES;
				GCC_C_LANGUAGE_STANDARD = gnu11;
				GCC_DYNAMIC_NO_PIC = NO;
				GCC_NO_COMMON_BLOCKS = YES;
				GCC_OPTIMIZATION_LEVEL = 0;
				GCC_PREPROCESSOR_DEFINITIONS = (
					"DEBUG=1",
					"$(inherited)",
				);
				GCC_WARN_64_TO_32_BIT_CONVERSION = YES;
				GCC_WARN_ABOUT_RETURN_TYPE = YES_ERROR;
				GCC_WARN_UNDECLARED_SELECTOR = YES;
				GCC_WARN_UNINITIALIZED_AUTOS = YES_AGGRESSIVE;
				GCC_WARN_UNUSED_FUNCTION = YES;
				GCC_WARN_UNUSED_VARIABLE = YES;
				MTL_ENABLE_DEBUG_INFO = INCLUDE_SOURCE;
				MTL_FAST_MATH = YES;
				ONLY_ACTIVE_ARCH = YES;
				SWIFT_ACTIVE_COMPILATION_CONDITIONS = DEBUG;
				SWIFT_OPTIMIZATION_LEVEL = "-Onone";
			};
			name = Debug;
		};
		6076BD5F29C2F9860048A100 /* Release */ = {
			isa = XCBuildConfiguration;
			buildSettings = {
				ALWAYS_SEARCH_USER_PATHS = NO;
				ASSETCATALOG_COMPILER_GENERATE_SWIFT_ASSET_SYMBOL_EXTENSIONS = YES;
				CLANG_ANALYZER_LOCALIZABILITY_NONLOCALIZED = YES;
				CLANG_ANALYZER_NONNULL = YES;
				CLANG_ANALYZER_NUMBER_OBJECT_CONVERSION = YES_AGGRESSIVE;
				CLANG_CXX_LANGUAGE_STANDARD = "gnu++20";
				CLANG_ENABLE_MODULES = YES;
				CLANG_ENABLE_OBJC_ARC = YES;
				CLANG_ENABLE_OBJC_WEAK = YES;
				CLANG_WARN_BLOCK_CAPTURE_AUTORELEASING = YES;
				CLANG_WARN_BOOL_CONVERSION = YES;
				CLANG_WARN_COMMA = YES;
				CLANG_WARN_CONSTANT_CONVERSION = YES;
				CLANG_WARN_DEPRECATED_OBJC_IMPLEMENTATIONS = YES;
				CLANG_WARN_DIRECT_OBJC_ISA_USAGE = YES_ERROR;
				CLANG_WARN_DOCUMENTATION_COMMENTS = YES;
				CLANG_WARN_EMPTY_BODY = YES;
				CLANG_WARN_ENUM_CONVERSION = YES;
				CLANG_WARN_INFINITE_RECURSION = YES;
				CLANG_WARN_INT_CONVERSION = YES;
				CLANG_WARN_NON_LITERAL_NULL_CONVERSION = YES;
				CLANG_WARN_OBJC_IMPLICIT_RETAIN_SELF = YES;
				CLANG_WARN_OBJC_LITERAL_CONVERSION = YES;
				CLANG_WARN_OBJC_ROOT_CLASS = YES_ERROR;
				CLANG_WARN_QUOTED_INCLUDE_IN_FRAMEWORK_HEADER = YES;
				CLANG_WARN_RANGE_LOOP_ANALYSIS = YES;
				CLANG_WARN_STRICT_PROTOTYPES = YES;
				CLANG_WARN_SUSPICIOUS_MOVE = YES;
				CLANG_WARN_UNGUARDED_AVAILABILITY = YES_AGGRESSIVE;
				CLANG_WARN_UNREACHABLE_CODE = YES;
				CLANG_WARN__DUPLICATE_METHOD_MATCH = YES;
				COPY_PHASE_STRIP = NO;
				DEAD_CODE_STRIPPING = YES;
				DEBUG_INFORMATION_FORMAT = "dwarf-with-dsym";
				ENABLE_NS_ASSERTIONS = NO;
				ENABLE_STRICT_OBJC_MSGSEND = YES;
				ENABLE_USER_SCRIPT_SANDBOXING = YES;
				GCC_C_LANGUAGE_STANDARD = gnu11;
				GCC_NO_COMMON_BLOCKS = YES;
				GCC_WARN_64_TO_32_BIT_CONVERSION = YES;
				GCC_WARN_ABOUT_RETURN_TYPE = YES_ERROR;
				GCC_WARN_UNDECLARED_SELECTOR = YES;
				GCC_WARN_UNINITIALIZED_AUTOS = YES_AGGRESSIVE;
				GCC_WARN_UNUSED_FUNCTION = YES;
				GCC_WARN_UNUSED_VARIABLE = YES;
				MTL_ENABLE_DEBUG_INFO = NO;
				MTL_FAST_MATH = YES;
				SWIFT_COMPILATION_MODE = wholemodule;
				SWIFT_OPTIMIZATION_LEVEL = "-O";
			};
			name = Release;
		};
		6076BD6129C2F9860048A100 /* Debug */ = {
			isa = XCBuildConfiguration;
			baseConfigurationReferenceAnchor = 60F3E1E92CDDF37400C05BFB /* config */;
			baseConfigurationReferenceRelativePath = clipboard.debug.config.xcconfig;
			buildSettings = {
				ASSETCATALOG_COMPILER_APPICON_NAME = AppIcon;
				ASSETCATALOG_COMPILER_GLOBAL_ACCENT_COLOR_NAME = AccentColor;
				CODE_SIGN_ENTITLEMENTS = ClipboardInspector/ClipboardInspector.entitlements;
				"CODE_SIGN_IDENTITY[sdk=macosx*]" = "Apple Development";
				CODE_SIGN_STYLE = Automatic;
				CURRENT_PROJECT_VERSION = 1;
				DEAD_CODE_STRIPPING = YES;
				DEVELOPMENT_ASSET_PATHS = "\"ClipboardInspector/Preview Content\"";
				DEVELOPMENT_TEAM = F29WG8477A;
				ENABLE_HARDENED_RUNTIME = YES;
				ENABLE_PREVIEWS = YES;
				GCC_TREAT_WARNINGS_AS_ERRORS = YES;
				GENERATE_INFOPLIST_FILE = YES;
				INFOPLIST_FILE = ClipboardInspector/Info.plist;
				INFOPLIST_KEY_NSFaceIDUsageDescription = "See pasteboard";
				"INFOPLIST_KEY_UIApplicationSceneManifest_Generation[sdk=iphoneos*]" = YES;
				"INFOPLIST_KEY_UIApplicationSceneManifest_Generation[sdk=iphonesimulator*]" = YES;
				"INFOPLIST_KEY_UIApplicationSupportsIndirectInputEvents[sdk=iphoneos*]" = YES;
				"INFOPLIST_KEY_UIApplicationSupportsIndirectInputEvents[sdk=iphonesimulator*]" = YES;
				"INFOPLIST_KEY_UILaunchScreen_Generation[sdk=iphoneos*]" = YES;
				"INFOPLIST_KEY_UILaunchScreen_Generation[sdk=iphonesimulator*]" = YES;
				"INFOPLIST_KEY_UIStatusBarStyle[sdk=iphoneos*]" = UIStatusBarStyleDefault;
				"INFOPLIST_KEY_UIStatusBarStyle[sdk=iphonesimulator*]" = UIStatusBarStyleDefault;
				INFOPLIST_KEY_UISupportedInterfaceOrientations_iPad = "UIInterfaceOrientationPortrait UIInterfaceOrientationPortraitUpsideDown UIInterfaceOrientationLandscapeLeft UIInterfaceOrientationLandscapeRight";
				INFOPLIST_KEY_UISupportedInterfaceOrientations_iPhone = "UIInterfaceOrientationPortrait UIInterfaceOrientationLandscapeLeft UIInterfaceOrientationLandscapeRight";
				IPHONEOS_DEPLOYMENT_TARGET = 17.0;
				LD_RUNPATH_SEARCH_PATHS = "@executable_path/Frameworks";
				"LD_RUNPATH_SEARCH_PATHS[sdk=macosx*]" = "@executable_path/../Frameworks";
				MACOSX_DEPLOYMENT_TARGET = 13.0;
				PRODUCT_BUNDLE_IDENTIFIER = com.tiger.suzhou.ClipboardInspector.debug;
				PRODUCT_NAME = HClipboard;
				SDKROOT = auto;
				SUPPORTED_PLATFORMS = "iphoneos iphonesimulator macosx xros xrsimulator";
				SUPPORTS_MACCATALYST = NO;
				SWIFT_EMIT_LOC_STRINGS = YES;
				SWIFT_TREAT_WARNINGS_AS_ERRORS = YES;
				SWIFT_VERSION = 5.0;
				TARGETED_DEVICE_FAMILY = "1,2,7";
			};
			name = Debug;
		};
		6076BD6229C2F9860048A100 /* Release */ = {
			isa = XCBuildConfiguration;
			baseConfigurationReferenceAnchor = 60F3E1E92CDDF37400C05BFB /* config */;
			baseConfigurationReferenceRelativePath = clipboard.release.config.xcconfig;
			buildSettings = {
				ASSETCATALOG_COMPILER_APPICON_NAME = AppIcon;
				ASSETCATALOG_COMPILER_GLOBAL_ACCENT_COLOR_NAME = AccentColor;
				CODE_SIGN_ENTITLEMENTS = ClipboardInspector/ClipboardInspector.entitlements;
				"CODE_SIGN_IDENTITY[sdk=macosx*]" = "Apple Development";
				CODE_SIGN_STYLE = Automatic;
				CURRENT_PROJECT_VERSION = 1;
				DEAD_CODE_STRIPPING = YES;
				DEVELOPMENT_ASSET_PATHS = "\"ClipboardInspector/Preview Content\"";
				DEVELOPMENT_TEAM = F29WG8477A;
				ENABLE_HARDENED_RUNTIME = YES;
				ENABLE_PREVIEWS = YES;
				GCC_TREAT_WARNINGS_AS_ERRORS = YES;
				GENERATE_INFOPLIST_FILE = YES;
				INFOPLIST_FILE = ClipboardInspector/Info.plist;
				INFOPLIST_KEY_NSFaceIDUsageDescription = "See pasteboard";
				"INFOPLIST_KEY_UIApplicationSceneManifest_Generation[sdk=iphoneos*]" = YES;
				"INFOPLIST_KEY_UIApplicationSceneManifest_Generation[sdk=iphonesimulator*]" = YES;
				"INFOPLIST_KEY_UIApplicationSupportsIndirectInputEvents[sdk=iphoneos*]" = YES;
				"INFOPLIST_KEY_UIApplicationSupportsIndirectInputEvents[sdk=iphonesimulator*]" = YES;
				"INFOPLIST_KEY_UILaunchScreen_Generation[sdk=iphoneos*]" = YES;
				"INFOPLIST_KEY_UILaunchScreen_Generation[sdk=iphonesimulator*]" = YES;
				"INFOPLIST_KEY_UIStatusBarStyle[sdk=iphoneos*]" = UIStatusBarStyleDefault;
				"INFOPLIST_KEY_UIStatusBarStyle[sdk=iphonesimulator*]" = UIStatusBarStyleDefault;
				INFOPLIST_KEY_UISupportedInterfaceOrientations_iPad = "UIInterfaceOrientationPortrait UIInterfaceOrientationPortraitUpsideDown UIInterfaceOrientationLandscapeLeft UIInterfaceOrientationLandscapeRight";
				INFOPLIST_KEY_UISupportedInterfaceOrientations_iPhone = "UIInterfaceOrientationPortrait UIInterfaceOrientationLandscapeLeft UIInterfaceOrientationLandscapeRight";
				IPHONEOS_DEPLOYMENT_TARGET = 17.0;
				LD_RUNPATH_SEARCH_PATHS = "@executable_path/Frameworks";
				"LD_RUNPATH_SEARCH_PATHS[sdk=macosx*]" = "@executable_path/../Frameworks";
				MACOSX_DEPLOYMENT_TARGET = 13.0;
				PRODUCT_BUNDLE_IDENTIFIER = com.tiger.suzhou.ClipboardInspector;
				PRODUCT_NAME = HClipboard;
				SDKROOT = auto;
				SUPPORTED_PLATFORMS = "iphoneos iphonesimulator macosx xros xrsimulator";
				SUPPORTS_MACCATALYST = NO;
				SWIFT_EMIT_LOC_STRINGS = YES;
				SWIFT_TREAT_WARNINGS_AS_ERRORS = YES;
				SWIFT_VERSION = 5.0;
				TARGETED_DEVICE_FAMILY = "1,2,7";
			};
			name = Release;
		};
		6076BD6429C2F9860048A100 /* Debug */ = {
			isa = XCBuildConfiguration;
			buildSettings = {
				BUNDLE_LOADER = "$(TEST_HOST)";
				CODE_SIGN_STYLE = Automatic;
				CURRENT_PROJECT_VERSION = 1;
				DEAD_CODE_STRIPPING = YES;
				DEVELOPMENT_TEAM = F29WG8477A;
				GENERATE_INFOPLIST_FILE = YES;
				IPHONEOS_DEPLOYMENT_TARGET = 17.0;
				MACOSX_DEPLOYMENT_TARGET = 13.0;
				MARKETING_VERSION = 1.1;
				PRODUCT_BUNDLE_IDENTIFIER = com.tiger.suzhou.ClipboardInspectorTests;
				PRODUCT_NAME = "$(TARGET_NAME)";
				SDKROOT = auto;
				SUPPORTED_PLATFORMS = "iphoneos iphonesimulator macosx";
				SWIFT_EMIT_LOC_STRINGS = NO;
				SWIFT_VERSION = 5.0;
				TARGETED_DEVICE_FAMILY = "1,2";
				TEST_HOST = "$(BUILT_PRODUCTS_DIR)/HClipboard.app/$(BUNDLE_EXECUTABLE_FOLDER_PATH)/HClipboard";
			};
			name = Debug;
		};
		6076BD6529C2F9860048A100 /* Release */ = {
			isa = XCBuildConfiguration;
			buildSettings = {
				BUNDLE_LOADER = "$(TEST_HOST)";
				CODE_SIGN_STYLE = Automatic;
				CURRENT_PROJECT_VERSION = 1;
				DEAD_CODE_STRIPPING = YES;
				DEVELOPMENT_TEAM = F29WG8477A;
				GENERATE_INFOPLIST_FILE = YES;
				IPHONEOS_DEPLOYMENT_TARGET = 17.0;
				MACOSX_DEPLOYMENT_TARGET = 13.0;
				MARKETING_VERSION = 1.1;
				PRODUCT_BUNDLE_IDENTIFIER = com.tiger.suzhou.ClipboardInspectorTests;
				PRODUCT_NAME = "$(TARGET_NAME)";
				SDKROOT = auto;
				SUPPORTED_PLATFORMS = "iphoneos iphonesimulator macosx";
				SWIFT_EMIT_LOC_STRINGS = NO;
				SWIFT_VERSION = 5.0;
				TARGETED_DEVICE_FAMILY = "1,2";
				TEST_HOST = "$(BUILT_PRODUCTS_DIR)/HClipboard.app/$(BUNDLE_EXECUTABLE_FOLDER_PATH)/HClipboard";
			};
			name = Release;
		};
		6076BD6729C2F9860048A100 /* Debug */ = {
			isa = XCBuildConfiguration;
			buildSettings = {
				CODE_SIGN_STYLE = Automatic;
				CURRENT_PROJECT_VERSION = 1;
				DEAD_CODE_STRIPPING = YES;
				DEVELOPMENT_TEAM = F29WG8477A;
				GENERATE_INFOPLIST_FILE = YES;
				IPHONEOS_DEPLOYMENT_TARGET = 17.0;
				MACOSX_DEPLOYMENT_TARGET = 13.0;
				MARKETING_VERSION = 1.1;
				PRODUCT_BUNDLE_IDENTIFIER = com.tiger.suzhou.ClipboardInspectorUITests;
				PRODUCT_NAME = "$(TARGET_NAME)";
				SDKROOT = auto;
				SUPPORTED_PLATFORMS = "iphoneos iphonesimulator macosx";
				SWIFT_EMIT_LOC_STRINGS = NO;
				SWIFT_VERSION = 5.0;
				TARGETED_DEVICE_FAMILY = "1,2";
				TEST_TARGET_NAME = ClipboardInspector;
			};
			name = Debug;
		};
		6076BD6829C2F9860048A100 /* Release */ = {
			isa = XCBuildConfiguration;
			buildSettings = {
				CODE_SIGN_STYLE = Automatic;
				CURRENT_PROJECT_VERSION = 1;
				DEAD_CODE_STRIPPING = YES;
				DEVELOPMENT_TEAM = F29WG8477A;
				GENERATE_INFOPLIST_FILE = YES;
				IPHONEOS_DEPLOYMENT_TARGET = 17.0;
				MACOSX_DEPLOYMENT_TARGET = 13.0;
				MARKETING_VERSION = 1.1;
				PRODUCT_BUNDLE_IDENTIFIER = com.tiger.suzhou.ClipboardInspectorUITests;
				PRODUCT_NAME = "$(TARGET_NAME)";
				SDKROOT = auto;
				SUPPORTED_PLATFORMS = "iphoneos iphonesimulator macosx";
				SWIFT_EMIT_LOC_STRINGS = NO;
				SWIFT_VERSION = 5.0;
				TARGETED_DEVICE_FAMILY = "1,2";
				TEST_TARGET_NAME = ClipboardInspector;
			};
			name = Release;
		};
/* End XCBuildConfiguration section */

/* Begin XCConfigurationList section */
		6076BD3629C2F9850048A100 /* Build configuration list for PBXProject "ClipboardInspector" */ = {
			isa = XCConfigurationList;
			buildConfigurations = (
				6076BD5E29C2F9860048A100 /* Debug */,
				6076BD5F29C2F9860048A100 /* Release */,
			);
			defaultConfigurationIsVisible = 0;
			defaultConfigurationName = Release;
		};
		6076BD6029C2F9860048A100 /* Build configuration list for PBXNativeTarget "ClipboardInspector" */ = {
			isa = XCConfigurationList;
			buildConfigurations = (
				6076BD6129C2F9860048A100 /* Debug */,
				6076BD6229C2F9860048A100 /* Release */,
			);
			defaultConfigurationIsVisible = 0;
			defaultConfigurationName = Release;
		};
		6076BD6329C2F9860048A100 /* Build configuration list for PBXNativeTarget "ClipboardInspectorTests" */ = {
			isa = XCConfigurationList;
			buildConfigurations = (
				6076BD6429C2F9860048A100 /* Debug */,
				6076BD6529C2F9860048A100 /* Release */,
			);
			defaultConfigurationIsVisible = 0;
			defaultConfigurationName = Release;
		};
		6076BD6629C2F9860048A100 /* Build configuration list for PBXNativeTarget "ClipboardInspectorUITests" */ = {
			isa = XCConfigurationList;
			buildConfigurations = (
				6076BD6729C2F9860048A100 /* Debug */,
				6076BD6829C2F9860048A100 /* Release */,
			);
			defaultConfigurationIsVisible = 0;
			defaultConfigurationName = Release;
		};
/* End XCConfigurationList section */

/* Begin XCSwiftPackageProductDependency section */
		60ABAAF92A596F65004F5B8E /* HLocalization */ = {
			isa = XCSwiftPackageProductDependency;
			productName = HLocalization;
		};
		60ABAB012A597836004F5B8E /* HFoundation */ = {
			isa = XCSwiftPackageProductDependency;
			productName = HFoundation;
		};
		60ABAB092A597D20004F5B8E /* HUIComponent */ = {
			isa = XCSwiftPackageProductDependency;
			productName = HUIComponent;
		};
/* End XCSwiftPackageProductDependency section */
	};
	rootObject = 6076BD3329C2F9850048A100 /* Project object */;
}
