// !$*UTF8*$!
{
	archiveVersion = 1;
	classes = {
	};
	objectVersion = 77;
	objects = {

/* Begin PBXBuildFile section */
		603473692D7AC2AC002016EB /* HFoundation in Frameworks */ = {isa = PBXBuildFile; productRef = 603473682D7AC2AC002016EB /* HFoundation */; };
		6034736B2D7AC2B6002016EB /* HFoundation in Frameworks */ = {isa = PBXBuildFile; productRef = 6034736A2D7AC2B6002016EB /* HFoundation */; };
		60DFC8612D7AA5DD0036AA75 /* SharedExifPackage in Frameworks */ = {isa = PBXBuildFile; productRef = 60DFC8602D7AA5DD0036AA75 /* SharedExifPackage */; };
		60DFCDB22D7AA8000036AA75 /* SharedExifPackage in Frameworks */ = {isa = PBXBuildFile; productRef = 60DFCDB12D7AA8000036AA75 /* SharedExifPackage */; };
/* End PBXBuildFile section */

/* Begin PBXContainerItemProxy section */
		60DFC7E52D7A9FA00036AA75 /* PBXContainerItemProxy */ = {
			isa = PBXContainerItemProxy;
			containerPortal = 60DFC7CB2D7A9F9A0036AA75 /* Project object */;
			proxyType = 1;
			remoteGlobalIDString = 60DFC7D22D7A9F9A0036AA75;
			remoteInfo = ExifViewer;
		};
		60DFC7EF2D7A9FA00036AA75 /* PBXContainerItemProxy */ = {
			isa = PBXContainerItemProxy;
			containerPortal = 60DFC7CB2D7A9F9A0036AA75 /* Project object */;
			proxyType = 1;
			remoteGlobalIDString = 60DFC7D22D7A9F9A0036AA75;
			remoteInfo = ExifViewer;
		};
		60DFC8452D7AA4E00036AA75 /* PBXContainerItemProxy */ = {
			isa = PBXContainerItemProxy;
			containerPortal = 60DFC7CB2D7A9F9A0036AA75 /* Project object */;
			proxyType = 1;
			remoteGlobalIDString = 60DFC8332D7AA4DD0036AA75;
			remoteInfo = ExifEditor;
		};
		60DFC84F2D7AA4E10036AA75 /* PBXContainerItemProxy */ = {
			isa = PBXContainerItemProxy;
			containerPortal = 60DFC7CB2D7A9F9A0036AA75 /* Project object */;
			proxyType = 1;
			remoteGlobalIDString = 60DFC8332D7AA4DD0036AA75;
			remoteInfo = ExifEditor;
		};
/* End PBXContainerItemProxy section */

/* Begin PBXFileReference section */
		60DFC7D32D7A9F9A0036AA75 /* ExifViewer.app */ = {isa = PBXFileReference; explicitFileType = wrapper.application; includeInIndex = 0; path = ExifViewer.app; sourceTree = BUILT_PRODUCTS_DIR; };
		60DFC7E42D7A9FA00036AA75 /* ExifViewerTests.xctest */ = {isa = PBXFileReference; explicitFileType = wrapper.cfbundle; includeInIndex = 0; path = ExifViewerTests.xctest; sourceTree = BUILT_PRODUCTS_DIR; };
		60DFC7EE2D7A9FA00036AA75 /* ExifViewerUITests.xctest */ = {isa = PBXFileReference; explicitFileType = wrapper.cfbundle; includeInIndex = 0; path = ExifViewerUITests.xctest; sourceTree = BUILT_PRODUCTS_DIR; };
		60DFC8342D7AA4DD0036AA75 /* ExifEditor.app */ = {isa = PBXFileReference; explicitFileType = wrapper.application; includeInIndex = 0; path = ExifEditor.app; sourceTree = BUILT_PRODUCTS_DIR; };
		60DFC8442D7AA4E00036AA75 /* ExifEditorTests.xctest */ = {isa = PBXFileReference; explicitFileType = wrapper.cfbundle; includeInIndex = 0; path = ExifEditorTests.xctest; sourceTree = BUILT_PRODUCTS_DIR; };
		60DFC84E2D7AA4E10036AA75 /* ExifEditorUITests.xctest */ = {isa = PBXFileReference; explicitFileType = wrapper.cfbundle; includeInIndex = 0; path = ExifEditorUITests.xctest; sourceTree = BUILT_PRODUCTS_DIR; };
		60DFC8632D7AA6460036AA75 /* SharedExifPackage */ = {isa = PBXFileReference; lastKnownFileType = wrapper; path = SharedExifPackage; sourceTree = "<group>"; };
/* End PBXFileReference section */

/* Begin PBXFileSystemSynchronizedBuildFileExceptionSet section */
		603478BE2D7ACF55002016EB /* Exceptions for "ExifViewer" folder in "ExifViewer" target */ = {
			isa = PBXFileSystemSynchronizedBuildFileExceptionSet;
			membershipExceptions = (
				Info.plist,
			);
			target = 60DFC7D22D7A9F9A0036AA75 /* ExifViewer */;
		};
/* End PBXFileSystemSynchronizedBuildFileExceptionSet section */

/* Begin PBXFileSystemSynchronizedRootGroup section */
		60DFC7D52D7A9F9A0036AA75 /* ExifViewer */ = {
			isa = PBXFileSystemSynchronizedRootGroup;
			exceptions = (
				603478BE2D7ACF55002016EB /* Exceptions for "ExifViewer" folder in "ExifViewer" target */,
			);
			path = ExifViewer;
			sourceTree = "<group>";
		};
		60DFC7E72D7A9FA00036AA75 /* ExifViewerTests */ = {
			isa = PBXFileSystemSynchronizedRootGroup;
			path = ExifViewerTests;
			sourceTree = "<group>";
		};
		60DFC7F12D7A9FA00036AA75 /* ExifViewerUITests */ = {
			isa = PBXFileSystemSynchronizedRootGroup;
			path = ExifViewerUITests;
			sourceTree = "<group>";
		};
		60DFC8352D7AA4DD0036AA75 /* ExifEditor */ = {
			isa = PBXFileSystemSynchronizedRootGroup;
			path = ExifEditor;
			sourceTree = "<group>";
		};
		60DFC8472D7AA4E10036AA75 /* ExifEditorTests */ = {
			isa = PBXFileSystemSynchronizedRootGroup;
			path = ExifEditorTests;
			sourceTree = "<group>";
		};
		60DFC8512D7AA4E10036AA75 /* ExifEditorUITests */ = {
			isa = PBXFileSystemSynchronizedRootGroup;
			path = ExifEditorUITests;
			sourceTree = "<group>";
		};
/* End PBXFileSystemSynchronizedRootGroup section */

/* Begin PBXFrameworksBuildPhase section */
		60DFC7D02D7A9F9A0036AA75 /* Frameworks */ = {
			isa = PBXFrameworksBuildPhase;
			buildActionMask = 2147483647;
			files = (
				603473692D7AC2AC002016EB /* HFoundation in Frameworks */,
				60DFC8612D7AA5DD0036AA75 /* SharedExifPackage in Frameworks */,
			);
			runOnlyForDeploymentPostprocessing = 0;
		};
		60DFC7E12D7A9FA00036AA75 /* Frameworks */ = {
			isa = PBXFrameworksBuildPhase;
			buildActionMask = 2147483647;
			files = (
			);
			runOnlyForDeploymentPostprocessing = 0;
		};
		60DFC7EB2D7A9FA00036AA75 /* Frameworks */ = {
			isa = PBXFrameworksBuildPhase;
			buildActionMask = 2147483647;
			files = (
			);
			runOnlyForDeploymentPostprocessing = 0;
		};
		60DFC8312D7AA4DD0036AA75 /* Frameworks */ = {
			isa = PBXFrameworksBuildPhase;
			buildActionMask = 2147483647;
			files = (
				6034736B2D7AC2B6002016EB /* HFoundation in Frameworks */,
				60DFCDB22D7AA8000036AA75 /* SharedExifPackage in Frameworks */,
			);
			runOnlyForDeploymentPostprocessing = 0;
		};
		60DFC8412D7AA4E00036AA75 /* Frameworks */ = {
			isa = PBXFrameworksBuildPhase;
			buildActionMask = 2147483647;
			files = (
			);
			runOnlyForDeploymentPostprocessing = 0;
		};
		60DFC84B2D7AA4E10036AA75 /* Frameworks */ = {
			isa = PBXFrameworksBuildPhase;
			buildActionMask = 2147483647;
			files = (
			);
			runOnlyForDeploymentPostprocessing = 0;
		};
/* End PBXFrameworksBuildPhase section */

/* Begin PBXGroup section */
		60DFC7CA2D7A9F9A0036AA75 = {
			isa = PBXGroup;
			children = (
				60DFC7D52D7A9F9A0036AA75 /* ExifViewer */,
				60DFC7E72D7A9FA00036AA75 /* ExifViewerTests */,
				60DFC7F12D7A9FA00036AA75 /* ExifViewerUITests */,
				60DFC8352D7AA4DD0036AA75 /* ExifEditor */,
				60DFC8472D7AA4E10036AA75 /* ExifEditorTests */,
				60DFC8512D7AA4E10036AA75 /* ExifEditorUITests */,
				60DFC7D42D7A9F9A0036AA75 /* Products */,
				60DFC8632D7AA6460036AA75 /* SharedExifPackage */,
				60DFCDB02D7AA8000036AA75 /* Frameworks */,
			);
			sourceTree = "<group>";
		};
		60DFC7D42D7A9F9A0036AA75 /* Products */ = {
			isa = PBXGroup;
			children = (
				60DFC7D32D7A9F9A0036AA75 /* ExifViewer.app */,
				60DFC7E42D7A9FA00036AA75 /* ExifViewerTests.xctest */,
				60DFC7EE2D7A9FA00036AA75 /* ExifViewerUITests.xctest */,
				60DFC8342D7AA4DD0036AA75 /* ExifEditor.app */,
				60DFC8442D7AA4E00036AA75 /* ExifEditorTests.xctest */,
				60DFC84E2D7AA4E10036AA75 /* ExifEditorUITests.xctest */,
			);
			name = Products;
			sourceTree = "<group>";
		};
		60DFCDB02D7AA8000036AA75 /* Frameworks */ = {
			isa = PBXGroup;
			children = (
			);
			name = Frameworks;
			sourceTree = "<group>";
		};
/* End PBXGroup section */

/* Begin PBXNativeTarget section */
		60DFC7D22D7A9F9A0036AA75 /* ExifViewer */ = {
			isa = PBXNativeTarget;
			buildConfigurationList = 60DFC7F82D7A9FA00036AA75 /* Build configuration list for PBXNativeTarget "ExifViewer" */;
			buildPhases = (
				60DFC7CF2D7A9F9A0036AA75 /* Sources */,
				60DFC7D02D7A9F9A0036AA75 /* Frameworks */,
				60DFC7D12D7A9F9A0036AA75 /* Resources */,
			);
			buildRules = (
			);
			dependencies = (
			);
			fileSystemSynchronizedGroups = (
				60DFC7D52D7A9F9A0036AA75 /* ExifViewer */,
			);
			name = ExifViewer;
			packageProductDependencies = (
				60DFC8602D7AA5DD0036AA75 /* SharedExifPackage */,
				603473682D7AC2AC002016EB /* HFoundation */,
			);
			productName = ExifViewer;
			productReference = 60DFC7D32D7A9F9A0036AA75 /* ExifViewer.app */;
			productType = "com.apple.product-type.application";
		};
		60DFC7E32D7A9FA00036AA75 /* ExifViewerTests */ = {
			isa = PBXNativeTarget;
			buildConfigurationList = 60DFC7FB2D7A9FA00036AA75 /* Build configuration list for PBXNativeTarget "ExifViewerTests" */;
			buildPhases = (
				60DFC7E02D7A9FA00036AA75 /* Sources */,
				60DFC7E12D7A9FA00036AA75 /* Frameworks */,
				60DFC7E22D7A9FA00036AA75 /* Resources */,
			);
			buildRules = (
			);
			dependencies = (
				60DFC7E62D7A9FA00036AA75 /* PBXTargetDependency */,
			);
			fileSystemSynchronizedGroups = (
				60DFC7E72D7A9FA00036AA75 /* ExifViewerTests */,
			);
			name = ExifViewerTests;
			packageProductDependencies = (
			);
			productName = ExifViewerTests;
			productReference = 60DFC7E42D7A9FA00036AA75 /* ExifViewerTests.xctest */;
			productType = "com.apple.product-type.bundle.unit-test";
		};
		60DFC7ED2D7A9FA00036AA75 /* ExifViewerUITests */ = {
			isa = PBXNativeTarget;
			buildConfigurationList = 60DFC7FE2D7A9FA00036AA75 /* Build configuration list for PBXNativeTarget "ExifViewerUITests" */;
			buildPhases = (
				60DFC7EA2D7A9FA00036AA75 /* Sources */,
				60DFC7EB2D7A9FA00036AA75 /* Frameworks */,
				60DFC7EC2D7A9FA00036AA75 /* Resources */,
			);
			buildRules = (
			);
			dependencies = (
				60DFC7F02D7A9FA00036AA75 /* PBXTargetDependency */,
			);
			fileSystemSynchronizedGroups = (
				60DFC7F12D7A9FA00036AA75 /* ExifViewerUITests */,
			);
			name = ExifViewerUITests;
			packageProductDependencies = (
			);
			productName = ExifViewerUITests;
			productReference = 60DFC7EE2D7A9FA00036AA75 /* ExifViewerUITests.xctest */;
			productType = "com.apple.product-type.bundle.ui-testing";
		};
		60DFC8332D7AA4DD0036AA75 /* ExifEditor */ = {
			isa = PBXNativeTarget;
			buildConfigurationList = 60DFC8562D7AA4E10036AA75 /* Build configuration list for PBXNativeTarget "ExifEditor" */;
			buildPhases = (
				60DFC8302D7AA4DD0036AA75 /* Sources */,
				60DFC8312D7AA4DD0036AA75 /* Frameworks */,
				60DFC8322D7AA4DD0036AA75 /* Resources */,
			);
			buildRules = (
			);
			dependencies = (
			);
			fileSystemSynchronizedGroups = (
				60DFC8352D7AA4DD0036AA75 /* ExifEditor */,
			);
			name = ExifEditor;
			packageProductDependencies = (
				60DFCDB12D7AA8000036AA75 /* SharedExifPackage */,
				6034736A2D7AC2B6002016EB /* HFoundation */,
			);
			productName = ExifEditor;
			productReference = 60DFC8342D7AA4DD0036AA75 /* ExifEditor.app */;
			productType = "com.apple.product-type.application";
		};
		60DFC8432D7AA4E00036AA75 /* ExifEditorTests */ = {
			isa = PBXNativeTarget;
			buildConfigurationList = 60DFC8592D7AA4E10036AA75 /* Build configuration list for PBXNativeTarget "ExifEditorTests" */;
			buildPhases = (
				60DFC8402D7AA4E00036AA75 /* Sources */,
				60DFC8412D7AA4E00036AA75 /* Frameworks */,
				60DFC8422D7AA4E00036AA75 /* Resources */,
			);
			buildRules = (
			);
			dependencies = (
				60DFC8462D7AA4E00036AA75 /* PBXTargetDependency */,
			);
			fileSystemSynchronizedGroups = (
				60DFC8472D7AA4E10036AA75 /* ExifEditorTests */,
			);
			name = ExifEditorTests;
			packageProductDependencies = (
			);
			productName = ExifEditorTests;
			productReference = 60DFC8442D7AA4E00036AA75 /* ExifEditorTests.xctest */;
			productType = "com.apple.product-type.bundle.unit-test";
		};
		60DFC84D2D7AA4E10036AA75 /* ExifEditorUITests */ = {
			isa = PBXNativeTarget;
			buildConfigurationList = 60DFC85C2D7AA4E10036AA75 /* Build configuration list for PBXNativeTarget "ExifEditorUITests" */;
			buildPhases = (
				60DFC84A2D7AA4E10036AA75 /* Sources */,
				60DFC84B2D7AA4E10036AA75 /* Frameworks */,
				60DFC84C2D7AA4E10036AA75 /* Resources */,
			);
			buildRules = (
			);
			dependencies = (
				60DFC8502D7AA4E10036AA75 /* PBXTargetDependency */,
			);
			fileSystemSynchronizedGroups = (
				60DFC8512D7AA4E10036AA75 /* ExifEditorUITests */,
			);
			name = ExifEditorUITests;
			packageProductDependencies = (
			);
			productName = ExifEditorUITests;
			productReference = 60DFC84E2D7AA4E10036AA75 /* ExifEditorUITests.xctest */;
			productType = "com.apple.product-type.bundle.ui-testing";
		};
/* End PBXNativeTarget section */

/* Begin PBXProject section */
		60DFC7CB2D7A9F9A0036AA75 /* Project object */ = {
			isa = PBXProject;
			attributes = {
				BuildIndependentTargetsInParallel = 1;
				LastSwiftUpdateCheck = 1610;
				LastUpgradeCheck = 1610;
				TargetAttributes = {
					60DFC7D22D7A9F9A0036AA75 = {
						CreatedOnToolsVersion = 16.1;
					};
					60DFC7E32D7A9FA00036AA75 = {
						CreatedOnToolsVersion = 16.1;
						TestTargetID = 60DFC7D22D7A9F9A0036AA75;
					};
					60DFC7ED2D7A9FA00036AA75 = {
						CreatedOnToolsVersion = 16.1;
						TestTargetID = 60DFC7D22D7A9F9A0036AA75;
					};
					60DFC8332D7AA4DD0036AA75 = {
						CreatedOnToolsVersion = 16.1;
					};
					60DFC8432D7AA4E00036AA75 = {
						CreatedOnToolsVersion = 16.1;
						TestTargetID = 60DFC8332D7AA4DD0036AA75;
					};
					60DFC84D2D7AA4E10036AA75 = {
						CreatedOnToolsVersion = 16.1;
						TestTargetID = 60DFC8332D7AA4DD0036AA75;
					};
				};
			};
			buildConfigurationList = 60DFC7CE2D7A9F9A0036AA75 /* Build configuration list for PBXProject "ExifViewer" */;
			developmentRegion = en;
			hasScannedForEncodings = 0;
			knownRegions = (
				en,
				Base,
				"zh-Hans",
			);
			mainGroup = 60DFC7CA2D7A9F9A0036AA75;
			minimizedProjectReferenceProxies = 1;
			packageReferences = (
			);
			preferredProjectObjectVersion = 77;
			productRefGroup = 60DFC7D42D7A9F9A0036AA75 /* Products */;
			projectDirPath = "";
			projectRoot = "";
			targets = (
				60DFC7D22D7A9F9A0036AA75 /* ExifViewer */,
				60DFC7E32D7A9FA00036AA75 /* ExifViewerTests */,
				60DFC7ED2D7A9FA00036AA75 /* ExifViewerUITests */,
				60DFC8332D7AA4DD0036AA75 /* ExifEditor */,
				60DFC8432D7AA4E00036AA75 /* ExifEditorTests */,
				60DFC84D2D7AA4E10036AA75 /* ExifEditorUITests */,
			);
		};
/* End PBXProject section */

/* Begin PBXResourcesBuildPhase section */
		60DFC7D12D7A9F9A0036AA75 /* Resources */ = {
			isa = PBXResourcesBuildPhase;
			buildActionMask = 2147483647;
			files = (
			);
			runOnlyForDeploymentPostprocessing = 0;
		};
		60DFC7E22D7A9FA00036AA75 /* Resources */ = {
			isa = PBXResourcesBuildPhase;
			buildActionMask = 2147483647;
			files = (
			);
			runOnlyForDeploymentPostprocessing = 0;
		};
		60DFC7EC2D7A9FA00036AA75 /* Resources */ = {
			isa = PBXResourcesBuildPhase;
			buildActionMask = 2147483647;
			files = (
			);
			runOnlyForDeploymentPostprocessing = 0;
		};
		60DFC8322D7AA4DD0036AA75 /* Resources */ = {
			isa = PBXResourcesBuildPhase;
			buildActionMask = 2147483647;
			files = (
			);
			runOnlyForDeploymentPostprocessing = 0;
		};
		60DFC8422D7AA4E00036AA75 /* Resources */ = {
			isa = PBXResourcesBuildPhase;
			buildActionMask = 2147483647;
			files = (
			);
			runOnlyForDeploymentPostprocessing = 0;
		};
		60DFC84C2D7AA4E10036AA75 /* Resources */ = {
			isa = PBXResourcesBuildPhase;
			buildActionMask = 2147483647;
			files = (
			);
			runOnlyForDeploymentPostprocessing = 0;
		};
/* End PBXResourcesBuildPhase section */

/* Begin PBXSourcesBuildPhase section */
		60DFC7CF2D7A9F9A0036AA75 /* Sources */ = {
			isa = PBXSourcesBuildPhase;
			buildActionMask = 2147483647;
			files = (
			);
			runOnlyForDeploymentPostprocessing = 0;
		};
		60DFC7E02D7A9FA00036AA75 /* Sources */ = {
			isa = PBXSourcesBuildPhase;
			buildActionMask = 2147483647;
			files = (
			);
			runOnlyForDeploymentPostprocessing = 0;
		};
		60DFC7EA2D7A9FA00036AA75 /* Sources */ = {
			isa = PBXSourcesBuildPhase;
			buildActionMask = 2147483647;
			files = (
			);
			runOnlyForDeploymentPostprocessing = 0;
		};
		60DFC8302D7AA4DD0036AA75 /* Sources */ = {
			isa = PBXSourcesBuildPhase;
			buildActionMask = 2147483647;
			files = (
			);
			runOnlyForDeploymentPostprocessing = 0;
		};
		60DFC8402D7AA4E00036AA75 /* Sources */ = {
			isa = PBXSourcesBuildPhase;
			buildActionMask = 2147483647;
			files = (
			);
			runOnlyForDeploymentPostprocessing = 0;
		};
		60DFC84A2D7AA4E10036AA75 /* Sources */ = {
			isa = PBXSourcesBuildPhase;
			buildActionMask = 2147483647;
			files = (
			);
			runOnlyForDeploymentPostprocessing = 0;
		};
/* End PBXSourcesBuildPhase section */

/* Begin PBXTargetDependency section */
		60DFC7E62D7A9FA00036AA75 /* PBXTargetDependency */ = {
			isa = PBXTargetDependency;
			target = 60DFC7D22D7A9F9A0036AA75 /* ExifViewer */;
			targetProxy = 60DFC7E52D7A9FA00036AA75 /* PBXContainerItemProxy */;
		};
		60DFC7F02D7A9FA00036AA75 /* PBXTargetDependency */ = {
			isa = PBXTargetDependency;
			target = 60DFC7D22D7A9F9A0036AA75 /* ExifViewer */;
			targetProxy = 60DFC7EF2D7A9FA00036AA75 /* PBXContainerItemProxy */;
		};
		60DFC8462D7AA4E00036AA75 /* PBXTargetDependency */ = {
			isa = PBXTargetDependency;
			target = 60DFC8332D7AA4DD0036AA75 /* ExifEditor */;
			targetProxy = 60DFC8452D7AA4E00036AA75 /* PBXContainerItemProxy */;
		};
		60DFC8502D7AA4E10036AA75 /* PBXTargetDependency */ = {
			isa = PBXTargetDependency;
			target = 60DFC8332D7AA4DD0036AA75 /* ExifEditor */;
			targetProxy = 60DFC84F2D7AA4E10036AA75 /* PBXContainerItemProxy */;
		};
/* End PBXTargetDependency section */

/* Begin XCBuildConfiguration section */
		60DFC7F62D7A9FA00036AA75 /* Debug */ = {
			isa = XCBuildConfiguration;
			buildSettings = {
				ALWAYS_SEARCH_USER_PATHS = NO;
				ASSETCATALOG_COMPILER_GENERATE_SWIFT_ASSET_SYMBOL_EXTENSIONS = YES;
				CLANG_ANALYZER_NONNULL = YES;
				CLANG_ANALYZER_NUMBER_OBJECT_CONVERSION = YES_AGGRESSIVE;
				CLANG_CXX_LANGUAGE_STANDARD = "gnu++20";
				CLANG_ENABLE_MODULES = YES;
				CLANG_ENABLE_OBJC_ARC = YES;
				CLANG_ENABLE_OBJC_WEAK = YES;
				CLANG_WARN_BLOCK_CAPTURE_AUTORELEASING = YES;
				CLANG_WARN_BOOL_CONVERSION = YES;
				CLANG_WARN_COMMA = YES;
				CLANG_WARN_CONSTANT_CONVERSION = YES;
				CLANG_WARN_DEPRECATED_OBJC_IMPLEMENTATIONS = YES;
				CLANG_WARN_DIRECT_OBJC_ISA_USAGE = YES_ERROR;
				CLANG_WARN_DOCUMENTATION_COMMENTS = YES;
				CLANG_WARN_EMPTY_BODY = YES;
				CLANG_WARN_ENUM_CONVERSION = YES;
				CLANG_WARN_INFINITE_RECURSION = YES;
				CLANG_WARN_INT_CONVERSION = YES;
				CLANG_WARN_NON_LITERAL_NULL_CONVERSION = YES;
				CLANG_WARN_OBJC_IMPLICIT_RETAIN_SELF = YES;
				CLANG_WARN_OBJC_LITERAL_CONVERSION = YES;
				CLANG_WARN_OBJC_ROOT_CLASS = YES_ERROR;
				CLANG_WARN_QUOTED_INCLUDE_IN_FRAMEWORK_HEADER = YES;
				CLANG_WARN_RANGE_LOOP_ANALYSIS = YES;
				CLANG_WARN_STRICT_PROTOTYPES = YES;
				CLANG_WARN_SUSPICIOUS_MOVE = YES;
				CLANG_WARN_UNGUARDED_AVAILABILITY = YES_AGGRESSIVE;
				CLANG_WARN_UNREACHABLE_CODE = YES;
				CLANG_WARN__DUPLICATE_METHOD_MATCH = YES;
				COPY_PHASE_STRIP = NO;
				DEBUG_INFORMATION_FORMAT = dwarf;
				ENABLE_STRICT_OBJC_MSGSEND = YES;
				ENABLE_TESTABILITY = YES;
				ENABLE_USER_SCRIPT_SANDBOXING = YES;
				GCC_C_LANGUAGE_STANDARD = gnu17;
				GCC_DYNAMIC_NO_PIC = NO;
				GCC_NO_COMMON_BLOCKS = YES;
				GCC_OPTIMIZATION_LEVEL = 0;
				GCC_PREPROCESSOR_DEFINITIONS = (
					"DEBUG=1",
					"$(inherited)",
				);
				GCC_WARN_64_TO_32_BIT_CONVERSION = YES;
				GCC_WARN_ABOUT_RETURN_TYPE = YES_ERROR;
				GCC_WARN_UNDECLARED_SELECTOR = YES;
				GCC_WARN_UNINITIALIZED_AUTOS = YES_AGGRESSIVE;
				GCC_WARN_UNUSED_FUNCTION = YES;
				GCC_WARN_UNUSED_VARIABLE = YES;
				LOCALIZATION_PREFERS_STRING_CATALOGS = YES;
				MTL_ENABLE_DEBUG_INFO = INCLUDE_SOURCE;
				MTL_FAST_MATH = YES;
				ONLY_ACTIVE_ARCH = YES;
				SWIFT_ACTIVE_COMPILATION_CONDITIONS = "DEBUG $(inherited)";
				SWIFT_EMIT_LOC_STRINGS = YES;
				SWIFT_OPTIMIZATION_LEVEL = "-Onone";
			};
			name = Debug;
		};
		60DFC7F72D7A9FA00036AA75 /* Release */ = {
			isa = XCBuildConfiguration;
			buildSettings = {
				ALWAYS_SEARCH_USER_PATHS = NO;
				ASSETCATALOG_COMPILER_GENERATE_SWIFT_ASSET_SYMBOL_EXTENSIONS = YES;
				CLANG_ANALYZER_NONNULL = YES;
				CLANG_ANALYZER_NUMBER_OBJECT_CONVERSION = YES_AGGRESSIVE;
				CLANG_CXX_LANGUAGE_STANDARD = "gnu++20";
				CLANG_ENABLE_MODULES = YES;
				CLANG_ENABLE_OBJC_ARC = YES;
				CLANG_ENABLE_OBJC_WEAK = YES;
				CLANG_WARN_BLOCK_CAPTURE_AUTORELEASING = YES;
				CLANG_WARN_BOOL_CONVERSION = YES;
				CLANG_WARN_COMMA = YES;
				CLANG_WARN_CONSTANT_CONVERSION = YES;
				CLANG_WARN_DEPRECATED_OBJC_IMPLEMENTATIONS = YES;
				CLANG_WARN_DIRECT_OBJC_ISA_USAGE = YES_ERROR;
				CLANG_WARN_DOCUMENTATION_COMMENTS = YES;
				CLANG_WARN_EMPTY_BODY = YES;
				CLANG_WARN_ENUM_CONVERSION = YES;
				CLANG_WARN_INFINITE_RECURSION = YES;
				CLANG_WARN_INT_CONVERSION = YES;
				CLANG_WARN_NON_LITERAL_NULL_CONVERSION = YES;
				CLANG_WARN_OBJC_IMPLICIT_RETAIN_SELF = YES;
				CLANG_WARN_OBJC_LITERAL_CONVERSION = YES;
				CLANG_WARN_OBJC_ROOT_CLASS = YES_ERROR;
				CLANG_WARN_QUOTED_INCLUDE_IN_FRAMEWORK_HEADER = YES;
				CLANG_WARN_RANGE_LOOP_ANALYSIS = YES;
				CLANG_WARN_STRICT_PROTOTYPES = YES;
				CLANG_WARN_SUSPICIOUS_MOVE = YES;
				CLANG_WARN_UNGUARDED_AVAILABILITY = YES_AGGRESSIVE;
				CLANG_WARN_UNREACHABLE_CODE = YES;
				CLANG_WARN__DUPLICATE_METHOD_MATCH = YES;
				COPY_PHASE_STRIP = NO;
				DEBUG_INFORMATION_FORMAT = "dwarf-with-dsym";
				ENABLE_NS_ASSERTIONS = NO;
				ENABLE_STRICT_OBJC_MSGSEND = YES;
				ENABLE_USER_SCRIPT_SANDBOXING = YES;
				GCC_C_LANGUAGE_STANDARD = gnu17;
				GCC_NO_COMMON_BLOCKS = YES;
				GCC_WARN_64_TO_32_BIT_CONVERSION = YES;
				GCC_WARN_ABOUT_RETURN_TYPE = YES_ERROR;
				GCC_WARN_UNDECLARED_SELECTOR = YES;
				GCC_WARN_UNINITIALIZED_AUTOS = YES_AGGRESSIVE;
				GCC_WARN_UNUSED_FUNCTION = YES;
				GCC_WARN_UNUSED_VARIABLE = YES;
				LOCALIZATION_PREFERS_STRING_CATALOGS = YES;
				MTL_ENABLE_DEBUG_INFO = NO;
				MTL_FAST_MATH = YES;
				SWIFT_COMPILATION_MODE = wholemodule;
				SWIFT_EMIT_LOC_STRINGS = YES;
			};
			name = Release;
		};
		60DFC7F92D7A9FA00036AA75 /* Debug */ = {
			isa = XCBuildConfiguration;
			buildSettings = {
				ASSETCATALOG_COMPILER_APPICON_NAME = AppIcon;
				ASSETCATALOG_COMPILER_GLOBAL_ACCENT_COLOR_NAME = AccentColor;
				CODE_SIGN_ENTITLEMENTS = ExifViewer/ExifViewer.entitlements;
				CODE_SIGN_STYLE = Automatic;
				CURRENT_PROJECT_VERSION = 1;
				DEVELOPMENT_ASSET_PATHS = "\"ExifViewer/Preview Content\"";
				DEVELOPMENT_TEAM = F29WG8477A;
				ENABLE_HARDENED_RUNTIME = YES;
				ENABLE_PREVIEWS = YES;
				GENERATE_INFOPLIST_FILE = YES;
				INFOPLIST_FILE = ExifViewer/Info.plist;
				"INFOPLIST_KEY_UIApplicationSceneManifest_Generation[sdk=iphoneos*]" = YES;
				"INFOPLIST_KEY_UIApplicationSceneManifest_Generation[sdk=iphonesimulator*]" = YES;
				"INFOPLIST_KEY_UIApplicationSupportsIndirectInputEvents[sdk=iphoneos*]" = YES;
				"INFOPLIST_KEY_UIApplicationSupportsIndirectInputEvents[sdk=iphonesimulator*]" = YES;
				"INFOPLIST_KEY_UILaunchScreen_Generation[sdk=iphoneos*]" = YES;
				"INFOPLIST_KEY_UILaunchScreen_Generation[sdk=iphonesimulator*]" = YES;
				"INFOPLIST_KEY_UIStatusBarStyle[sdk=iphoneos*]" = UIStatusBarStyleDefault;
				"INFOPLIST_KEY_UIStatusBarStyle[sdk=iphonesimulator*]" = UIStatusBarStyleDefault;
				INFOPLIST_KEY_UISupportedInterfaceOrientations_iPad = "UIInterfaceOrientationPortrait UIInterfaceOrientationPortraitUpsideDown UIInterfaceOrientationLandscapeLeft UIInterfaceOrientationLandscapeRight";
				INFOPLIST_KEY_UISupportedInterfaceOrientations_iPhone = "UIInterfaceOrientationPortrait UIInterfaceOrientationLandscapeLeft UIInterfaceOrientationLandscapeRight";
				IPHONEOS_DEPLOYMENT_TARGET = 18.0;
				LD_RUNPATH_SEARCH_PATHS = "@executable_path/Frameworks";
				"LD_RUNPATH_SEARCH_PATHS[sdk=macosx*]" = "@executable_path/../Frameworks";
				MACOSX_DEPLOYMENT_TARGET = 15.1;
				MARKETING_VERSION = 1.0;
				PRODUCT_BUNDLE_IDENTIFIER = com.tiger.suzhou.ExifViewer;
				PRODUCT_NAME = "$(TARGET_NAME)";
				SDKROOT = auto;
				SUPPORTED_PLATFORMS = "iphoneos iphonesimulator macosx xros xrsimulator";
				SWIFT_EMIT_LOC_STRINGS = YES;
				SWIFT_VERSION = 5.0;
				TARGETED_DEVICE_FAMILY = "1,2,7";
				XROS_DEPLOYMENT_TARGET = 2.1;
			};
			name = Debug;
		};
		60DFC7FA2D7A9FA00036AA75 /* Release */ = {
			isa = XCBuildConfiguration;
			buildSettings = {
				ASSETCATALOG_COMPILER_APPICON_NAME = AppIcon;
				ASSETCATALOG_COMPILER_GLOBAL_ACCENT_COLOR_NAME = AccentColor;
				CODE_SIGN_ENTITLEMENTS = ExifViewer/ExifViewer.entitlements;
				CODE_SIGN_STYLE = Automatic;
				CURRENT_PROJECT_VERSION = 1;
				DEVELOPMENT_ASSET_PATHS = "\"ExifViewer/Preview Content\"";
				DEVELOPMENT_TEAM = F29WG8477A;
				ENABLE_HARDENED_RUNTIME = YES;
				ENABLE_PREVIEWS = YES;
				GENERATE_INFOPLIST_FILE = YES;
				INFOPLIST_FILE = ExifViewer/Info.plist;
				"INFOPLIST_KEY_UIApplicationSceneManifest_Generation[sdk=iphoneos*]" = YES;
				"INFOPLIST_KEY_UIApplicationSceneManifest_Generation[sdk=iphonesimulator*]" = YES;
				"INFOPLIST_KEY_UIApplicationSupportsIndirectInputEvents[sdk=iphoneos*]" = YES;
				"INFOPLIST_KEY_UIApplicationSupportsIndirectInputEvents[sdk=iphonesimulator*]" = YES;
				"INFOPLIST_KEY_UILaunchScreen_Generation[sdk=iphoneos*]" = YES;
				"INFOPLIST_KEY_UILaunchScreen_Generation[sdk=iphonesimulator*]" = YES;
				"INFOPLIST_KEY_UIStatusBarStyle[sdk=iphoneos*]" = UIStatusBarStyleDefault;
				"INFOPLIST_KEY_UIStatusBarStyle[sdk=iphonesimulator*]" = UIStatusBarStyleDefault;
				INFOPLIST_KEY_UISupportedInterfaceOrientations_iPad = "UIInterfaceOrientationPortrait UIInterfaceOrientationPortraitUpsideDown UIInterfaceOrientationLandscapeLeft UIInterfaceOrientationLandscapeRight";
				INFOPLIST_KEY_UISupportedInterfaceOrientations_iPhone = "UIInterfaceOrientationPortrait UIInterfaceOrientationLandscapeLeft UIInterfaceOrientationLandscapeRight";
				IPHONEOS_DEPLOYMENT_TARGET = 18.0;
				LD_RUNPATH_SEARCH_PATHS = "@executable_path/Frameworks";
				"LD_RUNPATH_SEARCH_PATHS[sdk=macosx*]" = "@executable_path/../Frameworks";
				MACOSX_DEPLOYMENT_TARGET = 15.1;
				MARKETING_VERSION = 1.0;
				PRODUCT_BUNDLE_IDENTIFIER = com.tiger.suzhou.ExifViewer;
				PRODUCT_NAME = "$(TARGET_NAME)";
				SDKROOT = auto;
				SUPPORTED_PLATFORMS = "iphoneos iphonesimulator macosx xros xrsimulator";
				SWIFT_EMIT_LOC_STRINGS = YES;
				SWIFT_VERSION = 5.0;
				TARGETED_DEVICE_FAMILY = "1,2,7";
				XROS_DEPLOYMENT_TARGET = 2.1;
			};
			name = Release;
		};
		60DFC7FC2D7A9FA00036AA75 /* Debug */ = {
			isa = XCBuildConfiguration;
			buildSettings = {
				BUNDLE_LOADER = "$(TEST_HOST)";
				CODE_SIGN_STYLE = Automatic;
				CURRENT_PROJECT_VERSION = 1;
				DEVELOPMENT_TEAM = F29WG8477A;
				GENERATE_INFOPLIST_FILE = YES;
				IPHONEOS_DEPLOYMENT_TARGET = 18.1;
				MACOSX_DEPLOYMENT_TARGET = 15.1;
				MARKETING_VERSION = 1.0;
				PRODUCT_BUNDLE_IDENTIFIER = com.tiger.suzhou.ExifViewerTests;
				PRODUCT_NAME = "$(TARGET_NAME)";
				SDKROOT = auto;
				SUPPORTED_PLATFORMS = "iphoneos iphonesimulator macosx xros xrsimulator";
				SWIFT_EMIT_LOC_STRINGS = NO;
				SWIFT_VERSION = 5.0;
				TARGETED_DEVICE_FAMILY = "1,2,7";
				TEST_HOST = "$(BUILT_PRODUCTS_DIR)/ExifViewer.app/$(BUNDLE_EXECUTABLE_FOLDER_PATH)/ExifViewer";
				XROS_DEPLOYMENT_TARGET = 2.1;
			};
			name = Debug;
		};
		60DFC7FD2D7A9FA00036AA75 /* Release */ = {
			isa = XCBuildConfiguration;
			buildSettings = {
				BUNDLE_LOADER = "$(TEST_HOST)";
				CODE_SIGN_STYLE = Automatic;
				CURRENT_PROJECT_VERSION = 1;
				DEVELOPMENT_TEAM = F29WG8477A;
				GENERATE_INFOPLIST_FILE = YES;
				IPHONEOS_DEPLOYMENT_TARGET = 18.1;
				MACOSX_DEPLOYMENT_TARGET = 15.1;
				MARKETING_VERSION = 1.0;
				PRODUCT_BUNDLE_IDENTIFIER = com.tiger.suzhou.ExifViewerTests;
				PRODUCT_NAME = "$(TARGET_NAME)";
				SDKROOT = auto;
				SUPPORTED_PLATFORMS = "iphoneos iphonesimulator macosx xros xrsimulator";
				SWIFT_EMIT_LOC_STRINGS = NO;
				SWIFT_VERSION = 5.0;
				TARGETED_DEVICE_FAMILY = "1,2,7";
				TEST_HOST = "$(BUILT_PRODUCTS_DIR)/ExifViewer.app/$(BUNDLE_EXECUTABLE_FOLDER_PATH)/ExifViewer";
				XROS_DEPLOYMENT_TARGET = 2.1;
			};
			name = Release;
		};
		60DFC7FF2D7A9FA00036AA75 /* Debug */ = {
			isa = XCBuildConfiguration;
			buildSettings = {
				CODE_SIGN_STYLE = Automatic;
				CURRENT_PROJECT_VERSION = 1;
				DEVELOPMENT_TEAM = F29WG8477A;
				GENERATE_INFOPLIST_FILE = YES;
				IPHONEOS_DEPLOYMENT_TARGET = 18.1;
				MACOSX_DEPLOYMENT_TARGET = 15.1;
				MARKETING_VERSION = 1.0;
				PRODUCT_BUNDLE_IDENTIFIER = com.tiger.suzhou.ExifViewerUITests;
				PRODUCT_NAME = "$(TARGET_NAME)";
				SDKROOT = auto;
				SUPPORTED_PLATFORMS = "iphoneos iphonesimulator macosx xros xrsimulator";
				SWIFT_EMIT_LOC_STRINGS = NO;
				SWIFT_VERSION = 5.0;
				TARGETED_DEVICE_FAMILY = "1,2,7";
				TEST_TARGET_NAME = ExifViewer;
				XROS_DEPLOYMENT_TARGET = 2.1;
			};
			name = Debug;
		};
		60DFC8002D7A9FA00036AA75 /* Release */ = {
			isa = XCBuildConfiguration;
			buildSettings = {
				CODE_SIGN_STYLE = Automatic;
				CURRENT_PROJECT_VERSION = 1;
				DEVELOPMENT_TEAM = F29WG8477A;
				GENERATE_INFOPLIST_FILE = YES;
				IPHONEOS_DEPLOYMENT_TARGET = 18.1;
				MACOSX_DEPLOYMENT_TARGET = 15.1;
				MARKETING_VERSION = 1.0;
				PRODUCT_BUNDLE_IDENTIFIER = com.tiger.suzhou.ExifViewerUITests;
				PRODUCT_NAME = "$(TARGET_NAME)";
				SDKROOT = auto;
				SUPPORTED_PLATFORMS = "iphoneos iphonesimulator macosx xros xrsimulator";
				SWIFT_EMIT_LOC_STRINGS = NO;
				SWIFT_VERSION = 5.0;
				TARGETED_DEVICE_FAMILY = "1,2,7";
				TEST_TARGET_NAME = ExifViewer;
				XROS_DEPLOYMENT_TARGET = 2.1;
			};
			name = Release;
		};
		60DFC8572D7AA4E10036AA75 /* Debug */ = {
			isa = XCBuildConfiguration;
			buildSettings = {
				ASSETCATALOG_COMPILER_APPICON_NAME = AppIcon;
				ASSETCATALOG_COMPILER_GLOBAL_ACCENT_COLOR_NAME = AccentColor;
				CODE_SIGN_ENTITLEMENTS = ExifEditor/ExifEditor.entitlements;
				CODE_SIGN_STYLE = Automatic;
				CURRENT_PROJECT_VERSION = 1;
				DEVELOPMENT_ASSET_PATHS = "\"ExifEditor/Preview Content\"";
				DEVELOPMENT_TEAM = F29WG8477A;
				ENABLE_HARDENED_RUNTIME = YES;
				ENABLE_PREVIEWS = YES;
				GENERATE_INFOPLIST_FILE = YES;
				"INFOPLIST_KEY_UIApplicationSceneManifest_Generation[sdk=iphoneos*]" = YES;
				"INFOPLIST_KEY_UIApplicationSceneManifest_Generation[sdk=iphonesimulator*]" = YES;
				"INFOPLIST_KEY_UIApplicationSupportsIndirectInputEvents[sdk=iphoneos*]" = YES;
				"INFOPLIST_KEY_UIApplicationSupportsIndirectInputEvents[sdk=iphonesimulator*]" = YES;
				"INFOPLIST_KEY_UILaunchScreen_Generation[sdk=iphoneos*]" = YES;
				"INFOPLIST_KEY_UILaunchScreen_Generation[sdk=iphonesimulator*]" = YES;
				"INFOPLIST_KEY_UIStatusBarStyle[sdk=iphoneos*]" = UIStatusBarStyleDefault;
				"INFOPLIST_KEY_UIStatusBarStyle[sdk=iphonesimulator*]" = UIStatusBarStyleDefault;
				INFOPLIST_KEY_UISupportedInterfaceOrientations_iPad = "UIInterfaceOrientationPortrait UIInterfaceOrientationPortraitUpsideDown UIInterfaceOrientationLandscapeLeft UIInterfaceOrientationLandscapeRight";
				INFOPLIST_KEY_UISupportedInterfaceOrientations_iPhone = "UIInterfaceOrientationPortrait UIInterfaceOrientationLandscapeLeft UIInterfaceOrientationLandscapeRight";
				IPHONEOS_DEPLOYMENT_TARGET = 18.0;
				LD_RUNPATH_SEARCH_PATHS = "@executable_path/Frameworks";
				"LD_RUNPATH_SEARCH_PATHS[sdk=macosx*]" = "@executable_path/../Frameworks";
				MACOSX_DEPLOYMENT_TARGET = 15.1;
				MARKETING_VERSION = 1.0;
				PRODUCT_BUNDLE_IDENTIFIER = com.tiger.suzhou.ExifEditor;
				PRODUCT_NAME = "$(TARGET_NAME)";
				SDKROOT = auto;
				SUPPORTED_PLATFORMS = "iphoneos iphonesimulator macosx xros xrsimulator";
				SWIFT_EMIT_LOC_STRINGS = YES;
				SWIFT_VERSION = 5.0;
				TARGETED_DEVICE_FAMILY = "1,2,7";
				XROS_DEPLOYMENT_TARGET = 2.1;
			};
			name = Debug;
		};
		60DFC8582D7AA4E10036AA75 /* Release */ = {
			isa = XCBuildConfiguration;
			buildSettings = {
				ASSETCATALOG_COMPILER_APPICON_NAME = AppIcon;
				ASSETCATALOG_COMPILER_GLOBAL_ACCENT_COLOR_NAME = AccentColor;
				CODE_SIGN_ENTITLEMENTS = ExifEditor/ExifEditor.entitlements;
				CODE_SIGN_STYLE = Automatic;
				CURRENT_PROJECT_VERSION = 1;
				DEVELOPMENT_ASSET_PATHS = "\"ExifEditor/Preview Content\"";
				DEVELOPMENT_TEAM = F29WG8477A;
				ENABLE_HARDENED_RUNTIME = YES;
				ENABLE_PREVIEWS = YES;
				GENERATE_INFOPLIST_FILE = YES;
				"INFOPLIST_KEY_UIApplicationSceneManifest_Generation[sdk=iphoneos*]" = YES;
				"INFOPLIST_KEY_UIApplicationSceneManifest_Generation[sdk=iphonesimulator*]" = YES;
				"INFOPLIST_KEY_UIApplicationSupportsIndirectInputEvents[sdk=iphoneos*]" = YES;
				"INFOPLIST_KEY_UIApplicationSupportsIndirectInputEvents[sdk=iphonesimulator*]" = YES;
				"INFOPLIST_KEY_UILaunchScreen_Generation[sdk=iphoneos*]" = YES;
				"INFOPLIST_KEY_UILaunchScreen_Generation[sdk=iphonesimulator*]" = YES;
				"INFOPLIST_KEY_UIStatusBarStyle[sdk=iphoneos*]" = UIStatusBarStyleDefault;
				"INFOPLIST_KEY_UIStatusBarStyle[sdk=iphonesimulator*]" = UIStatusBarStyleDefault;
				INFOPLIST_KEY_UISupportedInterfaceOrientations_iPad = "UIInterfaceOrientationPortrait UIInterfaceOrientationPortraitUpsideDown UIInterfaceOrientationLandscapeLeft UIInterfaceOrientationLandscapeRight";
				INFOPLIST_KEY_UISupportedInterfaceOrientations_iPhone = "UIInterfaceOrientationPortrait UIInterfaceOrientationLandscapeLeft UIInterfaceOrientationLandscapeRight";
				IPHONEOS_DEPLOYMENT_TARGET = 18.0;
				LD_RUNPATH_SEARCH_PATHS = "@executable_path/Frameworks";
				"LD_RUNPATH_SEARCH_PATHS[sdk=macosx*]" = "@executable_path/../Frameworks";
				MACOSX_DEPLOYMENT_TARGET = 15.1;
				MARKETING_VERSION = 1.0;
				PRODUCT_BUNDLE_IDENTIFIER = com.tiger.suzhou.ExifEditor;
				PRODUCT_NAME = "$(TARGET_NAME)";
				SDKROOT = auto;
				SUPPORTED_PLATFORMS = "iphoneos iphonesimulator macosx xros xrsimulator";
				SWIFT_EMIT_LOC_STRINGS = YES;
				SWIFT_VERSION = 5.0;
				TARGETED_DEVICE_FAMILY = "1,2,7";
				XROS_DEPLOYMENT_TARGET = 2.1;
			};
			name = Release;
		};
		60DFC85A2D7AA4E10036AA75 /* Debug */ = {
			isa = XCBuildConfiguration;
			buildSettings = {
				BUNDLE_LOADER = "$(TEST_HOST)";
				CODE_SIGN_STYLE = Automatic;
				CURRENT_PROJECT_VERSION = 1;
				DEVELOPMENT_TEAM = F29WG8477A;
				GENERATE_INFOPLIST_FILE = YES;
				IPHONEOS_DEPLOYMENT_TARGET = 18.0;
				MACOSX_DEPLOYMENT_TARGET = 15.1;
				MARKETING_VERSION = 1.0;
				PRODUCT_BUNDLE_IDENTIFIER = com.tiger.suzhou.ExifEditorTests;
				PRODUCT_NAME = "$(TARGET_NAME)";
				SDKROOT = auto;
				SUPPORTED_PLATFORMS = "iphoneos iphonesimulator macosx xros xrsimulator";
				SWIFT_EMIT_LOC_STRINGS = NO;
				SWIFT_VERSION = 5.0;
				TARGETED_DEVICE_FAMILY = "1,2,7";
				TEST_HOST = "$(BUILT_PRODUCTS_DIR)/ExifEditor.app/$(BUNDLE_EXECUTABLE_FOLDER_PATH)/ExifEditor";
				XROS_DEPLOYMENT_TARGET = 2.1;
			};
			name = Debug;
		};
		60DFC85B2D7AA4E10036AA75 /* Release */ = {
			isa = XCBuildConfiguration;
			buildSettings = {
				BUNDLE_LOADER = "$(TEST_HOST)";
				CODE_SIGN_STYLE = Automatic;
				CURRENT_PROJECT_VERSION = 1;
				DEVELOPMENT_TEAM = F29WG8477A;
				GENERATE_INFOPLIST_FILE = YES;
				IPHONEOS_DEPLOYMENT_TARGET = 18.0;
				MACOSX_DEPLOYMENT_TARGET = 15.1;
				MARKETING_VERSION = 1.0;
				PRODUCT_BUNDLE_IDENTIFIER = com.tiger.suzhou.ExifEditorTests;
				PRODUCT_NAME = "$(TARGET_NAME)";
				SDKROOT = auto;
				SUPPORTED_PLATFORMS = "iphoneos iphonesimulator macosx xros xrsimulator";
				SWIFT_EMIT_LOC_STRINGS = NO;
				SWIFT_VERSION = 5.0;
				TARGETED_DEVICE_FAMILY = "1,2,7";
				TEST_HOST = "$(BUILT_PRODUCTS_DIR)/ExifEditor.app/$(BUNDLE_EXECUTABLE_FOLDER_PATH)/ExifEditor";
				XROS_DEPLOYMENT_TARGET = 2.1;
			};
			name = Release;
		};
		60DFC85D2D7AA4E10036AA75 /* Debug */ = {
			isa = XCBuildConfiguration;
			buildSettings = {
				CODE_SIGN_STYLE = Automatic;
				CURRENT_PROJECT_VERSION = 1;
				DEVELOPMENT_TEAM = F29WG8477A;
				GENERATE_INFOPLIST_FILE = YES;
				IPHONEOS_DEPLOYMENT_TARGET = 18.0;
				MACOSX_DEPLOYMENT_TARGET = 15.1;
				MARKETING_VERSION = 1.0;
				PRODUCT_BUNDLE_IDENTIFIER = com.tiger.suzhou.ExifEditorUITests;
				PRODUCT_NAME = "$(TARGET_NAME)";
				SDKROOT = auto;
				SUPPORTED_PLATFORMS = "iphoneos iphonesimulator macosx xros xrsimulator";
				SWIFT_EMIT_LOC_STRINGS = NO;
				SWIFT_VERSION = 5.0;
				TARGETED_DEVICE_FAMILY = "1,2,7";
				TEST_TARGET_NAME = ExifEditor;
				XROS_DEPLOYMENT_TARGET = 2.1;
			};
			name = Debug;
		};
		60DFC85E2D7AA4E10036AA75 /* Release */ = {
			isa = XCBuildConfiguration;
			buildSettings = {
				CODE_SIGN_STYLE = Automatic;
				CURRENT_PROJECT_VERSION = 1;
				DEVELOPMENT_TEAM = F29WG8477A;
				GENERATE_INFOPLIST_FILE = YES;
				IPHONEOS_DEPLOYMENT_TARGET = 18.0;
				MACOSX_DEPLOYMENT_TARGET = 15.1;
				MARKETING_VERSION = 1.0;
				PRODUCT_BUNDLE_IDENTIFIER = com.tiger.suzhou.ExifEditorUITests;
				PRODUCT_NAME = "$(TARGET_NAME)";
				SDKROOT = auto;
				SUPPORTED_PLATFORMS = "iphoneos iphonesimulator macosx xros xrsimulator";
				SWIFT_EMIT_LOC_STRINGS = NO;
				SWIFT_VERSION = 5.0;
				TARGETED_DEVICE_FAMILY = "1,2,7";
				TEST_TARGET_NAME = ExifEditor;
				XROS_DEPLOYMENT_TARGET = 2.1;
			};
			name = Release;
		};
/* End XCBuildConfiguration section */

/* Begin XCConfigurationList section */
		60DFC7CE2D7A9F9A0036AA75 /* Build configuration list for PBXProject "ExifViewer" */ = {
			isa = XCConfigurationList;
			buildConfigurations = (
				60DFC7F62D7A9FA00036AA75 /* Debug */,
				60DFC7F72D7A9FA00036AA75 /* Release */,
			);
			defaultConfigurationIsVisible = 0;
			defaultConfigurationName = Release;
		};
		60DFC7F82D7A9FA00036AA75 /* Build configuration list for PBXNativeTarget "ExifViewer" */ = {
			isa = XCConfigurationList;
			buildConfigurations = (
				60DFC7F92D7A9FA00036AA75 /* Debug */,
				60DFC7FA2D7A9FA00036AA75 /* Release */,
			);
			defaultConfigurationIsVisible = 0;
			defaultConfigurationName = Release;
		};
		60DFC7FB2D7A9FA00036AA75 /* Build configuration list for PBXNativeTarget "ExifViewerTests" */ = {
			isa = XCConfigurationList;
			buildConfigurations = (
				60DFC7FC2D7A9FA00036AA75 /* Debug */,
				60DFC7FD2D7A9FA00036AA75 /* Release */,
			);
			defaultConfigurationIsVisible = 0;
			defaultConfigurationName = Release;
		};
		60DFC7FE2D7A9FA00036AA75 /* Build configuration list for PBXNativeTarget "ExifViewerUITests" */ = {
			isa = XCConfigurationList;
			buildConfigurations = (
				60DFC7FF2D7A9FA00036AA75 /* Debug */,
				60DFC8002D7A9FA00036AA75 /* Release */,
			);
			defaultConfigurationIsVisible = 0;
			defaultConfigurationName = Release;
		};
		60DFC8562D7AA4E10036AA75 /* Build configuration list for PBXNativeTarget "ExifEditor" */ = {
			isa = XCConfigurationList;
			buildConfigurations = (
				60DFC8572D7AA4E10036AA75 /* Debug */,
				60DFC8582D7AA4E10036AA75 /* Release */,
			);
			defaultConfigurationIsVisible = 0;
			defaultConfigurationName = Release;
		};
		60DFC8592D7AA4E10036AA75 /* Build configuration list for PBXNativeTarget "ExifEditorTests" */ = {
			isa = XCConfigurationList;
			buildConfigurations = (
				60DFC85A2D7AA4E10036AA75 /* Debug */,
				60DFC85B2D7AA4E10036AA75 /* Release */,
			);
			defaultConfigurationIsVisible = 0;
			defaultConfigurationName = Release;
		};
		60DFC85C2D7AA4E10036AA75 /* Build configuration list for PBXNativeTarget "ExifEditorUITests" */ = {
			isa = XCConfigurationList;
			buildConfigurations = (
				60DFC85D2D7AA4E10036AA75 /* Debug */,
				60DFC85E2D7AA4E10036AA75 /* Release */,
			);
			defaultConfigurationIsVisible = 0;
			defaultConfigurationName = Release;
		};
/* End XCConfigurationList section */

/* Begin XCSwiftPackageProductDependency section */
		603473682D7AC2AC002016EB /* HFoundation */ = {
			isa = XCSwiftPackageProductDependency;
			productName = HFoundation;
		};
		6034736A2D7AC2B6002016EB /* HFoundation */ = {
			isa = XCSwiftPackageProductDependency;
			productName = HFoundation;
		};
		60DFC8602D7AA5DD0036AA75 /* SharedExifPackage */ = {
			isa = XCSwiftPackageProductDependency;
			productName = SharedExifPackage;
		};
		60DFCDB12D7AA8000036AA75 /* SharedExifPackage */ = {
			isa = XCSwiftPackageProductDependency;
			productName = SharedExifPackage;
		};
/* End XCSwiftPackageProductDependency section */
	};
	rootObject = 60DFC7CB2D7A9F9A0036AA75 /* Project object */;
}
