// !$*UTF8*$!
{
	archiveVersion = 1;
	classes = {
	};
	objectVersion = 70;
	objects = {

/* Begin PBXBuildFile section */
		604E0B262B1F5D3E00C1C3D9 /* HMedia in Frameworks */ = {isa = PBXBuildFile; productRef = 604E0B252B1F5D3E00C1C3D9 /* HMedia */; };
		60A918782B02559700C7A19B /* HFoundation in Frameworks */ = {isa = PBXBuildFile; productRef = 60A918772B02559700C7A19B /* HFoundation */; };
		60BD2FBE2B00FF57003E76AB /* InfoPlist.xcstrings in Resources */ = {isa = PBXBuildFile; fileRef = 60BD2FBD2B00FF57003E76AB /* InfoPlist.xcstrings */; };
		60FC14952D903DF5006F614C /* UniformTypeIdentifiers.framework in Frameworks */ = {isa = PBXBuildFile; fileRef = 60FC14942D903DF5006F614C /* UniformTypeIdentifiers.framework */; };
		60FC14A12D903DF5006F614C /* exifRemoval.appex in Embed Foundation Extensions */ = {isa = PBXBuildFile; fileRef = 60FC14932D903DF5006F614C /* exifRemoval.appex */; settings = {ATTRIBUTES = (RemoveHeadersOnCopy, ); }; };
/* End PBXBuildFile section */

/* Begin PBXContainerItemProxy section */
		60709C4E29E2BB0200632011 /* PBXContainerItemProxy */ = {
			isa = PBXContainerItemProxy;
			containerPortal = 60709C3429E2BB0000632011 /* Project object */;
			proxyType = 1;
			remoteGlobalIDString = 60709C3B29E2BB0000632011;
			remoteInfo = Learn;
		};
		60709C5829E2BB0200632011 /* PBXContainerItemProxy */ = {
			isa = PBXContainerItemProxy;
			containerPortal = 60709C3429E2BB0000632011 /* Project object */;
			proxyType = 1;
			remoteGlobalIDString = 60709C3B29E2BB0000632011;
			remoteInfo = Learn;
		};
		60FC149F2D903DF5006F614C /* PBXContainerItemProxy */ = {
			isa = PBXContainerItemProxy;
			containerPortal = 60709C3429E2BB0000632011 /* Project object */;
			proxyType = 1;
			remoteGlobalIDString = 60FC14922D903DF5006F614C;
			remoteInfo = exifRemoval;
		};
/* End PBXContainerItemProxy section */

/* Begin PBXCopyFilesBuildPhase section */
		60FC14A22D903DF5006F614C /* Embed Foundation Extensions */ = {
			isa = PBXCopyFilesBuildPhase;
			buildActionMask = 2147483647;
			dstPath = "";
			dstSubfolderSpec = 13;
			files = (
				60FC14A12D903DF5006F614C /* exifRemoval.appex in Embed Foundation Extensions */,
			);
			name = "Embed Foundation Extensions";
			runOnlyForDeploymentPostprocessing = 0;
		};
/* End PBXCopyFilesBuildPhase section */

/* Begin PBXFileReference section */
		60709C3C29E2BB0000632011 /* Learn.app */ = {isa = PBXFileReference; explicitFileType = wrapper.application; includeInIndex = 0; path = Learn.app; sourceTree = BUILT_PRODUCTS_DIR; };
		60709C4D29E2BB0200632011 /* LearnTests.xctest */ = {isa = PBXFileReference; explicitFileType = wrapper.cfbundle; includeInIndex = 0; path = LearnTests.xctest; sourceTree = BUILT_PRODUCTS_DIR; };
		60709C5729E2BB0200632011 /* LearnUITests.xctest */ = {isa = PBXFileReference; explicitFileType = wrapper.cfbundle; includeInIndex = 0; path = LearnUITests.xctest; sourceTree = BUILT_PRODUCTS_DIR; };
		60BD2FBD2B00FF57003E76AB /* InfoPlist.xcstrings */ = {isa = PBXFileReference; lastKnownFileType = text.json.xcstrings; path = InfoPlist.xcstrings; sourceTree = "<group>"; };
		60FC14932D903DF5006F614C /* exifRemoval.appex */ = {isa = PBXFileReference; explicitFileType = "wrapper.app-extension"; includeInIndex = 0; path = exifRemoval.appex; sourceTree = BUILT_PRODUCTS_DIR; };
		60FC14942D903DF5006F614C /* UniformTypeIdentifiers.framework */ = {isa = PBXFileReference; lastKnownFileType = wrapper.framework; name = UniformTypeIdentifiers.framework; path = System/Library/Frameworks/UniformTypeIdentifiers.framework; sourceTree = SDKROOT; };
/* End PBXFileReference section */

/* Begin PBXFileSystemSynchronizedBuildFileExceptionSet section */
		60E2DDB52D45DCE40058DB39 /* PBXFileSystemSynchronizedBuildFileExceptionSet */ = {
			isa = PBXFileSystemSynchronizedBuildFileExceptionSet;
			membershipExceptions = (
				Info.plist,
			);
			target = 60709C3B29E2BB0000632011 /* Learn */;
		};
		60FC14A62D903DF5006F614C /* PBXFileSystemSynchronizedBuildFileExceptionSet */ = {
			isa = PBXFileSystemSynchronizedBuildFileExceptionSet;
			membershipExceptions = (
				Info.plist,
			);
			target = 60FC14922D903DF5006F614C /* exifRemoval */;
		};
/* End PBXFileSystemSynchronizedBuildFileExceptionSet section */

/* Begin PBXFileSystemSynchronizedRootGroup section */
		60F3DABD2CDDF00F00C05BFB /* Learn */ = {isa = PBXFileSystemSynchronizedRootGroup; exceptions = (60E2DDB52D45DCE40058DB39 /* PBXFileSystemSynchronizedBuildFileExceptionSet */, ); explicitFileTypes = {}; explicitFolders = (); path = Learn; sourceTree = "<group>"; };
		60F3DAEC2CDDF01B00C05BFB /* LearnTests */ = {isa = PBXFileSystemSynchronizedRootGroup; explicitFileTypes = {}; explicitFolders = (); path = LearnTests; sourceTree = "<group>"; };
		60F3DD442CDDF1DA00C05BFB /* LearnUITests */ = {isa = PBXFileSystemSynchronizedRootGroup; explicitFileTypes = {}; explicitFolders = (); path = LearnUITests; sourceTree = "<group>"; };
		60FC14962D903DF5006F614C /* exifRemoval */ = {isa = PBXFileSystemSynchronizedRootGroup; exceptions = (60FC14A62D903DF5006F614C /* PBXFileSystemSynchronizedBuildFileExceptionSet */, ); explicitFileTypes = {}; explicitFolders = (); path = exifRemoval; sourceTree = "<group>"; };
/* End PBXFileSystemSynchronizedRootGroup section */

/* Begin PBXFrameworksBuildPhase section */
		60709C3929E2BB0000632011 /* Frameworks */ = {
			isa = PBXFrameworksBuildPhase;
			buildActionMask = 2147483647;
			files = (
				604E0B262B1F5D3E00C1C3D9 /* HMedia in Frameworks */,
				60A918782B02559700C7A19B /* HFoundation in Frameworks */,
			);
			runOnlyForDeploymentPostprocessing = 0;
		};
		60709C4A29E2BB0200632011 /* Frameworks */ = {
			isa = PBXFrameworksBuildPhase;
			buildActionMask = 2147483647;
			files = (
			);
			runOnlyForDeploymentPostprocessing = 0;
		};
		60709C5429E2BB0200632011 /* Frameworks */ = {
			isa = PBXFrameworksBuildPhase;
			buildActionMask = 2147483647;
			files = (
			);
			runOnlyForDeploymentPostprocessing = 0;
		};
		60FC14902D903DF5006F614C /* Frameworks */ = {
			isa = PBXFrameworksBuildPhase;
			buildActionMask = 2147483647;
			files = (
				60FC14952D903DF5006F614C /* UniformTypeIdentifiers.framework in Frameworks */,
			);
			runOnlyForDeploymentPostprocessing = 0;
		};
/* End PBXFrameworksBuildPhase section */

/* Begin PBXGroup section */
		60709C3329E2BB0000632011 = {
			isa = PBXGroup;
			children = (
				60BD2FBD2B00FF57003E76AB /* InfoPlist.xcstrings */,
				60F3DABD2CDDF00F00C05BFB /* Learn */,
				60F3DAEC2CDDF01B00C05BFB /* LearnTests */,
				60F3DD442CDDF1DA00C05BFB /* LearnUITests */,
				60FC14962D903DF5006F614C /* exifRemoval */,
				60709C3D29E2BB0000632011 /* Products */,
				60A918762B02559700C7A19B /* Frameworks */,
			);
			sourceTree = "<group>";
		};
		60709C3D29E2BB0000632011 /* Products */ = {
			isa = PBXGroup;
			children = (
				60709C3C29E2BB0000632011 /* Learn.app */,
				60709C4D29E2BB0200632011 /* LearnTests.xctest */,
				60709C5729E2BB0200632011 /* LearnUITests.xctest */,
				60FC14932D903DF5006F614C /* exifRemoval.appex */,
			);
			name = Products;
			sourceTree = "<group>";
		};
		60A918762B02559700C7A19B /* Frameworks */ = {
			isa = PBXGroup;
			children = (
				60FC14942D903DF5006F614C /* UniformTypeIdentifiers.framework */,
			);
			name = Frameworks;
			sourceTree = "<group>";
		};
/* End PBXGroup section */

/* Begin PBXNativeTarget section */
		60709C3B29E2BB0000632011 /* Learn */ = {
			isa = PBXNativeTarget;
			buildConfigurationList = 60709C6129E2BB0200632011 /* Build configuration list for PBXNativeTarget "Learn" */;
			buildPhases = (
				60709C3829E2BB0000632011 /* Sources */,
				60709C3929E2BB0000632011 /* Frameworks */,
				60709C3A29E2BB0000632011 /* Resources */,
				60FC14A22D903DF5006F614C /* Embed Foundation Extensions */,
			);
			buildRules = (
			);
			dependencies = (
				60FC14A02D903DF5006F614C /* PBXTargetDependency */,
			);
			fileSystemSynchronizedGroups = (
				60F3DABD2CDDF00F00C05BFB /* Learn */,
			);
			name = Learn;
			packageProductDependencies = (
				60A918772B02559700C7A19B /* HFoundation */,
				604E0B252B1F5D3E00C1C3D9 /* HMedia */,
			);
			productName = Learn;
			productReference = 60709C3C29E2BB0000632011 /* Learn.app */;
			productType = "com.apple.product-type.application";
		};
		60709C4C29E2BB0200632011 /* LearnTests */ = {
			isa = PBXNativeTarget;
			buildConfigurationList = 60709C6429E2BB0200632011 /* Build configuration list for PBXNativeTarget "LearnTests" */;
			buildPhases = (
				60709C4929E2BB0200632011 /* Sources */,
				60709C4A29E2BB0200632011 /* Frameworks */,
				60709C4B29E2BB0200632011 /* Resources */,
			);
			buildRules = (
			);
			dependencies = (
				60709C4F29E2BB0200632011 /* PBXTargetDependency */,
			);
			fileSystemSynchronizedGroups = (
				60F3DAEC2CDDF01B00C05BFB /* LearnTests */,
			);
			name = LearnTests;
			productName = LearnTests;
			productReference = 60709C4D29E2BB0200632011 /* LearnTests.xctest */;
			productType = "com.apple.product-type.bundle.unit-test";
		};
		60709C5629E2BB0200632011 /* LearnUITests */ = {
			isa = PBXNativeTarget;
			buildConfigurationList = 60709C6729E2BB0200632011 /* Build configuration list for PBXNativeTarget "LearnUITests" */;
			buildPhases = (
				60709C5329E2BB0200632011 /* Sources */,
				60709C5429E2BB0200632011 /* Frameworks */,
				60709C5529E2BB0200632011 /* Resources */,
			);
			buildRules = (
			);
			dependencies = (
				60709C5929E2BB0200632011 /* PBXTargetDependency */,
			);
			fileSystemSynchronizedGroups = (
				60F3DD442CDDF1DA00C05BFB /* LearnUITests */,
			);
			name = LearnUITests;
			productName = LearnUITests;
			productReference = 60709C5729E2BB0200632011 /* LearnUITests.xctest */;
			productType = "com.apple.product-type.bundle.ui-testing";
		};
		60FC14922D903DF5006F614C /* exifRemoval */ = {
			isa = PBXNativeTarget;
			buildConfigurationList = 60FC14A52D903DF5006F614C /* Build configuration list for PBXNativeTarget "exifRemoval" */;
			buildPhases = (
				60FC148F2D903DF5006F614C /* Sources */,
				60FC14902D903DF5006F614C /* Frameworks */,
				60FC14912D903DF5006F614C /* Resources */,
			);
			buildRules = (
			);
			dependencies = (
			);
			fileSystemSynchronizedGroups = (
				60FC14962D903DF5006F614C /* exifRemoval */,
			);
			name = exifRemoval;
			packageProductDependencies = (
			);
			productName = exifRemoval;
			productReference = 60FC14932D903DF5006F614C /* exifRemoval.appex */;
			productType = "com.apple.product-type.app-extension";
		};
/* End PBXNativeTarget section */

/* Begin PBXProject section */
		60709C3429E2BB0000632011 /* Project object */ = {
			isa = PBXProject;
			attributes = {
				BuildIndependentTargetsInParallel = 1;
				LastSwiftUpdateCheck = 1610;
				LastUpgradeCheck = 1610;
				TargetAttributes = {
					60709C3B29E2BB0000632011 = {
						CreatedOnToolsVersion = 14.2;
					};
					60709C4C29E2BB0200632011 = {
						CreatedOnToolsVersion = 14.2;
						LastSwiftMigration = 1420;
						TestTargetID = 60709C3B29E2BB0000632011;
					};
					60709C5629E2BB0200632011 = {
						CreatedOnToolsVersion = 14.2;
						TestTargetID = 60709C3B29E2BB0000632011;
					};
					60FC14922D903DF5006F614C = {
						CreatedOnToolsVersion = 16.1;
					};
				};
			};
			buildConfigurationList = 60709C3729E2BB0000632011 /* Build configuration list for PBXProject "Learn" */;
			compatibilityVersion = "Xcode 14.0";
			developmentRegion = en;
			hasScannedForEncodings = 0;
			knownRegions = (
				en,
				Base,
				"zh-Hans",
			);
			mainGroup = 60709C3329E2BB0000632011;
			productRefGroup = 60709C3D29E2BB0000632011 /* Products */;
			projectDirPath = "";
			projectRoot = "";
			targets = (
				60709C3B29E2BB0000632011 /* Learn */,
				60709C4C29E2BB0200632011 /* LearnTests */,
				60709C5629E2BB0200632011 /* LearnUITests */,
				60FC14922D903DF5006F614C /* exifRemoval */,
			);
		};
/* End PBXProject section */

/* Begin PBXResourcesBuildPhase section */
		60709C3A29E2BB0000632011 /* Resources */ = {
			isa = PBXResourcesBuildPhase;
			buildActionMask = 2147483647;
			files = (
				60BD2FBE2B00FF57003E76AB /* InfoPlist.xcstrings in Resources */,
			);
			runOnlyForDeploymentPostprocessing = 0;
		};
		60709C4B29E2BB0200632011 /* Resources */ = {
			isa = PBXResourcesBuildPhase;
			buildActionMask = 2147483647;
			files = (
			);
			runOnlyForDeploymentPostprocessing = 0;
		};
		60709C5529E2BB0200632011 /* Resources */ = {
			isa = PBXResourcesBuildPhase;
			buildActionMask = 2147483647;
			files = (
			);
			runOnlyForDeploymentPostprocessing = 0;
		};
		60FC14912D903DF5006F614C /* Resources */ = {
			isa = PBXResourcesBuildPhase;
			buildActionMask = 2147483647;
			files = (
			);
			runOnlyForDeploymentPostprocessing = 0;
		};
/* End PBXResourcesBuildPhase section */

/* Begin PBXSourcesBuildPhase section */
		60709C3829E2BB0000632011 /* Sources */ = {
			isa = PBXSourcesBuildPhase;
			buildActionMask = 2147483647;
			files = (
			);
			runOnlyForDeploymentPostprocessing = 0;
		};
		60709C4929E2BB0200632011 /* Sources */ = {
			isa = PBXSourcesBuildPhase;
			buildActionMask = 2147483647;
			files = (
			);
			runOnlyForDeploymentPostprocessing = 0;
		};
		60709C5329E2BB0200632011 /* Sources */ = {
			isa = PBXSourcesBuildPhase;
			buildActionMask = 2147483647;
			files = (
			);
			runOnlyForDeploymentPostprocessing = 0;
		};
		60FC148F2D903DF5006F614C /* Sources */ = {
			isa = PBXSourcesBuildPhase;
			buildActionMask = 2147483647;
			files = (
			);
			runOnlyForDeploymentPostprocessing = 0;
		};
/* End PBXSourcesBuildPhase section */

/* Begin PBXTargetDependency section */
		60709C4F29E2BB0200632011 /* PBXTargetDependency */ = {
			isa = PBXTargetDependency;
			target = 60709C3B29E2BB0000632011 /* Learn */;
			targetProxy = 60709C4E29E2BB0200632011 /* PBXContainerItemProxy */;
		};
		60709C5929E2BB0200632011 /* PBXTargetDependency */ = {
			isa = PBXTargetDependency;
			target = 60709C3B29E2BB0000632011 /* Learn */;
			targetProxy = 60709C5829E2BB0200632011 /* PBXContainerItemProxy */;
		};
		60FC14A02D903DF5006F614C /* PBXTargetDependency */ = {
			isa = PBXTargetDependency;
			target = 60FC14922D903DF5006F614C /* exifRemoval */;
			targetProxy = 60FC149F2D903DF5006F614C /* PBXContainerItemProxy */;
		};
/* End PBXTargetDependency section */

/* Begin XCBuildConfiguration section */
		60709C5F29E2BB0200632011 /* Debug */ = {
			isa = XCBuildConfiguration;
			buildSettings = {
				ALWAYS_SEARCH_USER_PATHS = NO;
				ASSETCATALOG_COMPILER_GENERATE_SWIFT_ASSET_SYMBOL_EXTENSIONS = YES;
				CLANG_ANALYZER_LOCALIZABILITY_NONLOCALIZED = YES;
				CLANG_ANALYZER_NONNULL = YES;
				CLANG_ANALYZER_NUMBER_OBJECT_CONVERSION = YES_AGGRESSIVE;
				CLANG_CXX_LANGUAGE_STANDARD = "gnu++20";
				CLANG_ENABLE_MODULES = YES;
				CLANG_ENABLE_OBJC_ARC = YES;
				CLANG_ENABLE_OBJC_WEAK = YES;
				CLANG_WARN_BLOCK_CAPTURE_AUTORELEASING = YES;
				CLANG_WARN_BOOL_CONVERSION = YES;
				CLANG_WARN_COMMA = YES;
				CLANG_WARN_CONSTANT_CONVERSION = YES;
				CLANG_WARN_DEPRECATED_OBJC_IMPLEMENTATIONS = YES;
				CLANG_WARN_DIRECT_OBJC_ISA_USAGE = YES_ERROR;
				CLANG_WARN_DOCUMENTATION_COMMENTS = YES;
				CLANG_WARN_EMPTY_BODY = YES;
				CLANG_WARN_ENUM_CONVERSION = YES;
				CLANG_WARN_INFINITE_RECURSION = YES;
				CLANG_WARN_INT_CONVERSION = YES;
				CLANG_WARN_NON_LITERAL_NULL_CONVERSION = YES;
				CLANG_WARN_OBJC_IMPLICIT_RETAIN_SELF = YES;
				CLANG_WARN_OBJC_LITERAL_CONVERSION = YES;
				CLANG_WARN_OBJC_ROOT_CLASS = YES_ERROR;
				CLANG_WARN_QUOTED_INCLUDE_IN_FRAMEWORK_HEADER = YES;
				CLANG_WARN_RANGE_LOOP_ANALYSIS = YES;
				CLANG_WARN_STRICT_PROTOTYPES = YES;
				CLANG_WARN_SUSPICIOUS_MOVE = YES;
				CLANG_WARN_UNGUARDED_AVAILABILITY = YES_AGGRESSIVE;
				CLANG_WARN_UNREACHABLE_CODE = YES;
				CLANG_WARN__DUPLICATE_METHOD_MATCH = YES;
				COPY_PHASE_STRIP = NO;
				DEAD_CODE_STRIPPING = YES;
				DEBUG_INFORMATION_FORMAT = dwarf;
				ENABLE_STRICT_OBJC_MSGSEND = YES;
				ENABLE_TESTABILITY = YES;
				ENABLE_USER_SCRIPT_SANDBOXING = YES;
				GCC_C_LANGUAGE_STANDARD = gnu11;
				GCC_DYNAMIC_NO_PIC = NO;
				GCC_NO_COMMON_BLOCKS = YES;
				GCC_OPTIMIZATION_LEVEL = 0;
				GCC_PREPROCESSOR_DEFINITIONS = (
					"DEBUG=1",
					"$(inherited)",
				);
				GCC_WARN_64_TO_32_BIT_CONVERSION = YES;
				GCC_WARN_ABOUT_RETURN_TYPE = YES_ERROR;
				GCC_WARN_UNDECLARED_SELECTOR = YES;
				GCC_WARN_UNINITIALIZED_AUTOS = YES_AGGRESSIVE;
				GCC_WARN_UNUSED_FUNCTION = YES;
				GCC_WARN_UNUSED_VARIABLE = YES;
				MTL_ENABLE_DEBUG_INFO = INCLUDE_SOURCE;
				MTL_FAST_MATH = YES;
				ONLY_ACTIVE_ARCH = YES;
				SWIFT_ACTIVE_COMPILATION_CONDITIONS = DEBUG;
				SWIFT_OPTIMIZATION_LEVEL = "-Onone";
			};
			name = Debug;
		};
		60709C6029E2BB0200632011 /* Release */ = {
			isa = XCBuildConfiguration;
			buildSettings = {
				ALWAYS_SEARCH_USER_PATHS = NO;
				ASSETCATALOG_COMPILER_GENERATE_SWIFT_ASSET_SYMBOL_EXTENSIONS = YES;
				CLANG_ANALYZER_LOCALIZABILITY_NONLOCALIZED = YES;
				CLANG_ANALYZER_NONNULL = YES;
				CLANG_ANALYZER_NUMBER_OBJECT_CONVERSION = YES_AGGRESSIVE;
				CLANG_CXX_LANGUAGE_STANDARD = "gnu++20";
				CLANG_ENABLE_MODULES = YES;
				CLANG_ENABLE_OBJC_ARC = YES;
				CLANG_ENABLE_OBJC_WEAK = YES;
				CLANG_WARN_BLOCK_CAPTURE_AUTORELEASING = YES;
				CLANG_WARN_BOOL_CONVERSION = YES;
				CLANG_WARN_COMMA = YES;
				CLANG_WARN_CONSTANT_CONVERSION = YES;
				CLANG_WARN_DEPRECATED_OBJC_IMPLEMENTATIONS = YES;
				CLANG_WARN_DIRECT_OBJC_ISA_USAGE = YES_ERROR;
				CLANG_WARN_DOCUMENTATION_COMMENTS = YES;
				CLANG_WARN_EMPTY_BODY = YES;
				CLANG_WARN_ENUM_CONVERSION = YES;
				CLANG_WARN_INFINITE_RECURSION = YES;
				CLANG_WARN_INT_CONVERSION = YES;
				CLANG_WARN_NON_LITERAL_NULL_CONVERSION = YES;
				CLANG_WARN_OBJC_IMPLICIT_RETAIN_SELF = YES;
				CLANG_WARN_OBJC_LITERAL_CONVERSION = YES;
				CLANG_WARN_OBJC_ROOT_CLASS = YES_ERROR;
				CLANG_WARN_QUOTED_INCLUDE_IN_FRAMEWORK_HEADER = YES;
				CLANG_WARN_RANGE_LOOP_ANALYSIS = YES;
				CLANG_WARN_STRICT_PROTOTYPES = YES;
				CLANG_WARN_SUSPICIOUS_MOVE = YES;
				CLANG_WARN_UNGUARDED_AVAILABILITY = YES_AGGRESSIVE;
				CLANG_WARN_UNREACHABLE_CODE = YES;
				CLANG_WARN__DUPLICATE_METHOD_MATCH = YES;
				COPY_PHASE_STRIP = NO;
				DEAD_CODE_STRIPPING = YES;
				DEBUG_INFORMATION_FORMAT = "dwarf-with-dsym";
				ENABLE_NS_ASSERTIONS = NO;
				ENABLE_STRICT_OBJC_MSGSEND = YES;
				ENABLE_USER_SCRIPT_SANDBOXING = YES;
				GCC_C_LANGUAGE_STANDARD = gnu11;
				GCC_NO_COMMON_BLOCKS = YES;
				GCC_WARN_64_TO_32_BIT_CONVERSION = YES;
				GCC_WARN_ABOUT_RETURN_TYPE = YES_ERROR;
				GCC_WARN_UNDECLARED_SELECTOR = YES;
				GCC_WARN_UNINITIALIZED_AUTOS = YES_AGGRESSIVE;
				GCC_WARN_UNUSED_FUNCTION = YES;
				GCC_WARN_UNUSED_VARIABLE = YES;
				MTL_ENABLE_DEBUG_INFO = NO;
				MTL_FAST_MATH = YES;
				SWIFT_COMPILATION_MODE = wholemodule;
				SWIFT_OPTIMIZATION_LEVEL = "-O";
			};
			name = Release;
		};
		60709C6229E2BB0200632011 /* Debug */ = {
			isa = XCBuildConfiguration;
			buildSettings = {
				ASSETCATALOG_COMPILER_APPICON_NAME = AppIcon;
				ASSETCATALOG_COMPILER_GLOBAL_ACCENT_COLOR_NAME = AccentColor;
				CODE_SIGN_ENTITLEMENTS = Learn/Learn.entitlements;
				CODE_SIGN_STYLE = Automatic;
				CURRENT_PROJECT_VERSION = 1;
				DEAD_CODE_STRIPPING = YES;
				DEVELOPMENT_ASSET_PATHS = "\"Learn/Preview Content\"";
				DEVELOPMENT_TEAM = F29WG8477A;
				ENABLE_PREVIEWS = YES;
				GENERATE_INFOPLIST_FILE = YES;
				INFOPLIST_FILE = Learn/Info.plist;
				"INFOPLIST_KEY_UIApplicationSceneManifest_Generation[sdk=iphoneos*]" = YES;
				"INFOPLIST_KEY_UIApplicationSceneManifest_Generation[sdk=iphonesimulator*]" = YES;
				"INFOPLIST_KEY_UIApplicationSupportsIndirectInputEvents[sdk=iphoneos*]" = YES;
				"INFOPLIST_KEY_UIApplicationSupportsIndirectInputEvents[sdk=iphonesimulator*]" = YES;
				"INFOPLIST_KEY_UILaunchScreen_Generation[sdk=iphoneos*]" = YES;
				"INFOPLIST_KEY_UILaunchScreen_Generation[sdk=iphonesimulator*]" = YES;
				"INFOPLIST_KEY_UIStatusBarStyle[sdk=iphoneos*]" = UIStatusBarStyleDefault;
				"INFOPLIST_KEY_UIStatusBarStyle[sdk=iphonesimulator*]" = UIStatusBarStyleDefault;
				INFOPLIST_KEY_UISupportedInterfaceOrientations_iPad = "UIInterfaceOrientationPortrait UIInterfaceOrientationPortraitUpsideDown UIInterfaceOrientationLandscapeLeft UIInterfaceOrientationLandscapeRight";
				INFOPLIST_KEY_UISupportedInterfaceOrientations_iPhone = "UIInterfaceOrientationPortrait UIInterfaceOrientationLandscapeLeft UIInterfaceOrientationLandscapeRight";
				IPHONEOS_DEPLOYMENT_TARGET = 18.0;
				LD_RUNPATH_SEARCH_PATHS = "@executable_path/Frameworks";
				"LD_RUNPATH_SEARCH_PATHS[sdk=macosx*]" = "@executable_path/../Frameworks";
				MACOSX_DEPLOYMENT_TARGET = 13.1;
				MARKETING_VERSION = 1.0;
				PRODUCT_BUNDLE_IDENTIFIER = com.tiger.suzhou.Learn;
				PRODUCT_NAME = "$(TARGET_NAME)";
				SDKROOT = auto;
				SUPPORTED_PLATFORMS = "iphoneos iphonesimulator macosx";
				SWIFT_EMIT_LOC_STRINGS = YES;
				SWIFT_VERSION = 5.0;
				TARGETED_DEVICE_FAMILY = "1,2";
			};
			name = Debug;
		};
		60709C6329E2BB0200632011 /* Release */ = {
			isa = XCBuildConfiguration;
			buildSettings = {
				ASSETCATALOG_COMPILER_APPICON_NAME = AppIcon;
				ASSETCATALOG_COMPILER_GLOBAL_ACCENT_COLOR_NAME = AccentColor;
				CODE_SIGN_ENTITLEMENTS = Learn/Learn.entitlements;
				CODE_SIGN_STYLE = Automatic;
				CURRENT_PROJECT_VERSION = 1;
				DEAD_CODE_STRIPPING = YES;
				DEVELOPMENT_ASSET_PATHS = "\"Learn/Preview Content\"";
				DEVELOPMENT_TEAM = F29WG8477A;
				ENABLE_PREVIEWS = YES;
				GENERATE_INFOPLIST_FILE = YES;
				INFOPLIST_FILE = Learn/Info.plist;
				"INFOPLIST_KEY_UIApplicationSceneManifest_Generation[sdk=iphoneos*]" = YES;
				"INFOPLIST_KEY_UIApplicationSceneManifest_Generation[sdk=iphonesimulator*]" = YES;
				"INFOPLIST_KEY_UIApplicationSupportsIndirectInputEvents[sdk=iphoneos*]" = YES;
				"INFOPLIST_KEY_UIApplicationSupportsIndirectInputEvents[sdk=iphonesimulator*]" = YES;
				"INFOPLIST_KEY_UILaunchScreen_Generation[sdk=iphoneos*]" = YES;
				"INFOPLIST_KEY_UILaunchScreen_Generation[sdk=iphonesimulator*]" = YES;
				"INFOPLIST_KEY_UIStatusBarStyle[sdk=iphoneos*]" = UIStatusBarStyleDefault;
				"INFOPLIST_KEY_UIStatusBarStyle[sdk=iphonesimulator*]" = UIStatusBarStyleDefault;
				INFOPLIST_KEY_UISupportedInterfaceOrientations_iPad = "UIInterfaceOrientationPortrait UIInterfaceOrientationPortraitUpsideDown UIInterfaceOrientationLandscapeLeft UIInterfaceOrientationLandscapeRight";
				INFOPLIST_KEY_UISupportedInterfaceOrientations_iPhone = "UIInterfaceOrientationPortrait UIInterfaceOrientationLandscapeLeft UIInterfaceOrientationLandscapeRight";
				IPHONEOS_DEPLOYMENT_TARGET = 18.0;
				LD_RUNPATH_SEARCH_PATHS = "@executable_path/Frameworks";
				"LD_RUNPATH_SEARCH_PATHS[sdk=macosx*]" = "@executable_path/../Frameworks";
				MACOSX_DEPLOYMENT_TARGET = 13.1;
				MARKETING_VERSION = 1.0;
				PRODUCT_BUNDLE_IDENTIFIER = com.tiger.suzhou.Learn;
				PRODUCT_NAME = "$(TARGET_NAME)";
				SDKROOT = auto;
				SUPPORTED_PLATFORMS = "iphoneos iphonesimulator macosx";
				SWIFT_EMIT_LOC_STRINGS = YES;
				SWIFT_VERSION = 5.0;
				TARGETED_DEVICE_FAMILY = "1,2";
			};
			name = Release;
		};
		60709C6529E2BB0200632011 /* Debug */ = {
			isa = XCBuildConfiguration;
			buildSettings = {
				BUNDLE_LOADER = "$(TEST_HOST)";
				CLANG_ENABLE_MODULES = YES;
				CODE_SIGN_STYLE = Automatic;
				CURRENT_PROJECT_VERSION = 1;
				DEAD_CODE_STRIPPING = YES;
				GENERATE_INFOPLIST_FILE = YES;
				IPHONEOS_DEPLOYMENT_TARGET = 17.0;
				LD_RUNPATH_SEARCH_PATHS = (
					"$(inherited)",
					"@executable_path/Frameworks",
					"@loader_path/Frameworks",
				);
				MACOSX_DEPLOYMENT_TARGET = 13.1;
				MARKETING_VERSION = 1.0;
				PRODUCT_BUNDLE_IDENTIFIER = com.tiger.suzhou.LearnTests;
				PRODUCT_NAME = "$(TARGET_NAME)";
				SDKROOT = auto;
				SUPPORTED_PLATFORMS = "iphoneos iphonesimulator macosx";
				SWIFT_EMIT_LOC_STRINGS = NO;
				SWIFT_OBJC_BRIDGING_HEADER = "LearnTests/Swift/Protocol/LearnTests-Bridging-Header.h";
				SWIFT_OPTIMIZATION_LEVEL = "-Onone";
				SWIFT_VERSION = 5.0;
				TARGETED_DEVICE_FAMILY = "1,2";
				TEST_HOST = "$(BUILT_PRODUCTS_DIR)/Learn.app/$(BUNDLE_EXECUTABLE_FOLDER_PATH)/Learn";
			};
			name = Debug;
		};
		60709C6629E2BB0200632011 /* Release */ = {
			isa = XCBuildConfiguration;
			buildSettings = {
				BUNDLE_LOADER = "$(TEST_HOST)";
				CLANG_ENABLE_MODULES = YES;
				CODE_SIGN_STYLE = Automatic;
				CURRENT_PROJECT_VERSION = 1;
				DEAD_CODE_STRIPPING = YES;
				GENERATE_INFOPLIST_FILE = YES;
				IPHONEOS_DEPLOYMENT_TARGET = 17.0;
				LD_RUNPATH_SEARCH_PATHS = (
					"$(inherited)",
					"@executable_path/Frameworks",
					"@loader_path/Frameworks",
				);
				MACOSX_DEPLOYMENT_TARGET = 13.1;
				MARKETING_VERSION = 1.0;
				PRODUCT_BUNDLE_IDENTIFIER = com.tiger.suzhou.LearnTests;
				PRODUCT_NAME = "$(TARGET_NAME)";
				SDKROOT = auto;
				SUPPORTED_PLATFORMS = "iphoneos iphonesimulator macosx";
				SWIFT_EMIT_LOC_STRINGS = NO;
				SWIFT_OBJC_BRIDGING_HEADER = "LearnTests/Swift/Protocol/LearnTests-Bridging-Header.h";
				SWIFT_VERSION = 5.0;
				TARGETED_DEVICE_FAMILY = "1,2";
				TEST_HOST = "$(BUILT_PRODUCTS_DIR)/Learn.app/$(BUNDLE_EXECUTABLE_FOLDER_PATH)/Learn";
			};
			name = Release;
		};
		60709C6829E2BB0200632011 /* Debug */ = {
			isa = XCBuildConfiguration;
			buildSettings = {
				CODE_SIGN_STYLE = Automatic;
				CURRENT_PROJECT_VERSION = 1;
				DEAD_CODE_STRIPPING = YES;
				GENERATE_INFOPLIST_FILE = YES;
				IPHONEOS_DEPLOYMENT_TARGET = 17.0;
				MACOSX_DEPLOYMENT_TARGET = 13.1;
				MARKETING_VERSION = 1.0;
				PRODUCT_BUNDLE_IDENTIFIER = com.tiger.suzhou.LearnUITests;
				PRODUCT_NAME = "$(TARGET_NAME)";
				SDKROOT = auto;
				SUPPORTED_PLATFORMS = "iphoneos iphonesimulator macosx";
				SWIFT_EMIT_LOC_STRINGS = NO;
				SWIFT_VERSION = 5.0;
				TARGETED_DEVICE_FAMILY = "1,2";
				TEST_TARGET_NAME = Learn;
			};
			name = Debug;
		};
		60709C6929E2BB0200632011 /* Release */ = {
			isa = XCBuildConfiguration;
			buildSettings = {
				CODE_SIGN_STYLE = Automatic;
				CURRENT_PROJECT_VERSION = 1;
				DEAD_CODE_STRIPPING = YES;
				GENERATE_INFOPLIST_FILE = YES;
				IPHONEOS_DEPLOYMENT_TARGET = 17.0;
				MACOSX_DEPLOYMENT_TARGET = 13.1;
				MARKETING_VERSION = 1.0;
				PRODUCT_BUNDLE_IDENTIFIER = com.tiger.suzhou.LearnUITests;
				PRODUCT_NAME = "$(TARGET_NAME)";
				SDKROOT = auto;
				SUPPORTED_PLATFORMS = "iphoneos iphonesimulator macosx";
				SWIFT_EMIT_LOC_STRINGS = NO;
				SWIFT_VERSION = 5.0;
				TARGETED_DEVICE_FAMILY = "1,2";
				TEST_TARGET_NAME = Learn;
			};
			name = Release;
		};
		60FC14A32D903DF5006F614C /* Debug */ = {
			isa = XCBuildConfiguration;
			buildSettings = {
				CODE_SIGN_STYLE = Automatic;
				CURRENT_PROJECT_VERSION = 1;
				DEVELOPMENT_TEAM = F29WG8477A;
				GCC_C_LANGUAGE_STANDARD = gnu17;
				GENERATE_INFOPLIST_FILE = YES;
				INFOPLIST_FILE = exifRemoval/Info.plist;
				INFOPLIST_KEY_CFBundleDisplayName = exifRemoval;
				INFOPLIST_KEY_NSHumanReadableCopyright = "";
				IPHONEOS_DEPLOYMENT_TARGET = 17.6;
				LD_RUNPATH_SEARCH_PATHS = (
					"$(inherited)",
					"@executable_path/Frameworks",
					"@executable_path/../../Frameworks",
				);
				LOCALIZATION_PREFERS_STRING_CATALOGS = YES;
				MARKETING_VERSION = 1.0;
				PRODUCT_BUNDLE_IDENTIFIER = com.tiger.suzhou.Learn.exifRemoval;
				PRODUCT_NAME = "$(TARGET_NAME)";
				SDKROOT = iphoneos;
				SKIP_INSTALL = YES;
				SWIFT_ACTIVE_COMPILATION_CONDITIONS = "DEBUG $(inherited)";
				SWIFT_EMIT_LOC_STRINGS = YES;
				SWIFT_VERSION = 5.0;
				TARGETED_DEVICE_FAMILY = "1,2";
			};
			name = Debug;
		};
		60FC14A42D903DF5006F614C /* Release */ = {
			isa = XCBuildConfiguration;
			buildSettings = {
				CODE_SIGN_STYLE = Automatic;
				CURRENT_PROJECT_VERSION = 1;
				DEVELOPMENT_TEAM = F29WG8477A;
				GCC_C_LANGUAGE_STANDARD = gnu17;
				GENERATE_INFOPLIST_FILE = YES;
				INFOPLIST_FILE = exifRemoval/Info.plist;
				INFOPLIST_KEY_CFBundleDisplayName = exifRemoval;
				INFOPLIST_KEY_NSHumanReadableCopyright = "";
				IPHONEOS_DEPLOYMENT_TARGET = 17.6;
				LD_RUNPATH_SEARCH_PATHS = (
					"$(inherited)",
					"@executable_path/Frameworks",
					"@executable_path/../../Frameworks",
				);
				LOCALIZATION_PREFERS_STRING_CATALOGS = YES;
				MARKETING_VERSION = 1.0;
				PRODUCT_BUNDLE_IDENTIFIER = com.tiger.suzhou.Learn.exifRemoval;
				PRODUCT_NAME = "$(TARGET_NAME)";
				SDKROOT = iphoneos;
				SKIP_INSTALL = YES;
				SWIFT_EMIT_LOC_STRINGS = YES;
				SWIFT_VERSION = 5.0;
				TARGETED_DEVICE_FAMILY = "1,2";
				VALIDATE_PRODUCT = YES;
			};
			name = Release;
		};
/* End XCBuildConfiguration section */

/* Begin XCConfigurationList section */
		60709C3729E2BB0000632011 /* Build configuration list for PBXProject "Learn" */ = {
			isa = XCConfigurationList;
			buildConfigurations = (
				60709C5F29E2BB0200632011 /* Debug */,
				60709C6029E2BB0200632011 /* Release */,
			);
			defaultConfigurationIsVisible = 0;
			defaultConfigurationName = Release;
		};
		60709C6129E2BB0200632011 /* Build configuration list for PBXNativeTarget "Learn" */ = {
			isa = XCConfigurationList;
			buildConfigurations = (
				60709C6229E2BB0200632011 /* Debug */,
				60709C6329E2BB0200632011 /* Release */,
			);
			defaultConfigurationIsVisible = 0;
			defaultConfigurationName = Release;
		};
		60709C6429E2BB0200632011 /* Build configuration list for PBXNativeTarget "LearnTests" */ = {
			isa = XCConfigurationList;
			buildConfigurations = (
				60709C6529E2BB0200632011 /* Debug */,
				60709C6629E2BB0200632011 /* Release */,
			);
			defaultConfigurationIsVisible = 0;
			defaultConfigurationName = Release;
		};
		60709C6729E2BB0200632011 /* Build configuration list for PBXNativeTarget "LearnUITests" */ = {
			isa = XCConfigurationList;
			buildConfigurations = (
				60709C6829E2BB0200632011 /* Debug */,
				60709C6929E2BB0200632011 /* Release */,
			);
			defaultConfigurationIsVisible = 0;
			defaultConfigurationName = Release;
		};
		60FC14A52D903DF5006F614C /* Build configuration list for PBXNativeTarget "exifRemoval" */ = {
			isa = XCConfigurationList;
			buildConfigurations = (
				60FC14A32D903DF5006F614C /* Debug */,
				60FC14A42D903DF5006F614C /* Release */,
			);
			defaultConfigurationIsVisible = 0;
			defaultConfigurationName = Release;
		};
/* End XCConfigurationList section */

/* Begin XCSwiftPackageProductDependency section */
		604E0B252B1F5D3E00C1C3D9 /* HMedia */ = {
			isa = XCSwiftPackageProductDependency;
			productName = HMedia;
		};
		60A918772B02559700C7A19B /* HFoundation */ = {
			isa = XCSwiftPackageProductDependency;
			productName = HFoundation;
		};
/* End XCSwiftPackageProductDependency section */
	};
	rootObject = 60709C3429E2BB0000632011 /* Project object */;
}
